Microsoft Visual Studio Solution File, Format Version 9.00
# Visual Studio 2005
Project("{8BC9CEB8-8B4A-11D0-8D11-00A0C91BC942}") = "GFxExport", "GFxExport.vcproj", "{4039BFD5-8E28-4D81-87B2-FF39506C1B8A}"
EndProject
Global
	GlobalSection(SolutionConfigurationPlatforms) = preSolution
		Debug Static|Win32 = Debug Static|Win32
		Debug|Win32 = Debug|Win32
		Release Static|Win32 = Release Static|Win32
		Release|Win32 = Release|Win32
	EndGlobalSection
	GlobalSection(ProjectConfigurationPlatforms) = postSolution
		{4039BFD5-8E28-4D81-87B2-FF39506C1B8A}.Debug Static|Win32.ActiveCfg = Debug Static|Win32
		{4039BFD5-8E28-4D81-87B2-FF39506C1B8A}.Debug Static|Win32.Build.0 = Debug Static|Win32
		{4039BFD5-8E28-4D81-87B2-FF39506C1B8A}.Debug|Win32.ActiveCfg = Debug|Win32
		{4039BFD5-8E28-4D81-87B2-FF39506C1B8A}.Debug|Win32.Build.0 = Debug|Win32
		{4039BFD5-8E28-4D81-87B2-FF39506C1B8A}.Release Static|Win32.ActiveCfg = Release Static|Win32
		{4039BFD5-8E28-4D81-87B2-FF39506C1B8A}.Release Static|Win32.Build.0 = Release Static|Win32
		{4039BFD5-8E28-4D81-87B2-FF39506C1B8A}.Release|Win32.ActiveCfg = Release|Win32
		{4039BFD5-8E28-4D81-87B2-FF39506C1B8A}.Release|Win32.Build.0 = Release|Win32
	EndGlobalSection
	GlobalSection(SolutionProperties) = preSolution
		HideSolutionNode = FALSE
	EndGlobalSection
EndGlobal
