Microsoft Visual Studio Solution File, Format Version 9.00
# Visual Studio 2005
Project("{8BC9CEB8-8B4A-11D0-8D11-00A0C91BC942}") = "GFx", "GFx\GFx.vcproj", "{DC7569C0-4F5F-4852-86ED-9392044502B9}"
EndProject
Project("{8BC9CEB8-8B4A-11D0-8D11-00A0C91BC942}") = "GMain", "GMain\GMain.vcproj", "{80923CCC-7139-4240-9C6E-55C014A02B50}"
EndProject
Project("{8BC9CEB8-8B4A-11D0-8D11-00A0C91BC942}") = "GFxExport", "..\Tools\GFxExport\GFxExport.vcproj", "{4039BFD5-8E28-4D81-87B2-FF39506C1B8A}"
	ProjectSection(ProjectDependencies) = postProject
		{35A44626-1333-4B95-837B-CB0140DAFD92} = {35A44626-1333-4B95-837B-CB0140DAFD92}
		{1AEB7681-57D8-48EE-813D-5C41CC38B647} = {1AEB7681-57D8-48EE-813D-5C41CC38B647}
		{80923CCC-7139-4240-9C6E-55C014A02B50} = {80923CCC-7139-4240-9C6E-55C014A02B50}
		{DC7569C0-4F5F-4852-86ED-9392044502B9} = {DC7569C0-4F5F-4852-86ED-9392044502B9}
		{7524FA75-A1E8-47FF-B223-7AC6FD51206A} = {7524FA75-A1E8-47FF-B223-7AC6FD51206A}
	EndProjectSection
EndProject
Project("{8BC9CEB8-8B4A-11D0-8D11-00A0C91BC942}") = "libjpeg", "..\..\..\..\3rdParty\jpeg-6b\gfx_projects\Win32\Msvc80\libjpeg.vcproj", "{35A44626-1333-4B95-837B-CB0140DAFD92}"
EndProject
Project("{8BC9CEB8-8B4A-11D0-8D11-00A0C91BC942}") = "zlib", "..\..\..\..\3rdParty\zlib-1.2.3\gfx_projects\win32\Msvc80\zlib.vcproj", "{7524FA75-A1E8-47FF-B223-7AC6FD51206A}"
EndProject
Project("{8BC9CEB8-8B4A-11D0-8D11-00A0C91BC942}") = "nvtt", "..\..\..\..\3rdParty\nvtt\gfx_projects\Win32\Msvc80\nvtt\nvtt.vcproj", "{1AEB7681-57D8-48EE-813D-5C41CC38B647}"
EndProject
Project("{8BC9CEB8-8B4A-11D0-8D11-00A0C91BC942}") = "GRenderer", "GRenderer\GRenderer.vcproj", "{41C16973-AB42-4C49-9D8B-414BF6D3CEBA}"
EndProject
Project("{8BC9CEB8-8B4A-11D0-8D11-00A0C91BC942}") = "GFxPlayer", "GFxPlayer\GFxPlayer.vcproj", "{1804709B-FE17-49EA-AAD8-875385628BEB}"
	ProjectSection(ProjectDependencies) = postProject
		{41C16973-AB42-4C49-9D8B-414BF6D3CEBA} = {41C16973-AB42-4C49-9D8B-414BF6D3CEBA}
		{7524FA75-A1E8-47FF-B223-7AC6FD51206A} = {7524FA75-A1E8-47FF-B223-7AC6FD51206A}
		{DC7569C0-4F5F-4852-86ED-9392044502B9} = {DC7569C0-4F5F-4852-86ED-9392044502B9}
		{80923CCC-7139-4240-9C6E-55C014A02B50} = {80923CCC-7139-4240-9C6E-55C014A02B50}
		{4C83899D-A807-4FE1-93C2-F80F36F1E545} = {4C83899D-A807-4FE1-93C2-F80F36F1E545}
		{35A44626-1333-4B95-837B-CB0140DAFD92} = {35A44626-1333-4B95-837B-CB0140DAFD92}
	EndProjectSection
EndProject
Project("{8BC9CEB8-8B4A-11D0-8D11-00A0C91BC942}") = "GFxIME", "GFxIME\GFxIME.vcproj", "{4C83899D-A807-4FE1-93C2-F80F36F1E545}"
EndProject
Global
	GlobalSection(SolutionConfigurationPlatforms) = preSolution
		D3D10_Debug_Static|Win32 = D3D10_Debug_Static|Win32
		D3D10_Debug_Static|x64 = D3D10_Debug_Static|x64
		D3D10_Debug|Win32 = D3D10_Debug|Win32
		D3D10_Debug|x64 = D3D10_Debug|x64
		D3D10_Release_Static|Win32 = D3D10_Release_Static|Win32
		D3D10_Release_Static|x64 = D3D10_Release_Static|x64
		D3D10_Release|Win32 = D3D10_Release|Win32
		D3D10_Release|x64 = D3D10_Release|x64
		D3D8_Debug_Static|Win32 = D3D8_Debug_Static|Win32
		D3D8_Debug_Static|x64 = D3D8_Debug_Static|x64
		D3D8_Debug|Win32 = D3D8_Debug|Win32
		D3D8_Debug|x64 = D3D8_Debug|x64
		D3D8_Release_Static|Win32 = D3D8_Release_Static|Win32
		D3D8_Release_Static|x64 = D3D8_Release_Static|x64
		D3D8_Release|Win32 = D3D8_Release|Win32
		D3D8_Release|x64 = D3D8_Release|x64
		D3D9_Debug_Static|Win32 = D3D9_Debug_Static|Win32
		D3D9_Debug_Static|x64 = D3D9_Debug_Static|x64
		D3D9_Debug|Win32 = D3D9_Debug|Win32
		D3D9_Debug|x64 = D3D9_Debug|x64
		D3D9_Release_Static|Win32 = D3D9_Release_Static|Win32
		D3D9_Release_Static|x64 = D3D9_Release_Static|x64
		D3D9_Release|Win32 = D3D9_Release|Win32
		D3D9_Release|x64 = D3D9_Release|x64
		OpenGL_Debug_Static|Win32 = OpenGL_Debug_Static|Win32
		OpenGL_Debug_Static|x64 = OpenGL_Debug_Static|x64
		OpenGL_Debug|Win32 = OpenGL_Debug|Win32
		OpenGL_Debug|x64 = OpenGL_Debug|x64
		OpenGL_Release_Static|Win32 = OpenGL_Release_Static|Win32
		OpenGL_Release_Static|x64 = OpenGL_Release_Static|x64
		OpenGL_Release|Win32 = OpenGL_Release|Win32
		OpenGL_Release|x64 = OpenGL_Release|x64
	EndGlobalSection
	GlobalSection(ProjectConfigurationPlatforms) = postSolution
		{DC7569C0-4F5F-4852-86ED-9392044502B9}.D3D10_Debug_Static|Win32.ActiveCfg = Debug Static|Win32
		{DC7569C0-4F5F-4852-86ED-9392044502B9}.D3D10_Debug_Static|Win32.Build.0 = Debug Static|Win32
		{DC7569C0-4F5F-4852-86ED-9392044502B9}.D3D10_Debug_Static|x64.ActiveCfg = Debug Static|x64
		{DC7569C0-4F5F-4852-86ED-9392044502B9}.D3D10_Debug_Static|x64.Build.0 = Debug Static|x64
		{DC7569C0-4F5F-4852-86ED-9392044502B9}.D3D10_Debug|Win32.ActiveCfg = Debug|Win32
		{DC7569C0-4F5F-4852-86ED-9392044502B9}.D3D10_Debug|Win32.Build.0 = Debug|Win32
		{DC7569C0-4F5F-4852-86ED-9392044502B9}.D3D10_Debug|x64.ActiveCfg = Debug|x64
		{DC7569C0-4F5F-4852-86ED-9392044502B9}.D3D10_Debug|x64.Build.0 = Debug|x64
		{DC7569C0-4F5F-4852-86ED-9392044502B9}.D3D10_Release_Static|Win32.ActiveCfg = Release Static|Win32
		{DC7569C0-4F5F-4852-86ED-9392044502B9}.D3D10_Release_Static|Win32.Build.0 = Release Static|Win32
		{DC7569C0-4F5F-4852-86ED-9392044502B9}.D3D10_Release_Static|x64.ActiveCfg = Release Static|x64
		{DC7569C0-4F5F-4852-86ED-9392044502B9}.D3D10_Release_Static|x64.Build.0 = Release Static|x64
		{DC7569C0-4F5F-4852-86ED-9392044502B9}.D3D10_Release|Win32.ActiveCfg = Release|Win32
		{DC7569C0-4F5F-4852-86ED-9392044502B9}.D3D10_Release|Win32.Build.0 = Release|Win32
		{DC7569C0-4F5F-4852-86ED-9392044502B9}.D3D10_Release|x64.ActiveCfg = Release|x64
		{DC7569C0-4F5F-4852-86ED-9392044502B9}.D3D10_Release|x64.Build.0 = Release|x64
		{DC7569C0-4F5F-4852-86ED-9392044502B9}.D3D8_Debug_Static|Win32.ActiveCfg = Debug Static|Win32
		{DC7569C0-4F5F-4852-86ED-9392044502B9}.D3D8_Debug_Static|Win32.Build.0 = Debug Static|Win32
		{DC7569C0-4F5F-4852-86ED-9392044502B9}.D3D8_Debug_Static|x64.ActiveCfg = Debug Static|x64
		{DC7569C0-4F5F-4852-86ED-9392044502B9}.D3D8_Debug|Win32.ActiveCfg = Debug|Win32
		{DC7569C0-4F5F-4852-86ED-9392044502B9}.D3D8_Debug|Win32.Build.0 = Debug|Win32
		{DC7569C0-4F5F-4852-86ED-9392044502B9}.D3D8_Debug|x64.ActiveCfg = Debug|x64
		{DC7569C0-4F5F-4852-86ED-9392044502B9}.D3D8_Release_Static|Win32.ActiveCfg = Release Static|Win32
		{DC7569C0-4F5F-4852-86ED-9392044502B9}.D3D8_Release_Static|Win32.Build.0 = Release Static|Win32
		{DC7569C0-4F5F-4852-86ED-9392044502B9}.D3D8_Release_Static|x64.ActiveCfg = Release Static|x64
		{DC7569C0-4F5F-4852-86ED-9392044502B9}.D3D8_Release|Win32.ActiveCfg = Release|Win32
		{DC7569C0-4F5F-4852-86ED-9392044502B9}.D3D8_Release|Win32.Build.0 = Release|Win32
		{DC7569C0-4F5F-4852-86ED-9392044502B9}.D3D8_Release|x64.ActiveCfg = Release|x64
		{DC7569C0-4F5F-4852-86ED-9392044502B9}.D3D9_Debug_Static|Win32.ActiveCfg = Debug Static|Win32
		{DC7569C0-4F5F-4852-86ED-9392044502B9}.D3D9_Debug_Static|Win32.Build.0 = Debug Static|Win32
		{DC7569C0-4F5F-4852-86ED-9392044502B9}.D3D9_Debug_Static|x64.ActiveCfg = Debug Static|x64
		{DC7569C0-4F5F-4852-86ED-9392044502B9}.D3D9_Debug_Static|x64.Build.0 = Debug Static|x64
		{DC7569C0-4F5F-4852-86ED-9392044502B9}.D3D9_Debug|Win32.ActiveCfg = Debug|Win32
		{DC7569C0-4F5F-4852-86ED-9392044502B9}.D3D9_Debug|Win32.Build.0 = Debug|Win32
		{DC7569C0-4F5F-4852-86ED-9392044502B9}.D3D9_Debug|x64.ActiveCfg = Debug|x64
		{DC7569C0-4F5F-4852-86ED-9392044502B9}.D3D9_Debug|x64.Build.0 = Debug|x64
		{DC7569C0-4F5F-4852-86ED-9392044502B9}.D3D9_Release_Static|Win32.ActiveCfg = Release Static|Win32
		{DC7569C0-4F5F-4852-86ED-9392044502B9}.D3D9_Release_Static|Win32.Build.0 = Release Static|Win32
		{DC7569C0-4F5F-4852-86ED-9392044502B9}.D3D9_Release_Static|x64.ActiveCfg = Release Static|x64
		{DC7569C0-4F5F-4852-86ED-9392044502B9}.D3D9_Release_Static|x64.Build.0 = Release Static|x64
		{DC7569C0-4F5F-4852-86ED-9392044502B9}.D3D9_Release|Win32.ActiveCfg = Release|Win32
		{DC7569C0-4F5F-4852-86ED-9392044502B9}.D3D9_Release|Win32.Build.0 = Release|Win32
		{DC7569C0-4F5F-4852-86ED-9392044502B9}.D3D9_Release|x64.ActiveCfg = Release|x64
		{DC7569C0-4F5F-4852-86ED-9392044502B9}.D3D9_Release|x64.Build.0 = Release|x64
		{DC7569C0-4F5F-4852-86ED-9392044502B9}.OpenGL_Debug_Static|Win32.ActiveCfg = Debug Static|Win32
		{DC7569C0-4F5F-4852-86ED-9392044502B9}.OpenGL_Debug_Static|Win32.Build.0 = Debug Static|Win32
		{DC7569C0-4F5F-4852-86ED-9392044502B9}.OpenGL_Debug_Static|x64.ActiveCfg = Debug Static|x64
		{DC7569C0-4F5F-4852-86ED-9392044502B9}.OpenGL_Debug_Static|x64.Build.0 = Debug Static|x64
		{DC7569C0-4F5F-4852-86ED-9392044502B9}.OpenGL_Debug|Win32.ActiveCfg = Debug|Win32
		{DC7569C0-4F5F-4852-86ED-9392044502B9}.OpenGL_Debug|Win32.Build.0 = Debug|Win32
		{DC7569C0-4F5F-4852-86ED-9392044502B9}.OpenGL_Debug|x64.ActiveCfg = Debug|x64
		{DC7569C0-4F5F-4852-86ED-9392044502B9}.OpenGL_Debug|x64.Build.0 = Debug|x64
		{DC7569C0-4F5F-4852-86ED-9392044502B9}.OpenGL_Release_Static|Win32.ActiveCfg = Release Static|Win32
		{DC7569C0-4F5F-4852-86ED-9392044502B9}.OpenGL_Release_Static|Win32.Build.0 = Release Static|Win32
		{DC7569C0-4F5F-4852-86ED-9392044502B9}.OpenGL_Release_Static|x64.ActiveCfg = Release Static|x64
		{DC7569C0-4F5F-4852-86ED-9392044502B9}.OpenGL_Release_Static|x64.Build.0 = Release Static|x64
		{DC7569C0-4F5F-4852-86ED-9392044502B9}.OpenGL_Release|Win32.ActiveCfg = Release|Win32
		{DC7569C0-4F5F-4852-86ED-9392044502B9}.OpenGL_Release|Win32.Build.0 = Release|Win32
		{DC7569C0-4F5F-4852-86ED-9392044502B9}.OpenGL_Release|x64.ActiveCfg = Release|x64
		{DC7569C0-4F5F-4852-86ED-9392044502B9}.OpenGL_Release|x64.Build.0 = Release|x64
		{80923CCC-7139-4240-9C6E-55C014A02B50}.D3D10_Debug_Static|Win32.ActiveCfg = Debug Static|Win32
		{80923CCC-7139-4240-9C6E-55C014A02B50}.D3D10_Debug_Static|Win32.Build.0 = Debug Static|Win32
		{80923CCC-7139-4240-9C6E-55C014A02B50}.D3D10_Debug_Static|x64.ActiveCfg = Debug Static|x64
		{80923CCC-7139-4240-9C6E-55C014A02B50}.D3D10_Debug_Static|x64.Build.0 = Debug Static|x64
		{80923CCC-7139-4240-9C6E-55C014A02B50}.D3D10_Debug|Win32.ActiveCfg = Debug|Win32
		{80923CCC-7139-4240-9C6E-55C014A02B50}.D3D10_Debug|Win32.Build.0 = Debug|Win32
		{80923CCC-7139-4240-9C6E-55C014A02B50}.D3D10_Debug|x64.ActiveCfg = Debug|x64
		{80923CCC-7139-4240-9C6E-55C014A02B50}.D3D10_Debug|x64.Build.0 = Debug|x64
		{80923CCC-7139-4240-9C6E-55C014A02B50}.D3D10_Release_Static|Win32.ActiveCfg = Release Static|Win32
		{80923CCC-7139-4240-9C6E-55C014A02B50}.D3D10_Release_Static|Win32.Build.0 = Release Static|Win32
		{80923CCC-7139-4240-9C6E-55C014A02B50}.D3D10_Release_Static|x64.ActiveCfg = Release Static|x64
		{80923CCC-7139-4240-9C6E-55C014A02B50}.D3D10_Release_Static|x64.Build.0 = Release Static|x64
		{80923CCC-7139-4240-9C6E-55C014A02B50}.D3D10_Release|Win32.ActiveCfg = Release|Win32
		{80923CCC-7139-4240-9C6E-55C014A02B50}.D3D10_Release|Win32.Build.0 = Release|Win32
		{80923CCC-7139-4240-9C6E-55C014A02B50}.D3D10_Release|x64.ActiveCfg = Release|x64
		{80923CCC-7139-4240-9C6E-55C014A02B50}.D3D10_Release|x64.Build.0 = Release|x64
		{80923CCC-7139-4240-9C6E-55C014A02B50}.D3D8_Debug_Static|Win32.ActiveCfg = Debug Static|Win32
		{80923CCC-7139-4240-9C6E-55C014A02B50}.D3D8_Debug_Static|Win32.Build.0 = Debug Static|Win32
		{80923CCC-7139-4240-9C6E-55C014A02B50}.D3D8_Debug_Static|x64.ActiveCfg = Debug Static|x64
		{80923CCC-7139-4240-9C6E-55C014A02B50}.D3D8_Debug|Win32.ActiveCfg = Debug|Win32
		{80923CCC-7139-4240-9C6E-55C014A02B50}.D3D8_Debug|Win32.Build.0 = Debug|Win32
		{80923CCC-7139-4240-9C6E-55C014A02B50}.D3D8_Debug|x64.ActiveCfg = Debug|x64
		{80923CCC-7139-4240-9C6E-55C014A02B50}.D3D8_Release_Static|Win32.ActiveCfg = Release Static|Win32
		{80923CCC-7139-4240-9C6E-55C014A02B50}.D3D8_Release_Static|Win32.Build.0 = Release Static|Win32
		{80923CCC-7139-4240-9C6E-55C014A02B50}.D3D8_Release_Static|x64.ActiveCfg = Release Static|x64
		{80923CCC-7139-4240-9C6E-55C014A02B50}.D3D8_Release|Win32.ActiveCfg = Release|Win32
		{80923CCC-7139-4240-9C6E-55C014A02B50}.D3D8_Release|Win32.Build.0 = Release|Win32
		{80923CCC-7139-4240-9C6E-55C014A02B50}.D3D8_Release|x64.ActiveCfg = Release|x64
		{80923CCC-7139-4240-9C6E-55C014A02B50}.D3D9_Debug_Static|Win32.ActiveCfg = Debug Static|Win32
		{80923CCC-7139-4240-9C6E-55C014A02B50}.D3D9_Debug_Static|Win32.Build.0 = Debug Static|Win32
		{80923CCC-7139-4240-9C6E-55C014A02B50}.D3D9_Debug_Static|x64.ActiveCfg = Debug Static|x64
		{80923CCC-7139-4240-9C6E-55C014A02B50}.D3D9_Debug_Static|x64.Build.0 = Debug Static|x64
		{80923CCC-7139-4240-9C6E-55C014A02B50}.D3D9_Debug|Win32.ActiveCfg = Debug|Win32
		{80923CCC-7139-4240-9C6E-55C014A02B50}.D3D9_Debug|Win32.Build.0 = Debug|Win32
		{80923CCC-7139-4240-9C6E-55C014A02B50}.D3D9_Debug|x64.ActiveCfg = Debug|x64
		{80923CCC-7139-4240-9C6E-55C014A02B50}.D3D9_Debug|x64.Build.0 = Debug|x64
		{80923CCC-7139-4240-9C6E-55C014A02B50}.D3D9_Release_Static|Win32.ActiveCfg = Release Static|Win32
		{80923CCC-7139-4240-9C6E-55C014A02B50}.D3D9_Release_Static|Win32.Build.0 = Release Static|Win32
		{80923CCC-7139-4240-9C6E-55C014A02B50}.D3D9_Release_Static|x64.ActiveCfg = Release Static|x64
		{80923CCC-7139-4240-9C6E-55C014A02B50}.D3D9_Release_Static|x64.Build.0 = Release Static|x64
		{80923CCC-7139-4240-9C6E-55C014A02B50}.D3D9_Release|Win32.ActiveCfg = Release|Win32
		{80923CCC-7139-4240-9C6E-55C014A02B50}.D3D9_Release|Win32.Build.0 = Release|Win32
		{80923CCC-7139-4240-9C6E-55C014A02B50}.D3D9_Release|x64.ActiveCfg = Release|x64
		{80923CCC-7139-4240-9C6E-55C014A02B50}.D3D9_Release|x64.Build.0 = Release|x64
		{80923CCC-7139-4240-9C6E-55C014A02B50}.OpenGL_Debug_Static|Win32.ActiveCfg = Debug Static|Win32
		{80923CCC-7139-4240-9C6E-55C014A02B50}.OpenGL_Debug_Static|Win32.Build.0 = Debug Static|Win32
		{80923CCC-7139-4240-9C6E-55C014A02B50}.OpenGL_Debug_Static|x64.ActiveCfg = Debug Static|x64
		{80923CCC-7139-4240-9C6E-55C014A02B50}.OpenGL_Debug_Static|x64.Build.0 = Debug Static|x64
		{80923CCC-7139-4240-9C6E-55C014A02B50}.OpenGL_Debug|Win32.ActiveCfg = Debug|Win32
		{80923CCC-7139-4240-9C6E-55C014A02B50}.OpenGL_Debug|Win32.Build.0 = Debug|Win32
		{80923CCC-7139-4240-9C6E-55C014A02B50}.OpenGL_Debug|x64.ActiveCfg = Debug|x64
		{80923CCC-7139-4240-9C6E-55C014A02B50}.OpenGL_Debug|x64.Build.0 = Debug|x64
		{80923CCC-7139-4240-9C6E-55C014A02B50}.OpenGL_Release_Static|Win32.ActiveCfg = Release Static|Win32
		{80923CCC-7139-4240-9C6E-55C014A02B50}.OpenGL_Release_Static|Win32.Build.0 = Release Static|Win32
		{80923CCC-7139-4240-9C6E-55C014A02B50}.OpenGL_Release_Static|x64.ActiveCfg = Release Static|x64
		{80923CCC-7139-4240-9C6E-55C014A02B50}.OpenGL_Release_Static|x64.Build.0 = Release Static|x64
		{80923CCC-7139-4240-9C6E-55C014A02B50}.OpenGL_Release|Win32.ActiveCfg = Release|Win32
		{80923CCC-7139-4240-9C6E-55C014A02B50}.OpenGL_Release|Win32.Build.0 = Release|Win32
		{80923CCC-7139-4240-9C6E-55C014A02B50}.OpenGL_Release|x64.ActiveCfg = Release|x64
		{80923CCC-7139-4240-9C6E-55C014A02B50}.OpenGL_Release|x64.Build.0 = Release|x64
		{4039BFD5-8E28-4D81-87B2-FF39506C1B8A}.D3D10_Debug_Static|Win32.ActiveCfg = Debug Static|Win32
		{4039BFD5-8E28-4D81-87B2-FF39506C1B8A}.D3D10_Debug_Static|Win32.Build.0 = Debug Static|Win32
		{4039BFD5-8E28-4D81-87B2-FF39506C1B8A}.D3D10_Debug_Static|x64.ActiveCfg = Debug Static|x64
		{4039BFD5-8E28-4D81-87B2-FF39506C1B8A}.D3D10_Debug_Static|x64.Build.0 = Debug Static|x64
		{4039BFD5-8E28-4D81-87B2-FF39506C1B8A}.D3D10_Debug|Win32.ActiveCfg = Debug|Win32
		{4039BFD5-8E28-4D81-87B2-FF39506C1B8A}.D3D10_Debug|Win32.Build.0 = Debug|Win32
		{4039BFD5-8E28-4D81-87B2-FF39506C1B8A}.D3D10_Debug|x64.ActiveCfg = Debug|x64
		{4039BFD5-8E28-4D81-87B2-FF39506C1B8A}.D3D10_Debug|x64.Build.0 = Debug|x64
		{4039BFD5-8E28-4D81-87B2-FF39506C1B8A}.D3D10_Release_Static|Win32.ActiveCfg = Release Static|Win32
		{4039BFD5-8E28-4D81-87B2-FF39506C1B8A}.D3D10_Release_Static|Win32.Build.0 = Release Static|Win32
		{4039BFD5-8E28-4D81-87B2-FF39506C1B8A}.D3D10_Release_Static|x64.ActiveCfg = Release Static|x64
		{4039BFD5-8E28-4D81-87B2-FF39506C1B8A}.D3D10_Release_Static|x64.Build.0 = Release Static|x64
		{4039BFD5-8E28-4D81-87B2-FF39506C1B8A}.D3D10_Release|Win32.ActiveCfg = Release|Win32
		{4039BFD5-8E28-4D81-87B2-FF39506C1B8A}.D3D10_Release|Win32.Build.0 = Release|Win32
		{4039BFD5-8E28-4D81-87B2-FF39506C1B8A}.D3D10_Release|x64.ActiveCfg = Release|x64
		{4039BFD5-8E28-4D81-87B2-FF39506C1B8A}.D3D10_Release|x64.Build.0 = Release|x64
		{4039BFD5-8E28-4D81-87B2-FF39506C1B8A}.D3D8_Debug_Static|Win32.ActiveCfg = Debug Static|Win32
		{4039BFD5-8E28-4D81-87B2-FF39506C1B8A}.D3D8_Debug_Static|Win32.Build.0 = Debug Static|Win32
		{4039BFD5-8E28-4D81-87B2-FF39506C1B8A}.D3D8_Debug_Static|x64.ActiveCfg = Debug Static|x64
		{4039BFD5-8E28-4D81-87B2-FF39506C1B8A}.D3D8_Debug|Win32.ActiveCfg = Debug|Win32
		{4039BFD5-8E28-4D81-87B2-FF39506C1B8A}.D3D8_Debug|Win32.Build.0 = Debug|Win32
		{4039BFD5-8E28-4D81-87B2-FF39506C1B8A}.D3D8_Debug|x64.ActiveCfg = Debug|x64
		{4039BFD5-8E28-4D81-87B2-FF39506C1B8A}.D3D8_Release_Static|Win32.ActiveCfg = Release Static|Win32
		{4039BFD5-8E28-4D81-87B2-FF39506C1B8A}.D3D8_Release_Static|Win32.Build.0 = Release Static|Win32
		{4039BFD5-8E28-4D81-87B2-FF39506C1B8A}.D3D8_Release_Static|x64.ActiveCfg = Release Static|x64
		{4039BFD5-8E28-4D81-87B2-FF39506C1B8A}.D3D8_Release|Win32.ActiveCfg = Release|Win32
		{4039BFD5-8E28-4D81-87B2-FF39506C1B8A}.D3D8_Release|Win32.Build.0 = Release|Win32
		{4039BFD5-8E28-4D81-87B2-FF39506C1B8A}.D3D8_Release|x64.ActiveCfg = Release|x64
		{4039BFD5-8E28-4D81-87B2-FF39506C1B8A}.D3D9_Debug_Static|Win32.ActiveCfg = Debug Static|Win32
		{4039BFD5-8E28-4D81-87B2-FF39506C1B8A}.D3D9_Debug_Static|Win32.Build.0 = Debug Static|Win32
		{4039BFD5-8E28-4D81-87B2-FF39506C1B8A}.D3D9_Debug_Static|x64.ActiveCfg = Debug Static|x64
		{4039BFD5-8E28-4D81-87B2-FF39506C1B8A}.D3D9_Debug_Static|x64.Build.0 = Debug Static|x64
		{4039BFD5-8E28-4D81-87B2-FF39506C1B8A}.D3D9_Debug|Win32.ActiveCfg = Debug|Win32
		{4039BFD5-8E28-4D81-87B2-FF39506C1B8A}.D3D9_Debug|Win32.Build.0 = Debug|Win32
		{4039BFD5-8E28-4D81-87B2-FF39506C1B8A}.D3D9_Debug|x64.ActiveCfg = Debug|x64
		{4039BFD5-8E28-4D81-87B2-FF39506C1B8A}.D3D9_Debug|x64.Build.0 = Debug|x64
		{4039BFD5-8E28-4D81-87B2-FF39506C1B8A}.D3D9_Release_Static|Win32.ActiveCfg = Release Static|Win32
		{4039BFD5-8E28-4D81-87B2-FF39506C1B8A}.D3D9_Release_Static|Win32.Build.0 = Release Static|Win32
		{4039BFD5-8E28-4D81-87B2-FF39506C1B8A}.D3D9_Release_Static|x64.ActiveCfg = Release Static|x64
		{4039BFD5-8E28-4D81-87B2-FF39506C1B8A}.D3D9_Release_Static|x64.Build.0 = Release Static|x64
		{4039BFD5-8E28-4D81-87B2-FF39506C1B8A}.D3D9_Release|Win32.ActiveCfg = Release|Win32
		{4039BFD5-8E28-4D81-87B2-FF39506C1B8A}.D3D9_Release|Win32.Build.0 = Release|Win32
		{4039BFD5-8E28-4D81-87B2-FF39506C1B8A}.D3D9_Release|x64.ActiveCfg = Release|x64
		{4039BFD5-8E28-4D81-87B2-FF39506C1B8A}.D3D9_Release|x64.Build.0 = Release|x64
		{4039BFD5-8E28-4D81-87B2-FF39506C1B8A}.OpenGL_Debug_Static|Win32.ActiveCfg = Debug Static|Win32
		{4039BFD5-8E28-4D81-87B2-FF39506C1B8A}.OpenGL_Debug_Static|Win32.Build.0 = Debug Static|Win32
		{4039BFD5-8E28-4D81-87B2-FF39506C1B8A}.OpenGL_Debug_Static|x64.ActiveCfg = Debug Static|x64
		{4039BFD5-8E28-4D81-87B2-FF39506C1B8A}.OpenGL_Debug_Static|x64.Build.0 = Debug Static|x64
		{4039BFD5-8E28-4D81-87B2-FF39506C1B8A}.OpenGL_Debug|Win32.ActiveCfg = Debug|Win32
		{4039BFD5-8E28-4D81-87B2-FF39506C1B8A}.OpenGL_Debug|Win32.Build.0 = Debug|Win32
		{4039BFD5-8E28-4D81-87B2-FF39506C1B8A}.OpenGL_Debug|x64.ActiveCfg = Debug|x64
		{4039BFD5-8E28-4D81-87B2-FF39506C1B8A}.OpenGL_Debug|x64.Build.0 = Debug|x64
		{4039BFD5-8E28-4D81-87B2-FF39506C1B8A}.OpenGL_Release_Static|Win32.ActiveCfg = Release Static|Win32
		{4039BFD5-8E28-4D81-87B2-FF39506C1B8A}.OpenGL_Release_Static|Win32.Build.0 = Release Static|Win32
		{4039BFD5-8E28-4D81-87B2-FF39506C1B8A}.OpenGL_Release_Static|x64.ActiveCfg = Release Static|x64
		{4039BFD5-8E28-4D81-87B2-FF39506C1B8A}.OpenGL_Release_Static|x64.Build.0 = Release Static|x64
		{4039BFD5-8E28-4D81-87B2-FF39506C1B8A}.OpenGL_Release|Win32.ActiveCfg = Release|Win32
		{4039BFD5-8E28-4D81-87B2-FF39506C1B8A}.OpenGL_Release|Win32.Build.0 = Release|Win32
		{4039BFD5-8E28-4D81-87B2-FF39506C1B8A}.OpenGL_Release|x64.ActiveCfg = Release|x64
		{4039BFD5-8E28-4D81-87B2-FF39506C1B8A}.OpenGL_Release|x64.Build.0 = Release|x64
		{35A44626-1333-4B95-837B-CB0140DAFD92}.D3D10_Debug_Static|Win32.ActiveCfg = Debug Static|Win32
		{35A44626-1333-4B95-837B-CB0140DAFD92}.D3D10_Debug_Static|Win32.Build.0 = Debug Static|Win32
		{35A44626-1333-4B95-837B-CB0140DAFD92}.D3D10_Debug_Static|x64.ActiveCfg = Debug Static|x64
		{35A44626-1333-4B95-837B-CB0140DAFD92}.D3D10_Debug_Static|x64.Build.0 = Debug Static|x64
		{35A44626-1333-4B95-837B-CB0140DAFD92}.D3D10_Debug|Win32.ActiveCfg = Debug|Win32
		{35A44626-1333-4B95-837B-CB0140DAFD92}.D3D10_Debug|Win32.Build.0 = Debug|Win32
		{35A44626-1333-4B95-837B-CB0140DAFD92}.D3D10_Debug|x64.ActiveCfg = Debug|x64
		{35A44626-1333-4B95-837B-CB0140DAFD92}.D3D10_Debug|x64.Build.0 = Debug|x64
		{35A44626-1333-4B95-837B-CB0140DAFD92}.D3D10_Release_Static|Win32.ActiveCfg = Release Static|Win32
		{35A44626-1333-4B95-837B-CB0140DAFD92}.D3D10_Release_Static|Win32.Build.0 = Release Static|Win32
		{35A44626-1333-4B95-837B-CB0140DAFD92}.D3D10_Release_Static|x64.ActiveCfg = Release Static|x64
		{35A44626-1333-4B95-837B-CB0140DAFD92}.D3D10_Release_Static|x64.Build.0 = Release Static|x64
		{35A44626-1333-4B95-837B-CB0140DAFD92}.D3D10_Release|Win32.ActiveCfg = Release|Win32
		{35A44626-1333-4B95-837B-CB0140DAFD92}.D3D10_Release|Win32.Build.0 = Release|Win32
		{35A44626-1333-4B95-837B-CB0140DAFD92}.D3D10_Release|x64.ActiveCfg = Release|x64
		{35A44626-1333-4B95-837B-CB0140DAFD92}.D3D10_Release|x64.Build.0 = Release|x64
		{35A44626-1333-4B95-837B-CB0140DAFD92}.D3D8_Debug_Static|Win32.ActiveCfg = Debug Static|Win32
		{35A44626-1333-4B95-837B-CB0140DAFD92}.D3D8_Debug_Static|Win32.Build.0 = Debug Static|Win32
		{35A44626-1333-4B95-837B-CB0140DAFD92}.D3D8_Debug_Static|x64.ActiveCfg = Debug Static|x64
		{35A44626-1333-4B95-837B-CB0140DAFD92}.D3D8_Debug|Win32.ActiveCfg = Debug|Win32
		{35A44626-1333-4B95-837B-CB0140DAFD92}.D3D8_Debug|Win32.Build.0 = Debug|Win32
		{35A44626-1333-4B95-837B-CB0140DAFD92}.D3D8_Debug|x64.ActiveCfg = Debug|x64
		{35A44626-1333-4B95-837B-CB0140DAFD92}.D3D8_Release_Static|Win32.ActiveCfg = Release Static|Win32
		{35A44626-1333-4B95-837B-CB0140DAFD92}.D3D8_Release_Static|Win32.Build.0 = Release Static|Win32
		{35A44626-1333-4B95-837B-CB0140DAFD92}.D3D8_Release_Static|x64.ActiveCfg = Release Static|x64
		{35A44626-1333-4B95-837B-CB0140DAFD92}.D3D8_Release|Win32.ActiveCfg = Release|Win32
		{35A44626-1333-4B95-837B-CB0140DAFD92}.D3D8_Release|Win32.Build.0 = Release|Win32
		{35A44626-1333-4B95-837B-CB0140DAFD92}.D3D8_Release|x64.ActiveCfg = Release|x64
		{35A44626-1333-4B95-837B-CB0140DAFD92}.D3D9_Debug_Static|Win32.ActiveCfg = Debug Static|Win32
		{35A44626-1333-4B95-837B-CB0140DAFD92}.D3D9_Debug_Static|Win32.Build.0 = Debug Static|Win32
		{35A44626-1333-4B95-837B-CB0140DAFD92}.D3D9_Debug_Static|x64.ActiveCfg = Debug Static|x64
		{35A44626-1333-4B95-837B-CB0140DAFD92}.D3D9_Debug_Static|x64.Build.0 = Debug Static|x64
		{35A44626-1333-4B95-837B-CB0140DAFD92}.D3D9_Debug|Win32.ActiveCfg = Debug|Win32
		{35A44626-1333-4B95-837B-CB0140DAFD92}.D3D9_Debug|Win32.Build.0 = Debug|Win32
		{35A44626-1333-4B95-837B-CB0140DAFD92}.D3D9_Debug|x64.ActiveCfg = Debug|x64
		{35A44626-1333-4B95-837B-CB0140DAFD92}.D3D9_Debug|x64.Build.0 = Debug|x64
		{35A44626-1333-4B95-837B-CB0140DAFD92}.D3D9_Release_Static|Win32.ActiveCfg = Release Static|Win32
		{35A44626-1333-4B95-837B-CB0140DAFD92}.D3D9_Release_Static|Win32.Build.0 = Release Static|Win32
		{35A44626-1333-4B95-837B-CB0140DAFD92}.D3D9_Release_Static|x64.ActiveCfg = Release Static|x64
		{35A44626-1333-4B95-837B-CB0140DAFD92}.D3D9_Release_Static|x64.Build.0 = Release Static|x64
		{35A44626-1333-4B95-837B-CB0140DAFD92}.D3D9_Release|Win32.ActiveCfg = Release|Win32
		{35A44626-1333-4B95-837B-CB0140DAFD92}.D3D9_Release|Win32.Build.0 = Release|Win32
		{35A44626-1333-4B95-837B-CB0140DAFD92}.D3D9_Release|x64.ActiveCfg = Release|x64
		{35A44626-1333-4B95-837B-CB0140DAFD92}.D3D9_Release|x64.Build.0 = Release|x64
		{35A44626-1333-4B95-837B-CB0140DAFD92}.OpenGL_Debug_Static|Win32.ActiveCfg = Debug Static|Win32
		{35A44626-1333-4B95-837B-CB0140DAFD92}.OpenGL_Debug_Static|Win32.Build.0 = Debug Static|Win32
		{35A44626-1333-4B95-837B-CB0140DAFD92}.OpenGL_Debug_Static|x64.ActiveCfg = Debug Static|x64
		{35A44626-1333-4B95-837B-CB0140DAFD92}.OpenGL_Debug_Static|x64.Build.0 = Debug Static|x64
		{35A44626-1333-4B95-837B-CB0140DAFD92}.OpenGL_Debug|Win32.ActiveCfg = Debug|Win32
		{35A44626-1333-4B95-837B-CB0140DAFD92}.OpenGL_Debug|Win32.Build.0 = Debug|Win32
		{35A44626-1333-4B95-837B-CB0140DAFD92}.OpenGL_Debug|x64.ActiveCfg = Debug|x64
		{35A44626-1333-4B95-837B-CB0140DAFD92}.OpenGL_Debug|x64.Build.0 = Debug|x64
		{35A44626-1333-4B95-837B-CB0140DAFD92}.OpenGL_Release_Static|Win32.ActiveCfg = Release Static|Win32
		{35A44626-1333-4B95-837B-CB0140DAFD92}.OpenGL_Release_Static|Win32.Build.0 = Release Static|Win32
		{35A44626-1333-4B95-837B-CB0140DAFD92}.OpenGL_Release_Static|x64.ActiveCfg = Release Static|x64
		{35A44626-1333-4B95-837B-CB0140DAFD92}.OpenGL_Release_Static|x64.Build.0 = Release Static|x64
		{35A44626-1333-4B95-837B-CB0140DAFD92}.OpenGL_Release|Win32.ActiveCfg = Release|Win32
		{35A44626-1333-4B95-837B-CB0140DAFD92}.OpenGL_Release|Win32.Build.0 = Release|Win32
		{35A44626-1333-4B95-837B-CB0140DAFD92}.OpenGL_Release|x64.ActiveCfg = Release|x64
		{35A44626-1333-4B95-837B-CB0140DAFD92}.OpenGL_Release|x64.Build.0 = Release|x64
		{7524FA75-A1E8-47FF-B223-7AC6FD51206A}.D3D10_Debug_Static|Win32.ActiveCfg = Debug Static|Win32
		{7524FA75-A1E8-47FF-B223-7AC6FD51206A}.D3D10_Debug_Static|Win32.Build.0 = Debug Static|Win32
		{7524FA75-A1E8-47FF-B223-7AC6FD51206A}.D3D10_Debug_Static|x64.ActiveCfg = Debug Static|x64
		{7524FA75-A1E8-47FF-B223-7AC6FD51206A}.D3D10_Debug_Static|x64.Build.0 = Debug Static|x64
		{7524FA75-A1E8-47FF-B223-7AC6FD51206A}.D3D10_Debug|Win32.ActiveCfg = Debug|Win32
		{7524FA75-A1E8-47FF-B223-7AC6FD51206A}.D3D10_Debug|Win32.Build.0 = Debug|Win32
		{7524FA75-A1E8-47FF-B223-7AC6FD51206A}.D3D10_Debug|x64.ActiveCfg = Debug|x64
		{7524FA75-A1E8-47FF-B223-7AC6FD51206A}.D3D10_Debug|x64.Build.0 = Debug|x64
		{7524FA75-A1E8-47FF-B223-7AC6FD51206A}.D3D10_Release_Static|Win32.ActiveCfg = Release Static|Win32
		{7524FA75-A1E8-47FF-B223-7AC6FD51206A}.D3D10_Release_Static|Win32.Build.0 = Release Static|Win32
		{7524FA75-A1E8-47FF-B223-7AC6FD51206A}.D3D10_Release_Static|x64.ActiveCfg = Release Static|x64
		{7524FA75-A1E8-47FF-B223-7AC6FD51206A}.D3D10_Release_Static|x64.Build.0 = Release Static|x64
		{7524FA75-A1E8-47FF-B223-7AC6FD51206A}.D3D10_Release|Win32.ActiveCfg = Release|Win32
		{7524FA75-A1E8-47FF-B223-7AC6FD51206A}.D3D10_Release|Win32.Build.0 = Release|Win32
		{7524FA75-A1E8-47FF-B223-7AC6FD51206A}.D3D10_Release|x64.ActiveCfg = Release|x64
		{7524FA75-A1E8-47FF-B223-7AC6FD51206A}.D3D10_Release|x64.Build.0 = Release|x64
		{7524FA75-A1E8-47FF-B223-7AC6FD51206A}.D3D8_Debug_Static|Win32.ActiveCfg = Debug Static|Win32
		{7524FA75-A1E8-47FF-B223-7AC6FD51206A}.D3D8_Debug_Static|Win32.Build.0 = Debug Static|Win32
		{7524FA75-A1E8-47FF-B223-7AC6FD51206A}.D3D8_Debug_Static|x64.ActiveCfg = Debug Static|x64
		{7524FA75-A1E8-47FF-B223-7AC6FD51206A}.D3D8_Debug|Win32.ActiveCfg = Debug|Win32
		{7524FA75-A1E8-47FF-B223-7AC6FD51206A}.D3D8_Debug|Win32.Build.0 = Debug|Win32
		{7524FA75-A1E8-47FF-B223-7AC6FD51206A}.D3D8_Debug|x64.ActiveCfg = Debug|x64
		{7524FA75-A1E8-47FF-B223-7AC6FD51206A}.D3D8_Release_Static|Win32.ActiveCfg = Release Static|Win32
		{7524FA75-A1E8-47FF-B223-7AC6FD51206A}.D3D8_Release_Static|Win32.Build.0 = Release Static|Win32
		{7524FA75-A1E8-47FF-B223-7AC6FD51206A}.D3D8_Release_Static|x64.ActiveCfg = Release Static|x64
		{7524FA75-A1E8-47FF-B223-7AC6FD51206A}.D3D8_Release|Win32.ActiveCfg = Release|Win32
		{7524FA75-A1E8-47FF-B223-7AC6FD51206A}.D3D8_Release|Win32.Build.0 = Release|Win32
		{7524FA75-A1E8-47FF-B223-7AC6FD51206A}.D3D8_Release|x64.ActiveCfg = Release|x64
		{7524FA75-A1E8-47FF-B223-7AC6FD51206A}.D3D9_Debug_Static|Win32.ActiveCfg = Debug Static|Win32
		{7524FA75-A1E8-47FF-B223-7AC6FD51206A}.D3D9_Debug_Static|Win32.Build.0 = Debug Static|Win32
		{7524FA75-A1E8-47FF-B223-7AC6FD51206A}.D3D9_Debug_Static|x64.ActiveCfg = Debug Static|x64
		{7524FA75-A1E8-47FF-B223-7AC6FD51206A}.D3D9_Debug_Static|x64.Build.0 = Debug Static|x64
		{7524FA75-A1E8-47FF-B223-7AC6FD51206A}.D3D9_Debug|Win32.ActiveCfg = Debug|Win32
		{7524FA75-A1E8-47FF-B223-7AC6FD51206A}.D3D9_Debug|Win32.Build.0 = Debug|Win32
		{7524FA75-A1E8-47FF-B223-7AC6FD51206A}.D3D9_Debug|x64.ActiveCfg = Debug|x64
		{7524FA75-A1E8-47FF-B223-7AC6FD51206A}.D3D9_Debug|x64.Build.0 = Debug|x64
		{7524FA75-A1E8-47FF-B223-7AC6FD51206A}.D3D9_Release_Static|Win32.ActiveCfg = Release Static|Win32
		{7524FA75-A1E8-47FF-B223-7AC6FD51206A}.D3D9_Release_Static|Win32.Build.0 = Release Static|Win32
		{7524FA75-A1E8-47FF-B223-7AC6FD51206A}.D3D9_Release_Static|x64.ActiveCfg = Release Static|x64
		{7524FA75-A1E8-47FF-B223-7AC6FD51206A}.D3D9_Release_Static|x64.Build.0 = Release Static|x64
		{7524FA75-A1E8-47FF-B223-7AC6FD51206A}.D3D9_Release|Win32.ActiveCfg = Release|Win32
		{7524FA75-A1E8-47FF-B223-7AC6FD51206A}.D3D9_Release|Win32.Build.0 = Release|Win32
		{7524FA75-A1E8-47FF-B223-7AC6FD51206A}.D3D9_Release|x64.ActiveCfg = Release|x64
		{7524FA75-A1E8-47FF-B223-7AC6FD51206A}.D3D9_Release|x64.Build.0 = Release|x64
		{7524FA75-A1E8-47FF-B223-7AC6FD51206A}.OpenGL_Debug_Static|Win32.ActiveCfg = Debug Static|Win32
		{7524FA75-A1E8-47FF-B223-7AC6FD51206A}.OpenGL_Debug_Static|Win32.Build.0 = Debug Static|Win32
		{7524FA75-A1E8-47FF-B223-7AC6FD51206A}.OpenGL_Debug_Static|x64.ActiveCfg = Debug Static|x64
		{7524FA75-A1E8-47FF-B223-7AC6FD51206A}.OpenGL_Debug_Static|x64.Build.0 = Debug Static|x64
		{7524FA75-A1E8-47FF-B223-7AC6FD51206A}.OpenGL_Debug|Win32.ActiveCfg = Debug|Win32
		{7524FA75-A1E8-47FF-B223-7AC6FD51206A}.OpenGL_Debug|Win32.Build.0 = Debug|Win32
		{7524FA75-A1E8-47FF-B223-7AC6FD51206A}.OpenGL_Debug|x64.ActiveCfg = Debug|x64
		{7524FA75-A1E8-47FF-B223-7AC6FD51206A}.OpenGL_Debug|x64.Build.0 = Debug|x64
		{7524FA75-A1E8-47FF-B223-7AC6FD51206A}.OpenGL_Release_Static|Win32.ActiveCfg = Release Static|Win32
		{7524FA75-A1E8-47FF-B223-7AC6FD51206A}.OpenGL_Release_Static|Win32.Build.0 = Release Static|Win32
		{7524FA75-A1E8-47FF-B223-7AC6FD51206A}.OpenGL_Release_Static|x64.ActiveCfg = Release Static|x64
		{7524FA75-A1E8-47FF-B223-7AC6FD51206A}.OpenGL_Release_Static|x64.Build.0 = Release Static|x64
		{7524FA75-A1E8-47FF-B223-7AC6FD51206A}.OpenGL_Release|Win32.ActiveCfg = Release|Win32
		{7524FA75-A1E8-47FF-B223-7AC6FD51206A}.OpenGL_Release|Win32.Build.0 = Release|Win32
		{7524FA75-A1E8-47FF-B223-7AC6FD51206A}.OpenGL_Release|x64.ActiveCfg = Release|x64
		{7524FA75-A1E8-47FF-B223-7AC6FD51206A}.OpenGL_Release|x64.Build.0 = Release|x64
		{1AEB7681-57D8-48EE-813D-5C41CC38B647}.D3D10_Debug_Static|Win32.ActiveCfg = Debug Static|Win32
		{1AEB7681-57D8-48EE-813D-5C41CC38B647}.D3D10_Debug_Static|Win32.Build.0 = Debug Static|Win32
		{1AEB7681-57D8-48EE-813D-5C41CC38B647}.D3D10_Debug_Static|x64.ActiveCfg = Debug Static|x64
		{1AEB7681-57D8-48EE-813D-5C41CC38B647}.D3D10_Debug_Static|x64.Build.0 = Debug Static|x64
		{1AEB7681-57D8-48EE-813D-5C41CC38B647}.D3D10_Debug|Win32.ActiveCfg = Debug|Win32
		{1AEB7681-57D8-48EE-813D-5C41CC38B647}.D3D10_Debug|Win32.Build.0 = Debug|Win32
		{1AEB7681-57D8-48EE-813D-5C41CC38B647}.D3D10_Debug|x64.ActiveCfg = Debug|x64
		{1AEB7681-57D8-48EE-813D-5C41CC38B647}.D3D10_Debug|x64.Build.0 = Debug|x64
		{1AEB7681-57D8-48EE-813D-5C41CC38B647}.D3D10_Release_Static|Win32.ActiveCfg = Release Static|Win32
		{1AEB7681-57D8-48EE-813D-5C41CC38B647}.D3D10_Release_Static|Win32.Build.0 = Release Static|Win32
		{1AEB7681-57D8-48EE-813D-5C41CC38B647}.D3D10_Release_Static|x64.ActiveCfg = Release Static|x64
		{1AEB7681-57D8-48EE-813D-5C41CC38B647}.D3D10_Release_Static|x64.Build.0 = Release Static|x64
		{1AEB7681-57D8-48EE-813D-5C41CC38B647}.D3D10_Release|Win32.ActiveCfg = Release|Win32
		{1AEB7681-57D8-48EE-813D-5C41CC38B647}.D3D10_Release|Win32.Build.0 = Release|Win32
		{1AEB7681-57D8-48EE-813D-5C41CC38B647}.D3D10_Release|x64.ActiveCfg = Release|x64
		{1AEB7681-57D8-48EE-813D-5C41CC38B647}.D3D10_Release|x64.Build.0 = Release|x64
		{1AEB7681-57D8-48EE-813D-5C41CC38B647}.D3D8_Debug_Static|Win32.ActiveCfg = Debug Static|Win32
		{1AEB7681-57D8-48EE-813D-5C41CC38B647}.D3D8_Debug_Static|Win32.Build.0 = Debug Static|Win32
		{1AEB7681-57D8-48EE-813D-5C41CC38B647}.D3D8_Debug_Static|x64.ActiveCfg = Debug Static|x64
		{1AEB7681-57D8-48EE-813D-5C41CC38B647}.D3D8_Debug|Win32.ActiveCfg = Debug|Win32
		{1AEB7681-57D8-48EE-813D-5C41CC38B647}.D3D8_Debug|Win32.Build.0 = Debug|Win32
		{1AEB7681-57D8-48EE-813D-5C41CC38B647}.D3D8_Debug|x64.ActiveCfg = Debug|x64
		{1AEB7681-57D8-48EE-813D-5C41CC38B647}.D3D8_Release_Static|Win32.ActiveCfg = Release Static|Win32
		{1AEB7681-57D8-48EE-813D-5C41CC38B647}.D3D8_Release_Static|Win32.Build.0 = Release Static|Win32
		{1AEB7681-57D8-48EE-813D-5C41CC38B647}.D3D8_Release_Static|x64.ActiveCfg = Release Static|x64
		{1AEB7681-57D8-48EE-813D-5C41CC38B647}.D3D8_Release|Win32.ActiveCfg = Release|Win32
		{1AEB7681-57D8-48EE-813D-5C41CC38B647}.D3D8_Release|Win32.Build.0 = Release|Win32
		{1AEB7681-57D8-48EE-813D-5C41CC38B647}.D3D8_Release|x64.ActiveCfg = Release|x64
		{1AEB7681-57D8-48EE-813D-5C41CC38B647}.D3D9_Debug_Static|Win32.ActiveCfg = Debug Static|Win32
		{1AEB7681-57D8-48EE-813D-5C41CC38B647}.D3D9_Debug_Static|Win32.Build.0 = Debug Static|Win32
		{1AEB7681-57D8-48EE-813D-5C41CC38B647}.D3D9_Debug_Static|x64.ActiveCfg = Debug Static|x64
		{1AEB7681-57D8-48EE-813D-5C41CC38B647}.D3D9_Debug_Static|x64.Build.0 = Debug Static|x64
		{1AEB7681-57D8-48EE-813D-5C41CC38B647}.D3D9_Debug|Win32.ActiveCfg = Debug|Win32
		{1AEB7681-57D8-48EE-813D-5C41CC38B647}.D3D9_Debug|Win32.Build.0 = Debug|Win32
		{1AEB7681-57D8-48EE-813D-5C41CC38B647}.D3D9_Debug|x64.ActiveCfg = Debug|x64
		{1AEB7681-57D8-48EE-813D-5C41CC38B647}.D3D9_Debug|x64.Build.0 = Debug|x64
		{1AEB7681-57D8-48EE-813D-5C41CC38B647}.D3D9_Release_Static|Win32.ActiveCfg = Release Static|Win32
		{1AEB7681-57D8-48EE-813D-5C41CC38B647}.D3D9_Release_Static|Win32.Build.0 = Release Static|Win32
		{1AEB7681-57D8-48EE-813D-5C41CC38B647}.D3D9_Release_Static|x64.ActiveCfg = Release Static|x64
		{1AEB7681-57D8-48EE-813D-5C41CC38B647}.D3D9_Release_Static|x64.Build.0 = Release Static|x64
		{1AEB7681-57D8-48EE-813D-5C41CC38B647}.D3D9_Release|Win32.ActiveCfg = Release|Win32
		{1AEB7681-57D8-48EE-813D-5C41CC38B647}.D3D9_Release|Win32.Build.0 = Release|Win32
		{1AEB7681-57D8-48EE-813D-5C41CC38B647}.D3D9_Release|x64.ActiveCfg = Release|x64
		{1AEB7681-57D8-48EE-813D-5C41CC38B647}.D3D9_Release|x64.Build.0 = Release|x64
		{1AEB7681-57D8-48EE-813D-5C41CC38B647}.OpenGL_Debug_Static|Win32.ActiveCfg = Debug Static|Win32
		{1AEB7681-57D8-48EE-813D-5C41CC38B647}.OpenGL_Debug_Static|Win32.Build.0 = Debug Static|Win32
		{1AEB7681-57D8-48EE-813D-5C41CC38B647}.OpenGL_Debug_Static|x64.ActiveCfg = Debug Static|x64
		{1AEB7681-57D8-48EE-813D-5C41CC38B647}.OpenGL_Debug_Static|x64.Build.0 = Debug Static|x64
		{1AEB7681-57D8-48EE-813D-5C41CC38B647}.OpenGL_Debug|Win32.ActiveCfg = Debug|Win32
		{1AEB7681-57D8-48EE-813D-5C41CC38B647}.OpenGL_Debug|Win32.Build.0 = Debug|Win32
		{1AEB7681-57D8-48EE-813D-5C41CC38B647}.OpenGL_Debug|x64.ActiveCfg = Debug|x64
		{1AEB7681-57D8-48EE-813D-5C41CC38B647}.OpenGL_Debug|x64.Build.0 = Debug|x64
		{1AEB7681-57D8-48EE-813D-5C41CC38B647}.OpenGL_Release_Static|Win32.ActiveCfg = Release Static|Win32
		{1AEB7681-57D8-48EE-813D-5C41CC38B647}.OpenGL_Release_Static|Win32.Build.0 = Release Static|Win32
		{1AEB7681-57D8-48EE-813D-5C41CC38B647}.OpenGL_Release_Static|x64.ActiveCfg = Release Static|x64
		{1AEB7681-57D8-48EE-813D-5C41CC38B647}.OpenGL_Release_Static|x64.Build.0 = Release Static|x64
		{1AEB7681-57D8-48EE-813D-5C41CC38B647}.OpenGL_Release|Win32.ActiveCfg = Release|Win32
		{1AEB7681-57D8-48EE-813D-5C41CC38B647}.OpenGL_Release|Win32.Build.0 = Release|Win32
		{1AEB7681-57D8-48EE-813D-5C41CC38B647}.OpenGL_Release|x64.ActiveCfg = Release|x64
		{1AEB7681-57D8-48EE-813D-5C41CC38B647}.OpenGL_Release|x64.Build.0 = Release|x64
		{41C16973-AB42-4C49-9D8B-414BF6D3CEBA}.D3D10_Debug_Static|Win32.ActiveCfg = D3D10_Debug_Static|Win32
		{41C16973-AB42-4C49-9D8B-414BF6D3CEBA}.D3D10_Debug_Static|Win32.Build.0 = D3D10_Debug_Static|Win32
		{41C16973-AB42-4C49-9D8B-414BF6D3CEBA}.D3D10_Debug_Static|x64.ActiveCfg = D3D10_Debug_Static|x64
		{41C16973-AB42-4C49-9D8B-414BF6D3CEBA}.D3D10_Debug_Static|x64.Build.0 = D3D10_Debug_Static|x64
		{41C16973-AB42-4C49-9D8B-414BF6D3CEBA}.D3D10_Debug|Win32.ActiveCfg = D3D10_Debug|Win32
		{41C16973-AB42-4C49-9D8B-414BF6D3CEBA}.D3D10_Debug|Win32.Build.0 = D3D10_Debug|Win32
		{41C16973-AB42-4C49-9D8B-414BF6D3CEBA}.D3D10_Debug|x64.ActiveCfg = D3D10_Debug|x64
		{41C16973-AB42-4C49-9D8B-414BF6D3CEBA}.D3D10_Debug|x64.Build.0 = D3D10_Debug|x64
		{41C16973-AB42-4C49-9D8B-414BF6D3CEBA}.D3D10_Release_Static|Win32.ActiveCfg = D3D10_Release_Static|Win32
		{41C16973-AB42-4C49-9D8B-414BF6D3CEBA}.D3D10_Release_Static|Win32.Build.0 = D3D10_Release_Static|Win32
		{41C16973-AB42-4C49-9D8B-414BF6D3CEBA}.D3D10_Release_Static|x64.ActiveCfg = D3D10_Release_Static|x64
		{41C16973-AB42-4C49-9D8B-414BF6D3CEBA}.D3D10_Release_Static|x64.Build.0 = D3D10_Release_Static|x64
		{41C16973-AB42-4C49-9D8B-414BF6D3CEBA}.D3D10_Release|Win32.ActiveCfg = D3D10_Release|Win32
		{41C16973-AB42-4C49-9D8B-414BF6D3CEBA}.D3D10_Release|Win32.Build.0 = D3D10_Release|Win32
		{41C16973-AB42-4C49-9D8B-414BF6D3CEBA}.D3D10_Release|x64.ActiveCfg = D3D10_Release|x64
		{41C16973-AB42-4C49-9D8B-414BF6D3CEBA}.D3D10_Release|x64.Build.0 = D3D10_Release|x64
		{41C16973-AB42-4C49-9D8B-414BF6D3CEBA}.D3D8_Debug_Static|Win32.ActiveCfg = D3D8_Debug_Static|Win32
		{41C16973-AB42-4C49-9D8B-414BF6D3CEBA}.D3D8_Debug_Static|Win32.Build.0 = D3D8_Debug_Static|Win32
		{41C16973-AB42-4C49-9D8B-414BF6D3CEBA}.D3D8_Debug_Static|x64.ActiveCfg = D3D8_Debug_Static|x64
		{41C16973-AB42-4C49-9D8B-414BF6D3CEBA}.D3D8_Debug|Win32.ActiveCfg = D3D8_Debug|Win32
		{41C16973-AB42-4C49-9D8B-414BF6D3CEBA}.D3D8_Debug|Win32.Build.0 = D3D8_Debug|Win32
		{41C16973-AB42-4C49-9D8B-414BF6D3CEBA}.D3D8_Debug|x64.ActiveCfg = D3D8_Debug|x64
		{41C16973-AB42-4C49-9D8B-414BF6D3CEBA}.D3D8_Release_Static|Win32.ActiveCfg = D3D8_Release_Static|Win32
		{41C16973-AB42-4C49-9D8B-414BF6D3CEBA}.D3D8_Release_Static|Win32.Build.0 = D3D8_Release_Static|Win32
		{41C16973-AB42-4C49-9D8B-414BF6D3CEBA}.D3D8_Release_Static|x64.ActiveCfg = D3D8_Release_Static|x64
		{41C16973-AB42-4C49-9D8B-414BF6D3CEBA}.D3D8_Release|Win32.ActiveCfg = D3D8_Release|Win32
		{41C16973-AB42-4C49-9D8B-414BF6D3CEBA}.D3D8_Release|Win32.Build.0 = D3D8_Release|Win32
		{41C16973-AB42-4C49-9D8B-414BF6D3CEBA}.D3D8_Release|x64.ActiveCfg = D3D8_Release|x64
		{41C16973-AB42-4C49-9D8B-414BF6D3CEBA}.D3D9_Debug_Static|Win32.ActiveCfg = D3D9_Debug_Static|Win32
		{41C16973-AB42-4C49-9D8B-414BF6D3CEBA}.D3D9_Debug_Static|Win32.Build.0 = D3D9_Debug_Static|Win32
		{41C16973-AB42-4C49-9D8B-414BF6D3CEBA}.D3D9_Debug_Static|x64.ActiveCfg = D3D9_Debug_Static|x64
		{41C16973-AB42-4C49-9D8B-414BF6D3CEBA}.D3D9_Debug_Static|x64.Build.0 = D3D9_Debug_Static|x64
		{41C16973-AB42-4C49-9D8B-414BF6D3CEBA}.D3D9_Debug|Win32.ActiveCfg = D3D9_Debug|Win32
		{41C16973-AB42-4C49-9D8B-414BF6D3CEBA}.D3D9_Debug|Win32.Build.0 = D3D9_Debug|Win32
		{41C16973-AB42-4C49-9D8B-414BF6D3CEBA}.D3D9_Debug|x64.ActiveCfg = D3D9_Debug|x64
		{41C16973-AB42-4C49-9D8B-414BF6D3CEBA}.D3D9_Debug|x64.Build.0 = D3D9_Debug|x64
		{41C16973-AB42-4C49-9D8B-414BF6D3CEBA}.D3D9_Release_Static|Win32.ActiveCfg = D3D9_Release_Static|Win32
		{41C16973-AB42-4C49-9D8B-414BF6D3CEBA}.D3D9_Release_Static|Win32.Build.0 = D3D9_Release_Static|Win32
		{41C16973-AB42-4C49-9D8B-414BF6D3CEBA}.D3D9_Release_Static|x64.ActiveCfg = D3D9_Release_Static|x64
		{41C16973-AB42-4C49-9D8B-414BF6D3CEBA}.D3D9_Release_Static|x64.Build.0 = D3D9_Release_Static|x64
		{41C16973-AB42-4C49-9D8B-414BF6D3CEBA}.D3D9_Release|Win32.ActiveCfg = D3D9_Release|Win32
		{41C16973-AB42-4C49-9D8B-414BF6D3CEBA}.D3D9_Release|Win32.Build.0 = D3D9_Release|Win32
		{41C16973-AB42-4C49-9D8B-414BF6D3CEBA}.D3D9_Release|x64.ActiveCfg = D3D9_Release|x64
		{41C16973-AB42-4C49-9D8B-414BF6D3CEBA}.D3D9_Release|x64.Build.0 = D3D9_Release|x64
		{41C16973-AB42-4C49-9D8B-414BF6D3CEBA}.OpenGL_Debug_Static|Win32.ActiveCfg = OpenGL_Debug_Static|Win32
		{41C16973-AB42-4C49-9D8B-414BF6D3CEBA}.OpenGL_Debug_Static|Win32.Build.0 = OpenGL_Debug_Static|Win32
		{41C16973-AB42-4C49-9D8B-414BF6D3CEBA}.OpenGL_Debug_Static|x64.ActiveCfg = OpenGL_Debug_Static|x64
		{41C16973-AB42-4C49-9D8B-414BF6D3CEBA}.OpenGL_Debug_Static|x64.Build.0 = OpenGL_Debug_Static|x64
		{41C16973-AB42-4C49-9D8B-414BF6D3CEBA}.OpenGL_Debug|Win32.ActiveCfg = OpenGL_Debug|Win32
		{41C16973-AB42-4C49-9D8B-414BF6D3CEBA}.OpenGL_Debug|Win32.Build.0 = OpenGL_Debug|Win32
		{41C16973-AB42-4C49-9D8B-414BF6D3CEBA}.OpenGL_Debug|x64.ActiveCfg = OpenGL_Debug|x64
		{41C16973-AB42-4C49-9D8B-414BF6D3CEBA}.OpenGL_Debug|x64.Build.0 = OpenGL_Debug|x64
		{41C16973-AB42-4C49-9D8B-414BF6D3CEBA}.OpenGL_Release_Static|Win32.ActiveCfg = OpenGL_Release_Static|Win32
		{41C16973-AB42-4C49-9D8B-414BF6D3CEBA}.OpenGL_Release_Static|Win32.Build.0 = OpenGL_Release_Static|Win32
		{41C16973-AB42-4C49-9D8B-414BF6D3CEBA}.OpenGL_Release_Static|x64.ActiveCfg = OpenGL_Release_Static|x64
		{41C16973-AB42-4C49-9D8B-414BF6D3CEBA}.OpenGL_Release_Static|x64.Build.0 = OpenGL_Release_Static|x64
		{41C16973-AB42-4C49-9D8B-414BF6D3CEBA}.OpenGL_Release|Win32.ActiveCfg = OpenGL_Release|Win32
		{41C16973-AB42-4C49-9D8B-414BF6D3CEBA}.OpenGL_Release|Win32.Build.0 = OpenGL_Release|Win32
		{41C16973-AB42-4C49-9D8B-414BF6D3CEBA}.OpenGL_Release|x64.ActiveCfg = OpenGL_Release|x64
		{41C16973-AB42-4C49-9D8B-414BF6D3CEBA}.OpenGL_Release|x64.Build.0 = OpenGL_Release|x64
		{1804709B-FE17-49EA-AAD8-875385628BEB}.D3D10_Debug_Static|Win32.ActiveCfg = D3D10_Debug_Static|Win32
		{1804709B-FE17-49EA-AAD8-875385628BEB}.D3D10_Debug_Static|Win32.Build.0 = D3D10_Debug_Static|Win32
		{1804709B-FE17-49EA-AAD8-875385628BEB}.D3D10_Debug_Static|x64.ActiveCfg = D3D10_Debug_Static|x64
		{1804709B-FE17-49EA-AAD8-875385628BEB}.D3D10_Debug_Static|x64.Build.0 = D3D10_Debug_Static|x64
		{1804709B-FE17-49EA-AAD8-875385628BEB}.D3D10_Debug|Win32.ActiveCfg = D3D10_Debug|Win32
		{1804709B-FE17-49EA-AAD8-875385628BEB}.D3D10_Debug|Win32.Build.0 = D3D10_Debug|Win32
		{1804709B-FE17-49EA-AAD8-875385628BEB}.D3D10_Debug|x64.ActiveCfg = D3D10_Debug|x64
		{1804709B-FE17-49EA-AAD8-875385628BEB}.D3D10_Debug|x64.Build.0 = D3D10_Debug|x64
		{1804709B-FE17-49EA-AAD8-875385628BEB}.D3D10_Release_Static|Win32.ActiveCfg = D3D10_Release_Static|Win32
		{1804709B-FE17-49EA-AAD8-875385628BEB}.D3D10_Release_Static|Win32.Build.0 = D3D10_Release_Static|Win32
		{1804709B-FE17-49EA-AAD8-875385628BEB}.D3D10_Release_Static|x64.ActiveCfg = D3D10_Release_Static|x64
		{1804709B-FE17-49EA-AAD8-875385628BEB}.D3D10_Release_Static|x64.Build.0 = D3D10_Release_Static|x64
		{1804709B-FE17-49EA-AAD8-875385628BEB}.D3D10_Release|Win32.ActiveCfg = D3D10_Release|Win32
		{1804709B-FE17-49EA-AAD8-875385628BEB}.D3D10_Release|Win32.Build.0 = D3D10_Release|Win32
		{1804709B-FE17-49EA-AAD8-875385628BEB}.D3D10_Release|x64.ActiveCfg = D3D10_Release|x64
		{1804709B-FE17-49EA-AAD8-875385628BEB}.D3D10_Release|x64.Build.0 = D3D10_Release|x64
		{1804709B-FE17-49EA-AAD8-875385628BEB}.D3D8_Debug_Static|Win32.ActiveCfg = D3D8_Debug_Static|Win32
		{1804709B-FE17-49EA-AAD8-875385628BEB}.D3D8_Debug_Static|Win32.Build.0 = D3D8_Debug_Static|Win32
		{1804709B-FE17-49EA-AAD8-875385628BEB}.D3D8_Debug_Static|x64.ActiveCfg = D3D8_Debug_Static|x64
		{1804709B-FE17-49EA-AAD8-875385628BEB}.D3D8_Debug|Win32.ActiveCfg = D3D8_Debug|Win32
		{1804709B-FE17-49EA-AAD8-875385628BEB}.D3D8_Debug|Win32.Build.0 = D3D8_Debug|Win32
		{1804709B-FE17-49EA-AAD8-875385628BEB}.D3D8_Debug|x64.ActiveCfg = D3D8_Debug|x64
		{1804709B-FE17-49EA-AAD8-875385628BEB}.D3D8_Release_Static|Win32.ActiveCfg = D3D8_Release_Static|Win32
		{1804709B-FE17-49EA-AAD8-875385628BEB}.D3D8_Release_Static|Win32.Build.0 = D3D8_Release_Static|Win32
		{1804709B-FE17-49EA-AAD8-875385628BEB}.D3D8_Release_Static|x64.ActiveCfg = D3D8_Release_Static|x64
		{1804709B-FE17-49EA-AAD8-875385628BEB}.D3D8_Release|Win32.ActiveCfg = D3D8_Release|Win32
		{1804709B-FE17-49EA-AAD8-875385628BEB}.D3D8_Release|Win32.Build.0 = D3D8_Release|Win32
		{1804709B-FE17-49EA-AAD8-875385628BEB}.D3D8_Release|x64.ActiveCfg = D3D8_Release|x64
		{1804709B-FE17-49EA-AAD8-875385628BEB}.D3D9_Debug_Static|Win32.ActiveCfg = D3D9_Debug_Static|Win32
		{1804709B-FE17-49EA-AAD8-875385628BEB}.D3D9_Debug_Static|Win32.Build.0 = D3D9_Debug_Static|Win32
		{1804709B-FE17-49EA-AAD8-875385628BEB}.D3D9_Debug_Static|x64.ActiveCfg = D3D9_Debug_Static|x64
		{1804709B-FE17-49EA-AAD8-875385628BEB}.D3D9_Debug_Static|x64.Build.0 = D3D9_Debug_Static|x64
		{1804709B-FE17-49EA-AAD8-875385628BEB}.D3D9_Debug|Win32.ActiveCfg = D3D9_Debug|Win32
		{1804709B-FE17-49EA-AAD8-875385628BEB}.D3D9_Debug|Win32.Build.0 = D3D9_Debug|Win32
		{1804709B-FE17-49EA-AAD8-875385628BEB}.D3D9_Debug|x64.ActiveCfg = D3D9_Debug|x64
		{1804709B-FE17-49EA-AAD8-875385628BEB}.D3D9_Debug|x64.Build.0 = D3D9_Debug|x64
		{1804709B-FE17-49EA-AAD8-875385628BEB}.D3D9_Release_Static|Win32.ActiveCfg = D3D9_Release_Static|Win32
		{1804709B-FE17-49EA-AAD8-875385628BEB}.D3D9_Release_Static|Win32.Build.0 = D3D9_Release_Static|Win32
		{1804709B-FE17-49EA-AAD8-875385628BEB}.D3D9_Release_Static|x64.ActiveCfg = D3D9_Release_Static|x64
		{1804709B-FE17-49EA-AAD8-875385628BEB}.D3D9_Release_Static|x64.Build.0 = D3D9_Release_Static|x64
		{1804709B-FE17-49EA-AAD8-875385628BEB}.D3D9_Release|Win32.ActiveCfg = D3D9_Release|Win32
		{1804709B-FE17-49EA-AAD8-875385628BEB}.D3D9_Release|Win32.Build.0 = D3D9_Release|Win32
		{1804709B-FE17-49EA-AAD8-875385628BEB}.D3D9_Release|x64.ActiveCfg = D3D9_Release|x64
		{1804709B-FE17-49EA-AAD8-875385628BEB}.D3D9_Release|x64.Build.0 = D3D9_Release|x64
		{1804709B-FE17-49EA-AAD8-875385628BEB}.OpenGL_Debug_Static|Win32.ActiveCfg = OpenGL_Debug_Static|Win32
		{1804709B-FE17-49EA-AAD8-875385628BEB}.OpenGL_Debug_Static|Win32.Build.0 = OpenGL_Debug_Static|Win32
		{1804709B-FE17-49EA-AAD8-875385628BEB}.OpenGL_Debug_Static|x64.ActiveCfg = OpenGL_Debug_Static|x64
		{1804709B-FE17-49EA-AAD8-875385628BEB}.OpenGL_Debug_Static|x64.Build.0 = OpenGL_Debug_Static|x64
		{1804709B-FE17-49EA-AAD8-875385628BEB}.OpenGL_Debug|Win32.ActiveCfg = OpenGL_Debug|Win32
		{1804709B-FE17-49EA-AAD8-875385628BEB}.OpenGL_Debug|Win32.Build.0 = OpenGL_Debug|Win32
		{1804709B-FE17-49EA-AAD8-875385628BEB}.OpenGL_Debug|x64.ActiveCfg = OpenGL_Debug|x64
		{1804709B-FE17-49EA-AAD8-875385628BEB}.OpenGL_Debug|x64.Build.0 = OpenGL_Debug|x64
		{1804709B-FE17-49EA-AAD8-875385628BEB}.OpenGL_Release_Static|Win32.ActiveCfg = OpenGL_Release_Static|Win32
		{1804709B-FE17-49EA-AAD8-875385628BEB}.OpenGL_Release_Static|Win32.Build.0 = OpenGL_Release_Static|Win32
		{1804709B-FE17-49EA-AAD8-875385628BEB}.OpenGL_Release_Static|x64.ActiveCfg = OpenGL_Release_Static|x64
		{1804709B-FE17-49EA-AAD8-875385628BEB}.OpenGL_Release_Static|x64.Build.0 = OpenGL_Release_Static|x64
		{1804709B-FE17-49EA-AAD8-875385628BEB}.OpenGL_Release|Win32.ActiveCfg = OpenGL_Release|Win32
		{1804709B-FE17-49EA-AAD8-875385628BEB}.OpenGL_Release|Win32.Build.0 = OpenGL_Release|Win32
		{1804709B-FE17-49EA-AAD8-875385628BEB}.OpenGL_Release|x64.ActiveCfg = OpenGL_Release|x64
		{1804709B-FE17-49EA-AAD8-875385628BEB}.OpenGL_Release|x64.Build.0 = OpenGL_Release|x64
		{4C83899D-A807-4FE1-93C2-F80F36F1E545}.D3D10_Debug_Static|Win32.ActiveCfg = Debug Static|Win32
		{4C83899D-A807-4FE1-93C2-F80F36F1E545}.D3D10_Debug_Static|Win32.Build.0 = Debug Static|Win32
		{4C83899D-A807-4FE1-93C2-F80F36F1E545}.D3D10_Debug_Static|x64.ActiveCfg = Debug Static|x64
		{4C83899D-A807-4FE1-93C2-F80F36F1E545}.D3D10_Debug_Static|x64.Build.0 = Debug Static|x64
		{4C83899D-A807-4FE1-93C2-F80F36F1E545}.D3D10_Debug|Win32.ActiveCfg = Debug|Win32
		{4C83899D-A807-4FE1-93C2-F80F36F1E545}.D3D10_Debug|Win32.Build.0 = Debug|Win32
		{4C83899D-A807-4FE1-93C2-F80F36F1E545}.D3D10_Debug|x64.ActiveCfg = Debug|x64
		{4C83899D-A807-4FE1-93C2-F80F36F1E545}.D3D10_Debug|x64.Build.0 = Debug|x64
		{4C83899D-A807-4FE1-93C2-F80F36F1E545}.D3D10_Release_Static|Win32.ActiveCfg = Release Static|Win32
		{4C83899D-A807-4FE1-93C2-F80F36F1E545}.D3D10_Release_Static|Win32.Build.0 = Release Static|Win32
		{4C83899D-A807-4FE1-93C2-F80F36F1E545}.D3D10_Release_Static|x64.ActiveCfg = Release Static|x64
		{4C83899D-A807-4FE1-93C2-F80F36F1E545}.D3D10_Release_Static|x64.Build.0 = Release Static|x64
		{4C83899D-A807-4FE1-93C2-F80F36F1E545}.D3D10_Release|Win32.ActiveCfg = Release|Win32
		{4C83899D-A807-4FE1-93C2-F80F36F1E545}.D3D10_Release|Win32.Build.0 = Release|Win32
		{4C83899D-A807-4FE1-93C2-F80F36F1E545}.D3D10_Release|x64.ActiveCfg = Release|x64
		{4C83899D-A807-4FE1-93C2-F80F36F1E545}.D3D10_Release|x64.Build.0 = Release|x64
		{4C83899D-A807-4FE1-93C2-F80F36F1E545}.D3D8_Debug_Static|Win32.ActiveCfg = Debug Static|Win32
		{4C83899D-A807-4FE1-93C2-F80F36F1E545}.D3D8_Debug_Static|Win32.Build.0 = Debug Static|Win32
		{4C83899D-A807-4FE1-93C2-F80F36F1E545}.D3D8_Debug_Static|x64.ActiveCfg = Debug Static|x64
		{4C83899D-A807-4FE1-93C2-F80F36F1E545}.D3D8_Debug|Win32.ActiveCfg = Debug|Win32
		{4C83899D-A807-4FE1-93C2-F80F36F1E545}.D3D8_Debug|Win32.Build.0 = Debug|Win32
		{4C83899D-A807-4FE1-93C2-F80F36F1E545}.D3D8_Debug|x64.ActiveCfg = Debug|x64
		{4C83899D-A807-4FE1-93C2-F80F36F1E545}.D3D8_Release_Static|Win32.ActiveCfg = Release Static|Win32
		{4C83899D-A807-4FE1-93C2-F80F36F1E545}.D3D8_Release_Static|Win32.Build.0 = Release Static|Win32
		{4C83899D-A807-4FE1-93C2-F80F36F1E545}.D3D8_Release_Static|x64.ActiveCfg = Release Static|x64
		{4C83899D-A807-4FE1-93C2-F80F36F1E545}.D3D8_Release|Win32.ActiveCfg = Release|Win32
		{4C83899D-A807-4FE1-93C2-F80F36F1E545}.D3D8_Release|Win32.Build.0 = Release|Win32
		{4C83899D-A807-4FE1-93C2-F80F36F1E545}.D3D8_Release|x64.ActiveCfg = Release|x64
		{4C83899D-A807-4FE1-93C2-F80F36F1E545}.D3D9_Debug_Static|Win32.ActiveCfg = Debug Static|Win32
		{4C83899D-A807-4FE1-93C2-F80F36F1E545}.D3D9_Debug_Static|Win32.Build.0 = Debug Static|Win32
		{4C83899D-A807-4FE1-93C2-F80F36F1E545}.D3D9_Debug_Static|x64.ActiveCfg = Debug Static|x64
		{4C83899D-A807-4FE1-93C2-F80F36F1E545}.D3D9_Debug_Static|x64.Build.0 = Debug Static|x64
		{4C83899D-A807-4FE1-93C2-F80F36F1E545}.D3D9_Debug|Win32.ActiveCfg = Debug|Win32
		{4C83899D-A807-4FE1-93C2-F80F36F1E545}.D3D9_Debug|Win32.Build.0 = Debug|Win32
		{4C83899D-A807-4FE1-93C2-F80F36F1E545}.D3D9_Debug|x64.ActiveCfg = Debug|x64
		{4C83899D-A807-4FE1-93C2-F80F36F1E545}.D3D9_Debug|x64.Build.0 = Debug|x64
		{4C83899D-A807-4FE1-93C2-F80F36F1E545}.D3D9_Release_Static|Win32.ActiveCfg = Release Static|Win32
		{4C83899D-A807-4FE1-93C2-F80F36F1E545}.D3D9_Release_Static|Win32.Build.0 = Release Static|Win32
		{4C83899D-A807-4FE1-93C2-F80F36F1E545}.D3D9_Release_Static|x64.ActiveCfg = Release Static|x64
		{4C83899D-A807-4FE1-93C2-F80F36F1E545}.D3D9_Release_Static|x64.Build.0 = Release Static|x64
		{4C83899D-A807-4FE1-93C2-F80F36F1E545}.D3D9_Release|Win32.ActiveCfg = Release|Win32
		{4C83899D-A807-4FE1-93C2-F80F36F1E545}.D3D9_Release|Win32.Build.0 = Release|Win32
		{4C83899D-A807-4FE1-93C2-F80F36F1E545}.D3D9_Release|x64.ActiveCfg = Release|x64
		{4C83899D-A807-4FE1-93C2-F80F36F1E545}.D3D9_Release|x64.Build.0 = Release|x64
		{4C83899D-A807-4FE1-93C2-F80F36F1E545}.OpenGL_Debug_Static|Win32.ActiveCfg = Debug Static|Win32
		{4C83899D-A807-4FE1-93C2-F80F36F1E545}.OpenGL_Debug_Static|Win32.Build.0 = Debug Static|Win32
		{4C83899D-A807-4FE1-93C2-F80F36F1E545}.OpenGL_Debug_Static|x64.ActiveCfg = Debug Static|x64
		{4C83899D-A807-4FE1-93C2-F80F36F1E545}.OpenGL_Debug_Static|x64.Build.0 = Debug Static|x64
		{4C83899D-A807-4FE1-93C2-F80F36F1E545}.OpenGL_Debug|Win32.ActiveCfg = Debug|Win32
		{4C83899D-A807-4FE1-93C2-F80F36F1E545}.OpenGL_Debug|Win32.Build.0 = Debug|Win32
		{4C83899D-A807-4FE1-93C2-F80F36F1E545}.OpenGL_Debug|x64.ActiveCfg = Debug|x64
		{4C83899D-A807-4FE1-93C2-F80F36F1E545}.OpenGL_Debug|x64.Build.0 = Debug|x64
		{4C83899D-A807-4FE1-93C2-F80F36F1E545}.OpenGL_Release_Static|Win32.ActiveCfg = Release Static|Win32
		{4C83899D-A807-4FE1-93C2-F80F36F1E545}.OpenGL_Release_Static|Win32.Build.0 = Release Static|Win32
		{4C83899D-A807-4FE1-93C2-F80F36F1E545}.OpenGL_Release_Static|x64.ActiveCfg = Release Static|x64
		{4C83899D-A807-4FE1-93C2-F80F36F1E545}.OpenGL_Release_Static|x64.Build.0 = Release Static|x64
		{4C83899D-A807-4FE1-93C2-F80F36F1E545}.OpenGL_Release|Win32.ActiveCfg = Release|Win32
		{4C83899D-A807-4FE1-93C2-F80F36F1E545}.OpenGL_Release|Win32.Build.0 = Release|Win32
		{4C83899D-A807-4FE1-93C2-F80F36F1E545}.OpenGL_Release|x64.ActiveCfg = Release|x64
		{4C83899D-A807-4FE1-93C2-F80F36F1E545}.OpenGL_Release|x64.Build.0 = Release|x64
	EndGlobalSection
	GlobalSection(SolutionProperties) = preSolution
		HideSolutionNode = FALSE
	EndGlobalSection
EndGlobal
