
Microsoft Visual Studio Solution File, Format Version 9.00
# Visual Studio 2005
Project("{8BC9CEB8-8B4A-11D0-8D11-00A0C91BC942}") = "shaders", "shaders.vcproj", "{A43A8D18-EC64-4BEC-9849-E09875982798}"
EndProject
Global
	GlobalSection(SourceCodeControl) = preSolution
		SccNumberOfProjects = 2
		SccLocalPath0 = .
		SccProjectUniqueName1 = shaders.vcproj
		SccLocalPath1 = .
	EndGlobalSection
	GlobalSection(SolutionConfigurationPlatforms) = preSolution
		Final|Xbox 360 = Final|Xbox 360
	EndGlobalSection
	GlobalSection(ProjectConfigurationPlatforms) = postSolution
		{A43A8D18-EC64-4BEC-9849-E09875982798}.Final|Xbox 360.ActiveCfg = Final|Xbox 360
		{A43A8D18-EC64-4BEC-9849-E09875982798}.Final|Xbox 360.Build.0 = Final|Xbox 360
	EndGlobalSection
	GlobalSection(SolutionProperties) = preSolution
		HideSolutionNode = FALSE
	EndGlobalSection
EndGlobal
