
Microsoft Visual Studio Solution File, Format Version 9.00
# Visual Studio 2005
Project("{FAE04EC0-301F-11D3-BF4B-00C04F79EFBC}") = "GenerateScenarioOpenFileLists", "GenerateScenarioOpenFileLists\GenerateScenarioOpenFileLists.csproj", "{3F61DCEF-1251-432F-A664-2B9439A2C2D3}"
EndProject
Global
	GlobalSection(SolutionConfigurationPlatforms) = preSolution
		Debug|Any CPU = Debug|Any CPU
		Release|Any CPU = Release|Any CPU
	EndGlobalSection
	GlobalSection(ProjectConfigurationPlatforms) = postSolution
		{3F61DCEF-1251-432F-A664-2B9439A2C2D3}.Debug|Any CPU.ActiveCfg = Debug|Any CPU
		{3F61DCEF-1251-432F-A664-2B9439A2C2D3}.Debug|Any CPU.Build.0 = Debug|Any CPU
		{3F61DCEF-1251-432F-A664-2B9439A2C2D3}.Release|Any CPU.ActiveCfg = Release|Any CPU
		{3F61DCEF-1251-432F-A664-2B9439A2C2D3}.Release|Any CPU.Build.0 = Release|Any CPU
	EndGlobalSection
	GlobalSection(SolutionProperties) = preSolution
		HideSolutionNode = FALSE
	EndGlobalSection
EndGlobal
