Microsoft Visual Studio Solution File, Format Version 9.00
# Visual Studio 2005
Project("{8BC9CEB8-8B4A-11D0-8D11-00A0C91BC942}") = "AkAudioEngine", "AkAudiolib\Common\AkAudioEngineWin32.vcproj", "{30CF8236-DAB3-4FFA-9C6A-B3CF4FA8B1C5}"
EndProject
Project("{8BC9CEB8-8B4A-11D0-8D11-00A0C91BC942}") = "AkLowerEngine", "AkAudiolib\Common\AkLowerEngineWin32.vcproj", "{2167260B-55D8-4992-85BA-FD1652CE1CC0}"
EndProject
Project("{8BC9CEB8-8B4A-11D0-8D11-00A0C91BC942}") = "AkMemoryMgr", "AkAudiolib\Common\AkMemoryMgrWin32.vcproj", "{63B2EF73-5898-4B2E-AA6B-2DD7051699ED}"
EndProject
Project("{8BC9CEB8-8B4A-11D0-8D11-00A0C91BC942}") = "AkStreamMgr", "..\StreamManager\Win32\AkStreamMgr.vcproj", "{7158CEF1-4D9C-4405-87DF-FF770D9B96F3}"
EndProject
Project("{8BC9CEB8-8B4A-11D0-8D11-00A0C91BC942}") = "AkSoundEngineDLL", "..\..\samples\SoundEngine\Win32\AkSoundEngineDLL.vcproj", "{2A7180F2-FEF6-4566-8A6D-5B734040848F}"
	ProjectSection(ProjectDependencies) = postProject
		{2167260B-55D8-4992-85BA-FD1652CE1CC0} = {2167260B-55D8-4992-85BA-FD1652CE1CC0}
		{920D4812-66E5-4491-8646-5E1E0EC65F61} = {920D4812-66E5-4491-8646-5E1E0EC65F61}
		{3997142F-BE20-4FEE-A05D-30BDCD20D4CB} = {3997142F-BE20-4FEE-A05D-30BDCD20D4CB}
		{F975A743-4D73-4AAE-873A-0F2348D503DE} = {F975A743-4D73-4AAE-873A-0F2348D503DE}
		{143CBC72-907F-4837-970A-159FB734ACCA} = {143CBC72-907F-4837-970A-159FB734ACCA}
		{02FE35AB-FECE-485B-9F34-38254B7F77C2} = {02FE35AB-FECE-485B-9F34-38254B7F77C2}
		{8D54A55B-1894-4A9F-A44A-49C507015AF9} = {8D54A55B-1894-4A9F-A44A-49C507015AF9}
		{52F3EB39-40A6-4B91-9B74-DBDA6AB7BBEB} = {52F3EB39-40A6-4B91-9B74-DBDA6AB7BBEB}
		{6297911B-155D-475F-8171-61CF231280EF} = {6297911B-155D-475F-8171-61CF231280EF}
		{74DDE821-95C8-4E07-BC21-0229807683A7} = {74DDE821-95C8-4E07-BC21-0229807683A7}
		{5D20412D-D730-4B1D-9DE8-5D74B89B7BDD} = {5D20412D-D730-4B1D-9DE8-5D74B89B7BDD}
		{CF61FD2E-B041-4D43-922B-AE84A9C04F53} = {CF61FD2E-B041-4D43-922B-AE84A9C04F53}
		{FBA7C430-8D25-4FE6-B5C5-40D32960A831} = {FBA7C430-8D25-4FE6-B5C5-40D32960A831}
		{05444333-2D97-4DC2-A03B-1BEECE1B9016} = {05444333-2D97-4DC2-A03B-1BEECE1B9016}
		{30CF8236-DAB3-4FFA-9C6A-B3CF4FA8B1C5} = {30CF8236-DAB3-4FFA-9C6A-B3CF4FA8B1C5}
		{63B2EF73-5898-4B2E-AA6B-2DD7051699ED} = {63B2EF73-5898-4B2E-AA6B-2DD7051699ED}
		{6FB51480-715D-49F7-BF4F-0E5F9C034C90} = {6FB51480-715D-49F7-BF4F-0E5F9C034C90}
		{53C42920-99E0-4095-A3EA-16F1BFF03089} = {53C42920-99E0-4095-A3EA-16F1BFF03089}
		{FF09572E-1856-4A2A-B5FA-9FBB22CD4859} = {FF09572E-1856-4A2A-B5FA-9FBB22CD4859}
		{A1F7A902-6BE2-4DEF-9CB7-B745497575A9} = {A1F7A902-6BE2-4DEF-9CB7-B745497575A9}
		{4A5B3C27-2E1E-48E1-AE35-D348DD3A8A29} = {4A5B3C27-2E1E-48E1-AE35-D348DD3A8A29}
		{D24846C4-409B-4247-BD7B-E7857CB0FD63} = {D24846C4-409B-4247-BD7B-E7857CB0FD63}
		{2926B3F0-128E-4B7C-AC5B-78EE20995BEF} = {2926B3F0-128E-4B7C-AC5B-78EE20995BEF}
		{47188D31-4620-46DF-8822-2907F8B269F1} = {47188D31-4620-46DF-8822-2907F8B269F1}
		{7158CEF1-4D9C-4405-87DF-FF770D9B96F3} = {7158CEF1-4D9C-4405-87DF-FF770D9B96F3}
	EndProjectSection
EndProject
Project("{8BC9CEB8-8B4A-11D0-8D11-00A0C91BC942}") = "AkMusicEngine", "AkMusicEngine\AkMusicEngineWin32.vcproj", "{5D20412D-D730-4B1D-9DE8-5D74B89B7BDD}"
EndProject
Project("{8BC9CEB8-8B4A-11D0-8D11-00A0C91BC942}") = "CommunicationCentral", "Communication\Remote\PC\CommunicationCentral.vcproj", "{6297911B-155D-475F-8171-61CF231280EF}"
EndProject
Project("{8BC9CEB8-8B4A-11D0-8D11-00A0C91BC942}") = "ProxyCentral", "SoundEngineProxy\Remote\PC\ProxyCentral.vcproj", "{CF61FD2E-B041-4D43-922B-AE84A9C04F53}"
EndProject
Project("{8BC9CEB8-8B4A-11D0-8D11-00A0C91BC942}") = "ProxyMusic", "SoundEngineProxy\Remote\PC\ProxyMusic\ProxyMusic.vcproj", "{74DDE821-95C8-4E07-BC21-0229807683A7}"
EndProject
Project("{2150E333-8FDC-42A3-9474-1A3956D46DE8}") = "Plugins", "Plugins", "{712EECB1-D8C3-46CC-AD34-4D262BA9E4F1}"
EndProject
Project("{2150E333-8FDC-42A3-9474-1A3956D46DE8}") = "Effects", "Effects", "{5312AE19-7BCD-489B-B9F4-D58014D2A9EB}"
EndProject
Project("{2150E333-8FDC-42A3-9474-1A3956D46DE8}") = "Motion", "Motion", "{EE9956D7-EDB7-486C-B961-9788F94439E0}"
EndProject
Project("{2150E333-8FDC-42A3-9474-1A3956D46DE8}") = "Devices", "Devices", "{B893D1B3-C0E2-42FA-BAF9-39ACA03EE512}"
EndProject
Project("{2150E333-8FDC-42A3-9474-1A3956D46DE8}") = "Sources", "Sources", "{0DD5D7C7-1DC5-4529-8815-6F56F6A873C5}"
EndProject
Project("{8BC9CEB8-8B4A-11D0-8D11-00A0C91BC942}") = "AkDBox", "Plugins\Motion\Devices\D-BOX\Win32\AkDBox.vcproj", "{05444333-2D97-4DC2-A03B-1BEECE1B9016}"
EndProject
Project("{8BC9CEB8-8B4A-11D0-8D11-00A0C91BC942}") = "AkRumble", "Plugins\Motion\Devices\Rumble\AkRumbleWin32.vcproj", "{FBA7C430-8D25-4FE6-B5C5-40D32960A831}"
EndProject
Project("{8BC9CEB8-8B4A-11D0-8D11-00A0C91BC942}") = "AkDBoxPitchRollHeave", "Plugins\Motion\Sources\DBoxPitchRollHeave\AkDBoxPitchRollHeaveWin32.vcproj", "{47188D31-4620-46DF-8822-2907F8B269F1}"
EndProject
Project("{8BC9CEB8-8B4A-11D0-8D11-00A0C91BC942}") = "AkMotionGenerator", "Plugins\Motion\Sources\MotionGenerator\AkMotionGeneratorWin32.vcproj", "{4A5B3C27-2E1E-48E1-AE35-D348DD3A8A29}"
EndProject
Project("{8BC9CEB8-8B4A-11D0-8D11-00A0C91BC942}") = "AkCompressorFX", "Plugins\Effects\AkCompressor\AkCompressorFXWin32.vcproj", "{920D4812-66E5-4491-8646-5E1E0EC65F61}"
EndProject
Project("{8BC9CEB8-8B4A-11D0-8D11-00A0C91BC942}") = "AkExpanderFX", "Plugins\Effects\AkExpander\AkExpanderFXWin32.vcproj", "{2926B3F0-128E-4B7C-AC5B-78EE20995BEF}"
EndProject
Project("{8BC9CEB8-8B4A-11D0-8D11-00A0C91BC942}") = "AkMatrixReverbFX", "Plugins\Effects\AkFDNReverb\Win32\AkFDNReverbFXWin32.vcproj", "{D24846C4-409B-4247-BD7B-E7857CB0FD63}"
EndProject
Project("{8BC9CEB8-8B4A-11D0-8D11-00A0C91BC942}") = "AkParametricEQFX", "Plugins\Effects\AkParametricEQ\Win32\AkParametricEQFXWin32.vcproj", "{A1F7A902-6BE2-4DEF-9CB7-B745497575A9}"
EndProject
Project("{8BC9CEB8-8B4A-11D0-8D11-00A0C91BC942}") = "AkPeakLimiterFX", "Plugins\Effects\AkPeakLimiter\Win32\AkPeakLimiterFXWin32.vcproj", "{FF09572E-1856-4A2A-B5FA-9FBB22CD4859}"
EndProject
Project("{8BC9CEB8-8B4A-11D0-8D11-00A0C91BC942}") = "AkReverbFX", "Plugins\Effects\AkReverb\Win32\AkReverbFXWin32.vcproj", "{53C42920-99E0-4095-A3EA-16F1BFF03089}"
EndProject
Project("{8BC9CEB8-8B4A-11D0-8D11-00A0C91BC942}") = "AkReverbLiteFX", "Plugins\Effects\AkSimpleVerb\Win32\AkSimpleVerbFXWin32.vcproj", "{6FB51480-715D-49F7-BF4F-0E5F9C034C90}"
EndProject
Project("{2150E333-8FDC-42A3-9474-1A3956D46DE8}") = "Codecs", "Codecs", "{79F0A2E3-8740-483E-A43E-EAA096CB82D4}"
EndProject
Project("{2150E333-8FDC-42A3-9474-1A3956D46DE8}") = "AkVorbisDecoder", "AkVorbisDecoder", "{00F94BA5-6F89-4C40-BD77-9FD73D78C02E}"
EndProject
Project("{8BC9CEB8-8B4A-11D0-8D11-00A0C91BC942}") = "AkVorbisDecoder", "Codecs\AkVorbisDecoder\AkVorbisDecoderWin32.vcproj", "{F975A743-4D73-4AAE-873A-0F2348D503DE}"
EndProject
Project("{2150E333-8FDC-42A3-9474-1A3956D46DE8}") = "Communication - Proxy", "Communication - Proxy", "{8961F4D3-FFF9-4F37-B428-CF48C73CC1F1}"
EndProject
Project("{2150E333-8FDC-42A3-9474-1A3956D46DE8}") = "Sources", "Sources", "{0D79F598-DBB7-43F1-BBEF-974CC0591737}"
EndProject
Project("{8BC9CEB8-8B4A-11D0-8D11-00A0C91BC942}") = "AkSilenceSource", "Plugins\Sources\AkSilenceSource\AkSilenceGenWin32.vcproj", "{143CBC72-907F-4837-970A-159FB734ACCA}"
EndProject
Project("{8BC9CEB8-8B4A-11D0-8D11-00A0C91BC942}") = "AkAudioInputSource", "..\..\samples\Plugins\AkAudioInput\Sources\AudioEngineFX\AkAudioInputSourceWin32.vcproj", "{52F3EB39-40A6-4B91-9B74-DBDA6AB7BBEB}"
EndProject
Project("{8BC9CEB8-8B4A-11D0-8D11-00A0C91BC942}") = "AkSineSource", "..\..\samples\Plugins\AkSineTone\Sources\AudioEngineFX\AkSineToneWin32.vcproj", "{02FE35AB-FECE-485B-9F34-38254B7F77C2}"
EndProject
Project("{8BC9CEB8-8B4A-11D0-8D11-00A0C91BC942}") = "AkToneSource", "..\..\samples\Plugins\AkToneGenerator\Sources\AudioEngineFX\AkToneGenWin32.vcproj", "{3997142F-BE20-4FEE-A05D-30BDCD20D4CB}"
EndProject
Project("{8BC9CEB8-8B4A-11D0-8D11-00A0C91BC942}") = "AkDelayFX", "..\..\samples\Plugins\AkDelay\Sources\AudioEngineFX\AkDelayFXWin32.vcproj", "{8D54A55B-1894-4A9F-A44A-49C507015AF9}"
EndProject
Global
	GlobalSection(SolutionConfigurationPlatforms) = preSolution
		Debug(StaticCRT)|Win32 = Debug(StaticCRT)|Win32
		Debug|Win32 = Debug|Win32
		Profile(StaticCRT)|Win32 = Profile(StaticCRT)|Win32
		Profile|Win32 = Profile|Win32
		Release(StaticCRT)|Win32 = Release(StaticCRT)|Win32
		Release|Win32 = Release|Win32
	EndGlobalSection
	GlobalSection(ProjectConfigurationPlatforms) = postSolution
		{30CF8236-DAB3-4FFA-9C6A-B3CF4FA8B1C5}.Debug(StaticCRT)|Win32.ActiveCfg = Debug(StaticCRT)|Win32
		{30CF8236-DAB3-4FFA-9C6A-B3CF4FA8B1C5}.Debug(StaticCRT)|Win32.Build.0 = Debug(StaticCRT)|Win32
		{30CF8236-DAB3-4FFA-9C6A-B3CF4FA8B1C5}.Debug|Win32.ActiveCfg = Debug|Win32
		{30CF8236-DAB3-4FFA-9C6A-B3CF4FA8B1C5}.Debug|Win32.Build.0 = Debug|Win32
		{30CF8236-DAB3-4FFA-9C6A-B3CF4FA8B1C5}.Profile(StaticCRT)|Win32.ActiveCfg = Profile(StaticCRT)|Win32
		{30CF8236-DAB3-4FFA-9C6A-B3CF4FA8B1C5}.Profile(StaticCRT)|Win32.Build.0 = Profile(StaticCRT)|Win32
		{30CF8236-DAB3-4FFA-9C6A-B3CF4FA8B1C5}.Profile|Win32.ActiveCfg = Profile|Win32
		{30CF8236-DAB3-4FFA-9C6A-B3CF4FA8B1C5}.Profile|Win32.Build.0 = Profile|Win32
		{30CF8236-DAB3-4FFA-9C6A-B3CF4FA8B1C5}.Release(StaticCRT)|Win32.ActiveCfg = Release(StaticCRT)|Win32
		{30CF8236-DAB3-4FFA-9C6A-B3CF4FA8B1C5}.Release(StaticCRT)|Win32.Build.0 = Release(StaticCRT)|Win32
		{30CF8236-DAB3-4FFA-9C6A-B3CF4FA8B1C5}.Release|Win32.ActiveCfg = Release|Win32
		{30CF8236-DAB3-4FFA-9C6A-B3CF4FA8B1C5}.Release|Win32.Build.0 = Release|Win32
		{2167260B-55D8-4992-85BA-FD1652CE1CC0}.Debug(StaticCRT)|Win32.ActiveCfg = Debug(StaticCRT)|Win32
		{2167260B-55D8-4992-85BA-FD1652CE1CC0}.Debug(StaticCRT)|Win32.Build.0 = Debug(StaticCRT)|Win32
		{2167260B-55D8-4992-85BA-FD1652CE1CC0}.Debug|Win32.ActiveCfg = Debug|Win32
		{2167260B-55D8-4992-85BA-FD1652CE1CC0}.Debug|Win32.Build.0 = Debug|Win32
		{2167260B-55D8-4992-85BA-FD1652CE1CC0}.Profile(StaticCRT)|Win32.ActiveCfg = Profile(StaticCRT)|Win32
		{2167260B-55D8-4992-85BA-FD1652CE1CC0}.Profile(StaticCRT)|Win32.Build.0 = Profile(StaticCRT)|Win32
		{2167260B-55D8-4992-85BA-FD1652CE1CC0}.Profile|Win32.ActiveCfg = Profile|Win32
		{2167260B-55D8-4992-85BA-FD1652CE1CC0}.Profile|Win32.Build.0 = Profile|Win32
		{2167260B-55D8-4992-85BA-FD1652CE1CC0}.Release(StaticCRT)|Win32.ActiveCfg = Release(StaticCRT)|Win32
		{2167260B-55D8-4992-85BA-FD1652CE1CC0}.Release(StaticCRT)|Win32.Build.0 = Release(StaticCRT)|Win32
		{2167260B-55D8-4992-85BA-FD1652CE1CC0}.Release|Win32.ActiveCfg = Release|Win32
		{2167260B-55D8-4992-85BA-FD1652CE1CC0}.Release|Win32.Build.0 = Release|Win32
		{63B2EF73-5898-4B2E-AA6B-2DD7051699ED}.Debug(StaticCRT)|Win32.ActiveCfg = Debug(StaticCRT)|Win32
		{63B2EF73-5898-4B2E-AA6B-2DD7051699ED}.Debug(StaticCRT)|Win32.Build.0 = Debug(StaticCRT)|Win32
		{63B2EF73-5898-4B2E-AA6B-2DD7051699ED}.Debug|Win32.ActiveCfg = Debug|Win32
		{63B2EF73-5898-4B2E-AA6B-2DD7051699ED}.Debug|Win32.Build.0 = Debug|Win32
		{63B2EF73-5898-4B2E-AA6B-2DD7051699ED}.Profile(StaticCRT)|Win32.ActiveCfg = Profile(StaticCRT)|Win32
		{63B2EF73-5898-4B2E-AA6B-2DD7051699ED}.Profile(StaticCRT)|Win32.Build.0 = Profile(StaticCRT)|Win32
		{63B2EF73-5898-4B2E-AA6B-2DD7051699ED}.Profile|Win32.ActiveCfg = Profile|Win32
		{63B2EF73-5898-4B2E-AA6B-2DD7051699ED}.Profile|Win32.Build.0 = Profile|Win32
		{63B2EF73-5898-4B2E-AA6B-2DD7051699ED}.Release(StaticCRT)|Win32.ActiveCfg = Release(StaticCRT)|Win32
		{63B2EF73-5898-4B2E-AA6B-2DD7051699ED}.Release(StaticCRT)|Win32.Build.0 = Release(StaticCRT)|Win32
		{63B2EF73-5898-4B2E-AA6B-2DD7051699ED}.Release|Win32.ActiveCfg = Release|Win32
		{63B2EF73-5898-4B2E-AA6B-2DD7051699ED}.Release|Win32.Build.0 = Release|Win32
		{7158CEF1-4D9C-4405-87DF-FF770D9B96F3}.Debug(StaticCRT)|Win32.ActiveCfg = Debug(StaticCRT)|Win32
		{7158CEF1-4D9C-4405-87DF-FF770D9B96F3}.Debug(StaticCRT)|Win32.Build.0 = Debug(StaticCRT)|Win32
		{7158CEF1-4D9C-4405-87DF-FF770D9B96F3}.Debug|Win32.ActiveCfg = Debug|Win32
		{7158CEF1-4D9C-4405-87DF-FF770D9B96F3}.Debug|Win32.Build.0 = Debug|Win32
		{7158CEF1-4D9C-4405-87DF-FF770D9B96F3}.Profile(StaticCRT)|Win32.ActiveCfg = Profile(StaticCRT)|Win32
		{7158CEF1-4D9C-4405-87DF-FF770D9B96F3}.Profile(StaticCRT)|Win32.Build.0 = Profile(StaticCRT)|Win32
		{7158CEF1-4D9C-4405-87DF-FF770D9B96F3}.Profile|Win32.ActiveCfg = Profile|Win32
		{7158CEF1-4D9C-4405-87DF-FF770D9B96F3}.Profile|Win32.Build.0 = Profile|Win32
		{7158CEF1-4D9C-4405-87DF-FF770D9B96F3}.Release(StaticCRT)|Win32.ActiveCfg = Release(StaticCRT)|Win32
		{7158CEF1-4D9C-4405-87DF-FF770D9B96F3}.Release(StaticCRT)|Win32.Build.0 = Release(StaticCRT)|Win32
		{7158CEF1-4D9C-4405-87DF-FF770D9B96F3}.Release|Win32.ActiveCfg = Release|Win32
		{7158CEF1-4D9C-4405-87DF-FF770D9B96F3}.Release|Win32.Build.0 = Release|Win32
		{2A7180F2-FEF6-4566-8A6D-5B734040848F}.Debug(StaticCRT)|Win32.ActiveCfg = Debug|Win32
		{2A7180F2-FEF6-4566-8A6D-5B734040848F}.Debug|Win32.ActiveCfg = Debug|Win32
		{2A7180F2-FEF6-4566-8A6D-5B734040848F}.Debug|Win32.Build.0 = Debug|Win32
		{2A7180F2-FEF6-4566-8A6D-5B734040848F}.Profile(StaticCRT)|Win32.ActiveCfg = Profile|Win32
		{2A7180F2-FEF6-4566-8A6D-5B734040848F}.Profile|Win32.ActiveCfg = Profile|Win32
		{2A7180F2-FEF6-4566-8A6D-5B734040848F}.Profile|Win32.Build.0 = Profile|Win32
		{2A7180F2-FEF6-4566-8A6D-5B734040848F}.Release(StaticCRT)|Win32.ActiveCfg = Release|Win32
		{2A7180F2-FEF6-4566-8A6D-5B734040848F}.Release|Win32.ActiveCfg = Release|Win32
		{2A7180F2-FEF6-4566-8A6D-5B734040848F}.Release|Win32.Build.0 = Release|Win32
		{5D20412D-D730-4B1D-9DE8-5D74B89B7BDD}.Debug(StaticCRT)|Win32.ActiveCfg = Debug(StaticCRT)|Win32
		{5D20412D-D730-4B1D-9DE8-5D74B89B7BDD}.Debug(StaticCRT)|Win32.Build.0 = Debug(StaticCRT)|Win32
		{5D20412D-D730-4B1D-9DE8-5D74B89B7BDD}.Debug|Win32.ActiveCfg = Debug|Win32
		{5D20412D-D730-4B1D-9DE8-5D74B89B7BDD}.Debug|Win32.Build.0 = Debug|Win32
		{5D20412D-D730-4B1D-9DE8-5D74B89B7BDD}.Profile(StaticCRT)|Win32.ActiveCfg = Profile(StaticCRT)|Win32
		{5D20412D-D730-4B1D-9DE8-5D74B89B7BDD}.Profile(StaticCRT)|Win32.Build.0 = Profile(StaticCRT)|Win32
		{5D20412D-D730-4B1D-9DE8-5D74B89B7BDD}.Profile|Win32.ActiveCfg = Profile|Win32
		{5D20412D-D730-4B1D-9DE8-5D74B89B7BDD}.Profile|Win32.Build.0 = Profile|Win32
		{5D20412D-D730-4B1D-9DE8-5D74B89B7BDD}.Release(StaticCRT)|Win32.ActiveCfg = Release(StaticCRT)|Win32
		{5D20412D-D730-4B1D-9DE8-5D74B89B7BDD}.Release(StaticCRT)|Win32.Build.0 = Release(StaticCRT)|Win32
		{5D20412D-D730-4B1D-9DE8-5D74B89B7BDD}.Release|Win32.ActiveCfg = Release|Win32
		{5D20412D-D730-4B1D-9DE8-5D74B89B7BDD}.Release|Win32.Build.0 = Release|Win32
		{6297911B-155D-475F-8171-61CF231280EF}.Debug(StaticCRT)|Win32.ActiveCfg = Debug(StaticCRT)|Win32
		{6297911B-155D-475F-8171-61CF231280EF}.Debug(StaticCRT)|Win32.Build.0 = Debug(StaticCRT)|Win32
		{6297911B-155D-475F-8171-61CF231280EF}.Debug|Win32.ActiveCfg = Debug|Win32
		{6297911B-155D-475F-8171-61CF231280EF}.Debug|Win32.Build.0 = Debug|Win32
		{6297911B-155D-475F-8171-61CF231280EF}.Profile(StaticCRT)|Win32.ActiveCfg = Profile(StaticCRT)|Win32
		{6297911B-155D-475F-8171-61CF231280EF}.Profile(StaticCRT)|Win32.Build.0 = Profile(StaticCRT)|Win32
		{6297911B-155D-475F-8171-61CF231280EF}.Profile|Win32.ActiveCfg = Profile|Win32
		{6297911B-155D-475F-8171-61CF231280EF}.Profile|Win32.Build.0 = Profile|Win32
		{6297911B-155D-475F-8171-61CF231280EF}.Release(StaticCRT)|Win32.ActiveCfg = Profile|Win32
		{6297911B-155D-475F-8171-61CF231280EF}.Release|Win32.ActiveCfg = Profile|Win32
		{CF61FD2E-B041-4D43-922B-AE84A9C04F53}.Debug(StaticCRT)|Win32.ActiveCfg = Debug(StaticCRT)|Win32
		{CF61FD2E-B041-4D43-922B-AE84A9C04F53}.Debug(StaticCRT)|Win32.Build.0 = Debug(StaticCRT)|Win32
		{CF61FD2E-B041-4D43-922B-AE84A9C04F53}.Debug|Win32.ActiveCfg = Debug|Win32
		{CF61FD2E-B041-4D43-922B-AE84A9C04F53}.Debug|Win32.Build.0 = Debug|Win32
		{CF61FD2E-B041-4D43-922B-AE84A9C04F53}.Profile(StaticCRT)|Win32.ActiveCfg = Profile(StaticCRT)|Win32
		{CF61FD2E-B041-4D43-922B-AE84A9C04F53}.Profile(StaticCRT)|Win32.Build.0 = Profile(StaticCRT)|Win32
		{CF61FD2E-B041-4D43-922B-AE84A9C04F53}.Profile|Win32.ActiveCfg = Profile|Win32
		{CF61FD2E-B041-4D43-922B-AE84A9C04F53}.Profile|Win32.Build.0 = Profile|Win32
		{CF61FD2E-B041-4D43-922B-AE84A9C04F53}.Release(StaticCRT)|Win32.ActiveCfg = Profile|Win32
		{CF61FD2E-B041-4D43-922B-AE84A9C04F53}.Release|Win32.ActiveCfg = Profile|Win32
		{74DDE821-95C8-4E07-BC21-0229807683A7}.Debug(StaticCRT)|Win32.ActiveCfg = Debug(StaticCRT)|Win32
		{74DDE821-95C8-4E07-BC21-0229807683A7}.Debug(StaticCRT)|Win32.Build.0 = Debug(StaticCRT)|Win32
		{74DDE821-95C8-4E07-BC21-0229807683A7}.Debug|Win32.ActiveCfg = Debug|Win32
		{74DDE821-95C8-4E07-BC21-0229807683A7}.Debug|Win32.Build.0 = Debug|Win32
		{74DDE821-95C8-4E07-BC21-0229807683A7}.Profile(StaticCRT)|Win32.ActiveCfg = Profile(StaticCRT)|Win32
		{74DDE821-95C8-4E07-BC21-0229807683A7}.Profile(StaticCRT)|Win32.Build.0 = Profile(StaticCRT)|Win32
		{74DDE821-95C8-4E07-BC21-0229807683A7}.Profile|Win32.ActiveCfg = Profile|Win32
		{74DDE821-95C8-4E07-BC21-0229807683A7}.Profile|Win32.Build.0 = Profile|Win32
		{74DDE821-95C8-4E07-BC21-0229807683A7}.Release(StaticCRT)|Win32.ActiveCfg = Profile|Win32
		{74DDE821-95C8-4E07-BC21-0229807683A7}.Release|Win32.ActiveCfg = Profile|Win32
		{05444333-2D97-4DC2-A03B-1BEECE1B9016}.Debug(StaticCRT)|Win32.ActiveCfg = Debug(StaticCRT)|Win32
		{05444333-2D97-4DC2-A03B-1BEECE1B9016}.Debug(StaticCRT)|Win32.Build.0 = Debug(StaticCRT)|Win32
		{05444333-2D97-4DC2-A03B-1BEECE1B9016}.Debug|Win32.ActiveCfg = Debug|Win32
		{05444333-2D97-4DC2-A03B-1BEECE1B9016}.Debug|Win32.Build.0 = Debug|Win32
		{05444333-2D97-4DC2-A03B-1BEECE1B9016}.Profile(StaticCRT)|Win32.ActiveCfg = Profile(StaticCRT)|Win32
		{05444333-2D97-4DC2-A03B-1BEECE1B9016}.Profile(StaticCRT)|Win32.Build.0 = Profile(StaticCRT)|Win32
		{05444333-2D97-4DC2-A03B-1BEECE1B9016}.Profile|Win32.ActiveCfg = Profile|Win32
		{05444333-2D97-4DC2-A03B-1BEECE1B9016}.Profile|Win32.Build.0 = Profile|Win32
		{05444333-2D97-4DC2-A03B-1BEECE1B9016}.Release(StaticCRT)|Win32.ActiveCfg = Release(StaticCRT)|Win32
		{05444333-2D97-4DC2-A03B-1BEECE1B9016}.Release(StaticCRT)|Win32.Build.0 = Release(StaticCRT)|Win32
		{05444333-2D97-4DC2-A03B-1BEECE1B9016}.Release|Win32.ActiveCfg = Release|Win32
		{05444333-2D97-4DC2-A03B-1BEECE1B9016}.Release|Win32.Build.0 = Release|Win32
		{FBA7C430-8D25-4FE6-B5C5-40D32960A831}.Debug(StaticCRT)|Win32.ActiveCfg = Debug(StaticCRT)|Win32
		{FBA7C430-8D25-4FE6-B5C5-40D32960A831}.Debug(StaticCRT)|Win32.Build.0 = Debug(StaticCRT)|Win32
		{FBA7C430-8D25-4FE6-B5C5-40D32960A831}.Debug|Win32.ActiveCfg = Debug|Win32
		{FBA7C430-8D25-4FE6-B5C5-40D32960A831}.Debug|Win32.Build.0 = Debug|Win32
		{FBA7C430-8D25-4FE6-B5C5-40D32960A831}.Profile(StaticCRT)|Win32.ActiveCfg = Profile(StaticCRT)|Win32
		{FBA7C430-8D25-4FE6-B5C5-40D32960A831}.Profile(StaticCRT)|Win32.Build.0 = Profile(StaticCRT)|Win32
		{FBA7C430-8D25-4FE6-B5C5-40D32960A831}.Profile|Win32.ActiveCfg = Profile|Win32
		{FBA7C430-8D25-4FE6-B5C5-40D32960A831}.Profile|Win32.Build.0 = Profile|Win32
		{FBA7C430-8D25-4FE6-B5C5-40D32960A831}.Release(StaticCRT)|Win32.ActiveCfg = Release(StaticCRT)|Win32
		{FBA7C430-8D25-4FE6-B5C5-40D32960A831}.Release(StaticCRT)|Win32.Build.0 = Release(StaticCRT)|Win32
		{FBA7C430-8D25-4FE6-B5C5-40D32960A831}.Release|Win32.ActiveCfg = Release|Win32
		{FBA7C430-8D25-4FE6-B5C5-40D32960A831}.Release|Win32.Build.0 = Release|Win32
		{47188D31-4620-46DF-8822-2907F8B269F1}.Debug(StaticCRT)|Win32.ActiveCfg = Debug(StaticCRT)|Win32
		{47188D31-4620-46DF-8822-2907F8B269F1}.Debug(StaticCRT)|Win32.Build.0 = Debug(StaticCRT)|Win32
		{47188D31-4620-46DF-8822-2907F8B269F1}.Debug|Win32.ActiveCfg = Debug|Win32
		{47188D31-4620-46DF-8822-2907F8B269F1}.Debug|Win32.Build.0 = Debug|Win32
		{47188D31-4620-46DF-8822-2907F8B269F1}.Profile(StaticCRT)|Win32.ActiveCfg = Profile(StaticCRT)|Win32
		{47188D31-4620-46DF-8822-2907F8B269F1}.Profile(StaticCRT)|Win32.Build.0 = Profile(StaticCRT)|Win32
		{47188D31-4620-46DF-8822-2907F8B269F1}.Profile|Win32.ActiveCfg = Profile|Win32
		{47188D31-4620-46DF-8822-2907F8B269F1}.Profile|Win32.Build.0 = Profile|Win32
		{47188D31-4620-46DF-8822-2907F8B269F1}.Release(StaticCRT)|Win32.ActiveCfg = Release(StaticCRT)|Win32
		{47188D31-4620-46DF-8822-2907F8B269F1}.Release(StaticCRT)|Win32.Build.0 = Release(StaticCRT)|Win32
		{47188D31-4620-46DF-8822-2907F8B269F1}.Release|Win32.ActiveCfg = Release|Win32
		{47188D31-4620-46DF-8822-2907F8B269F1}.Release|Win32.Build.0 = Release|Win32
		{4A5B3C27-2E1E-48E1-AE35-D348DD3A8A29}.Debug(StaticCRT)|Win32.ActiveCfg = Debug(StaticCRT)|Win32
		{4A5B3C27-2E1E-48E1-AE35-D348DD3A8A29}.Debug(StaticCRT)|Win32.Build.0 = Debug(StaticCRT)|Win32
		{4A5B3C27-2E1E-48E1-AE35-D348DD3A8A29}.Debug|Win32.ActiveCfg = Debug|Win32
		{4A5B3C27-2E1E-48E1-AE35-D348DD3A8A29}.Debug|Win32.Build.0 = Debug|Win32
		{4A5B3C27-2E1E-48E1-AE35-D348DD3A8A29}.Profile(StaticCRT)|Win32.ActiveCfg = Profile(StaticCRT)|Win32
		{4A5B3C27-2E1E-48E1-AE35-D348DD3A8A29}.Profile(StaticCRT)|Win32.Build.0 = Profile(StaticCRT)|Win32
		{4A5B3C27-2E1E-48E1-AE35-D348DD3A8A29}.Profile|Win32.ActiveCfg = Profile|Win32
		{4A5B3C27-2E1E-48E1-AE35-D348DD3A8A29}.Profile|Win32.Build.0 = Profile|Win32
		{4A5B3C27-2E1E-48E1-AE35-D348DD3A8A29}.Release(StaticCRT)|Win32.ActiveCfg = Release(StaticCRT)|Win32
		{4A5B3C27-2E1E-48E1-AE35-D348DD3A8A29}.Release(StaticCRT)|Win32.Build.0 = Release(StaticCRT)|Win32
		{4A5B3C27-2E1E-48E1-AE35-D348DD3A8A29}.Release|Win32.ActiveCfg = Release|Win32
		{4A5B3C27-2E1E-48E1-AE35-D348DD3A8A29}.Release|Win32.Build.0 = Release|Win32
		{920D4812-66E5-4491-8646-5E1E0EC65F61}.Debug(StaticCRT)|Win32.ActiveCfg = Debug(StaticCRT)|Win32
		{920D4812-66E5-4491-8646-5E1E0EC65F61}.Debug(StaticCRT)|Win32.Build.0 = Debug(StaticCRT)|Win32
		{920D4812-66E5-4491-8646-5E1E0EC65F61}.Debug|Win32.ActiveCfg = Debug|Win32
		{920D4812-66E5-4491-8646-5E1E0EC65F61}.Debug|Win32.Build.0 = Debug|Win32
		{920D4812-66E5-4491-8646-5E1E0EC65F61}.Profile(StaticCRT)|Win32.ActiveCfg = Profile(StaticCRT)|Win32
		{920D4812-66E5-4491-8646-5E1E0EC65F61}.Profile(StaticCRT)|Win32.Build.0 = Profile(StaticCRT)|Win32
		{920D4812-66E5-4491-8646-5E1E0EC65F61}.Profile|Win32.ActiveCfg = Profile|Win32
		{920D4812-66E5-4491-8646-5E1E0EC65F61}.Profile|Win32.Build.0 = Profile|Win32
		{920D4812-66E5-4491-8646-5E1E0EC65F61}.Release(StaticCRT)|Win32.ActiveCfg = Release(StaticCRT)|Win32
		{920D4812-66E5-4491-8646-5E1E0EC65F61}.Release(StaticCRT)|Win32.Build.0 = Release(StaticCRT)|Win32
		{920D4812-66E5-4491-8646-5E1E0EC65F61}.Release|Win32.ActiveCfg = Release|Win32
		{920D4812-66E5-4491-8646-5E1E0EC65F61}.Release|Win32.Build.0 = Release|Win32
		{2926B3F0-128E-4B7C-AC5B-78EE20995BEF}.Debug(StaticCRT)|Win32.ActiveCfg = Debug(StaticCRT)|Win32
		{2926B3F0-128E-4B7C-AC5B-78EE20995BEF}.Debug(StaticCRT)|Win32.Build.0 = Debug(StaticCRT)|Win32
		{2926B3F0-128E-4B7C-AC5B-78EE20995BEF}.Debug|Win32.ActiveCfg = Debug|Win32
		{2926B3F0-128E-4B7C-AC5B-78EE20995BEF}.Debug|Win32.Build.0 = Debug|Win32
		{2926B3F0-128E-4B7C-AC5B-78EE20995BEF}.Profile(StaticCRT)|Win32.ActiveCfg = Profile(StaticCRT)|Win32
		{2926B3F0-128E-4B7C-AC5B-78EE20995BEF}.Profile(StaticCRT)|Win32.Build.0 = Profile(StaticCRT)|Win32
		{2926B3F0-128E-4B7C-AC5B-78EE20995BEF}.Profile|Win32.ActiveCfg = Profile|Win32
		{2926B3F0-128E-4B7C-AC5B-78EE20995BEF}.Profile|Win32.Build.0 = Profile|Win32
		{2926B3F0-128E-4B7C-AC5B-78EE20995BEF}.Release(StaticCRT)|Win32.ActiveCfg = Release(StaticCRT)|Win32
		{2926B3F0-128E-4B7C-AC5B-78EE20995BEF}.Release(StaticCRT)|Win32.Build.0 = Release(StaticCRT)|Win32
		{2926B3F0-128E-4B7C-AC5B-78EE20995BEF}.Release|Win32.ActiveCfg = Release|Win32
		{2926B3F0-128E-4B7C-AC5B-78EE20995BEF}.Release|Win32.Build.0 = Release|Win32
		{D24846C4-409B-4247-BD7B-E7857CB0FD63}.Debug(StaticCRT)|Win32.ActiveCfg = Debug(StaticCRT)|Win32
		{D24846C4-409B-4247-BD7B-E7857CB0FD63}.Debug(StaticCRT)|Win32.Build.0 = Debug(StaticCRT)|Win32
		{D24846C4-409B-4247-BD7B-E7857CB0FD63}.Debug|Win32.ActiveCfg = Debug|Win32
		{D24846C4-409B-4247-BD7B-E7857CB0FD63}.Debug|Win32.Build.0 = Debug|Win32
		{D24846C4-409B-4247-BD7B-E7857CB0FD63}.Profile(StaticCRT)|Win32.ActiveCfg = Profile(StaticCRT)|Win32
		{D24846C4-409B-4247-BD7B-E7857CB0FD63}.Profile(StaticCRT)|Win32.Build.0 = Profile(StaticCRT)|Win32
		{D24846C4-409B-4247-BD7B-E7857CB0FD63}.Profile|Win32.ActiveCfg = Profile|Win32
		{D24846C4-409B-4247-BD7B-E7857CB0FD63}.Profile|Win32.Build.0 = Profile|Win32
		{D24846C4-409B-4247-BD7B-E7857CB0FD63}.Release(StaticCRT)|Win32.ActiveCfg = Release(StaticCRT)|Win32
		{D24846C4-409B-4247-BD7B-E7857CB0FD63}.Release(StaticCRT)|Win32.Build.0 = Release(StaticCRT)|Win32
		{D24846C4-409B-4247-BD7B-E7857CB0FD63}.Release|Win32.ActiveCfg = Release|Win32
		{D24846C4-409B-4247-BD7B-E7857CB0FD63}.Release|Win32.Build.0 = Release|Win32
		{A1F7A902-6BE2-4DEF-9CB7-B745497575A9}.Debug(StaticCRT)|Win32.ActiveCfg = Debug(StaticCRT)|Win32
		{A1F7A902-6BE2-4DEF-9CB7-B745497575A9}.Debug(StaticCRT)|Win32.Build.0 = Debug(StaticCRT)|Win32
		{A1F7A902-6BE2-4DEF-9CB7-B745497575A9}.Debug|Win32.ActiveCfg = Debug|Win32
		{A1F7A902-6BE2-4DEF-9CB7-B745497575A9}.Debug|Win32.Build.0 = Debug|Win32
		{A1F7A902-6BE2-4DEF-9CB7-B745497575A9}.Profile(StaticCRT)|Win32.ActiveCfg = Profile(StaticCRT)|Win32
		{A1F7A902-6BE2-4DEF-9CB7-B745497575A9}.Profile(StaticCRT)|Win32.Build.0 = Profile(StaticCRT)|Win32
		{A1F7A902-6BE2-4DEF-9CB7-B745497575A9}.Profile|Win32.ActiveCfg = Profile|Win32
		{A1F7A902-6BE2-4DEF-9CB7-B745497575A9}.Profile|Win32.Build.0 = Profile|Win32
		{A1F7A902-6BE2-4DEF-9CB7-B745497575A9}.Release(StaticCRT)|Win32.ActiveCfg = Release(StaticCRT)|Win32
		{A1F7A902-6BE2-4DEF-9CB7-B745497575A9}.Release(StaticCRT)|Win32.Build.0 = Release(StaticCRT)|Win32
		{A1F7A902-6BE2-4DEF-9CB7-B745497575A9}.Release|Win32.ActiveCfg = Release|Win32
		{A1F7A902-6BE2-4DEF-9CB7-B745497575A9}.Release|Win32.Build.0 = Release|Win32
		{FF09572E-1856-4A2A-B5FA-9FBB22CD4859}.Debug(StaticCRT)|Win32.ActiveCfg = Debug(StaticCRT)|Win32
		{FF09572E-1856-4A2A-B5FA-9FBB22CD4859}.Debug(StaticCRT)|Win32.Build.0 = Debug(StaticCRT)|Win32
		{FF09572E-1856-4A2A-B5FA-9FBB22CD4859}.Debug|Win32.ActiveCfg = Debug|Win32
		{FF09572E-1856-4A2A-B5FA-9FBB22CD4859}.Debug|Win32.Build.0 = Debug|Win32
		{FF09572E-1856-4A2A-B5FA-9FBB22CD4859}.Profile(StaticCRT)|Win32.ActiveCfg = Profile(StaticCRT)|Win32
		{FF09572E-1856-4A2A-B5FA-9FBB22CD4859}.Profile(StaticCRT)|Win32.Build.0 = Profile(StaticCRT)|Win32
		{FF09572E-1856-4A2A-B5FA-9FBB22CD4859}.Profile|Win32.ActiveCfg = Profile|Win32
		{FF09572E-1856-4A2A-B5FA-9FBB22CD4859}.Profile|Win32.Build.0 = Profile|Win32
		{FF09572E-1856-4A2A-B5FA-9FBB22CD4859}.Release(StaticCRT)|Win32.ActiveCfg = Release(StaticCRT)|Win32
		{FF09572E-1856-4A2A-B5FA-9FBB22CD4859}.Release(StaticCRT)|Win32.Build.0 = Release(StaticCRT)|Win32
		{FF09572E-1856-4A2A-B5FA-9FBB22CD4859}.Release|Win32.ActiveCfg = Release|Win32
		{FF09572E-1856-4A2A-B5FA-9FBB22CD4859}.Release|Win32.Build.0 = Release|Win32
		{53C42920-99E0-4095-A3EA-16F1BFF03089}.Debug(StaticCRT)|Win32.ActiveCfg = Debug(StaticCRT)|Win32
		{53C42920-99E0-4095-A3EA-16F1BFF03089}.Debug(StaticCRT)|Win32.Build.0 = Debug(StaticCRT)|Win32
		{53C42920-99E0-4095-A3EA-16F1BFF03089}.Debug|Win32.ActiveCfg = Debug|Win32
		{53C42920-99E0-4095-A3EA-16F1BFF03089}.Debug|Win32.Build.0 = Debug|Win32
		{53C42920-99E0-4095-A3EA-16F1BFF03089}.Profile(StaticCRT)|Win32.ActiveCfg = Profile(StaticCRT)|Win32
		{53C42920-99E0-4095-A3EA-16F1BFF03089}.Profile(StaticCRT)|Win32.Build.0 = Profile(StaticCRT)|Win32
		{53C42920-99E0-4095-A3EA-16F1BFF03089}.Profile|Win32.ActiveCfg = Profile|Win32
		{53C42920-99E0-4095-A3EA-16F1BFF03089}.Profile|Win32.Build.0 = Profile|Win32
		{53C42920-99E0-4095-A3EA-16F1BFF03089}.Release(StaticCRT)|Win32.ActiveCfg = Release(StaticCRT)|Win32
		{53C42920-99E0-4095-A3EA-16F1BFF03089}.Release(StaticCRT)|Win32.Build.0 = Release(StaticCRT)|Win32
		{53C42920-99E0-4095-A3EA-16F1BFF03089}.Release|Win32.ActiveCfg = Release|Win32
		{53C42920-99E0-4095-A3EA-16F1BFF03089}.Release|Win32.Build.0 = Release|Win32
		{6FB51480-715D-49F7-BF4F-0E5F9C034C90}.Debug(StaticCRT)|Win32.ActiveCfg = Debug(StaticCRT)|Win32
		{6FB51480-715D-49F7-BF4F-0E5F9C034C90}.Debug(StaticCRT)|Win32.Build.0 = Debug(StaticCRT)|Win32
		{6FB51480-715D-49F7-BF4F-0E5F9C034C90}.Debug|Win32.ActiveCfg = Debug|Win32
		{6FB51480-715D-49F7-BF4F-0E5F9C034C90}.Debug|Win32.Build.0 = Debug|Win32
		{6FB51480-715D-49F7-BF4F-0E5F9C034C90}.Profile(StaticCRT)|Win32.ActiveCfg = Profile(StaticCRT)|Win32
		{6FB51480-715D-49F7-BF4F-0E5F9C034C90}.Profile(StaticCRT)|Win32.Build.0 = Profile(StaticCRT)|Win32
		{6FB51480-715D-49F7-BF4F-0E5F9C034C90}.Profile|Win32.ActiveCfg = Profile|Win32
		{6FB51480-715D-49F7-BF4F-0E5F9C034C90}.Profile|Win32.Build.0 = Profile|Win32
		{6FB51480-715D-49F7-BF4F-0E5F9C034C90}.Release(StaticCRT)|Win32.ActiveCfg = Release(StaticCRT)|Win32
		{6FB51480-715D-49F7-BF4F-0E5F9C034C90}.Release(StaticCRT)|Win32.Build.0 = Release(StaticCRT)|Win32
		{6FB51480-715D-49F7-BF4F-0E5F9C034C90}.Release|Win32.ActiveCfg = Release|Win32
		{6FB51480-715D-49F7-BF4F-0E5F9C034C90}.Release|Win32.Build.0 = Release|Win32
		{F975A743-4D73-4AAE-873A-0F2348D503DE}.Debug(StaticCRT)|Win32.ActiveCfg = Debug(StaticCRT)|Win32
		{F975A743-4D73-4AAE-873A-0F2348D503DE}.Debug(StaticCRT)|Win32.Build.0 = Debug(StaticCRT)|Win32
		{F975A743-4D73-4AAE-873A-0F2348D503DE}.Debug|Win32.ActiveCfg = Debug|Win32
		{F975A743-4D73-4AAE-873A-0F2348D503DE}.Debug|Win32.Build.0 = Debug|Win32
		{F975A743-4D73-4AAE-873A-0F2348D503DE}.Profile(StaticCRT)|Win32.ActiveCfg = Profile(StaticCRT)|Win32
		{F975A743-4D73-4AAE-873A-0F2348D503DE}.Profile(StaticCRT)|Win32.Build.0 = Profile(StaticCRT)|Win32
		{F975A743-4D73-4AAE-873A-0F2348D503DE}.Profile|Win32.ActiveCfg = Profile|Win32
		{F975A743-4D73-4AAE-873A-0F2348D503DE}.Profile|Win32.Build.0 = Profile|Win32
		{F975A743-4D73-4AAE-873A-0F2348D503DE}.Release(StaticCRT)|Win32.ActiveCfg = Release(StaticCRT)|Win32
		{F975A743-4D73-4AAE-873A-0F2348D503DE}.Release(StaticCRT)|Win32.Build.0 = Release(StaticCRT)|Win32
		{F975A743-4D73-4AAE-873A-0F2348D503DE}.Release|Win32.ActiveCfg = Release|Win32
		{F975A743-4D73-4AAE-873A-0F2348D503DE}.Release|Win32.Build.0 = Release|Win32
		{143CBC72-907F-4837-970A-159FB734ACCA}.Debug(StaticCRT)|Win32.ActiveCfg = Debug(StaticCRT)|Win32
		{143CBC72-907F-4837-970A-159FB734ACCA}.Debug(StaticCRT)|Win32.Build.0 = Debug(StaticCRT)|Win32
		{143CBC72-907F-4837-970A-159FB734ACCA}.Debug|Win32.ActiveCfg = Debug|Win32
		{143CBC72-907F-4837-970A-159FB734ACCA}.Debug|Win32.Build.0 = Debug|Win32
		{143CBC72-907F-4837-970A-159FB734ACCA}.Profile(StaticCRT)|Win32.ActiveCfg = Profile(StaticCRT)|Win32
		{143CBC72-907F-4837-970A-159FB734ACCA}.Profile(StaticCRT)|Win32.Build.0 = Profile(StaticCRT)|Win32
		{143CBC72-907F-4837-970A-159FB734ACCA}.Profile|Win32.ActiveCfg = Profile|Win32
		{143CBC72-907F-4837-970A-159FB734ACCA}.Profile|Win32.Build.0 = Profile|Win32
		{143CBC72-907F-4837-970A-159FB734ACCA}.Release(StaticCRT)|Win32.ActiveCfg = Release(StaticCRT)|Win32
		{143CBC72-907F-4837-970A-159FB734ACCA}.Release(StaticCRT)|Win32.Build.0 = Release(StaticCRT)|Win32
		{143CBC72-907F-4837-970A-159FB734ACCA}.Release|Win32.ActiveCfg = Release|Win32
		{143CBC72-907F-4837-970A-159FB734ACCA}.Release|Win32.Build.0 = Release|Win32
		{52F3EB39-40A6-4B91-9B74-DBDA6AB7BBEB}.Debug(StaticCRT)|Win32.ActiveCfg = Debug(StaticCRT)|Win32
		{52F3EB39-40A6-4B91-9B74-DBDA6AB7BBEB}.Debug(StaticCRT)|Win32.Build.0 = Debug(StaticCRT)|Win32
		{52F3EB39-40A6-4B91-9B74-DBDA6AB7BBEB}.Debug|Win32.ActiveCfg = Debug|Win32
		{52F3EB39-40A6-4B91-9B74-DBDA6AB7BBEB}.Debug|Win32.Build.0 = Debug|Win32
		{52F3EB39-40A6-4B91-9B74-DBDA6AB7BBEB}.Profile(StaticCRT)|Win32.ActiveCfg = Profile(StaticCRT)|Win32
		{52F3EB39-40A6-4B91-9B74-DBDA6AB7BBEB}.Profile(StaticCRT)|Win32.Build.0 = Profile(StaticCRT)|Win32
		{52F3EB39-40A6-4B91-9B74-DBDA6AB7BBEB}.Profile|Win32.ActiveCfg = Profile|Win32
		{52F3EB39-40A6-4B91-9B74-DBDA6AB7BBEB}.Profile|Win32.Build.0 = Profile|Win32
		{52F3EB39-40A6-4B91-9B74-DBDA6AB7BBEB}.Release(StaticCRT)|Win32.ActiveCfg = Release(StaticCRT)|Win32
		{52F3EB39-40A6-4B91-9B74-DBDA6AB7BBEB}.Release(StaticCRT)|Win32.Build.0 = Release(StaticCRT)|Win32
		{52F3EB39-40A6-4B91-9B74-DBDA6AB7BBEB}.Release|Win32.ActiveCfg = Release|Win32
		{52F3EB39-40A6-4B91-9B74-DBDA6AB7BBEB}.Release|Win32.Build.0 = Release|Win32
		{02FE35AB-FECE-485B-9F34-38254B7F77C2}.Debug(StaticCRT)|Win32.ActiveCfg = Debug(StaticCRT)|Win32
		{02FE35AB-FECE-485B-9F34-38254B7F77C2}.Debug(StaticCRT)|Win32.Build.0 = Debug(StaticCRT)|Win32
		{02FE35AB-FECE-485B-9F34-38254B7F77C2}.Debug|Win32.ActiveCfg = Debug|Win32
		{02FE35AB-FECE-485B-9F34-38254B7F77C2}.Debug|Win32.Build.0 = Debug|Win32
		{02FE35AB-FECE-485B-9F34-38254B7F77C2}.Profile(StaticCRT)|Win32.ActiveCfg = Profile(StaticCRT)|Win32
		{02FE35AB-FECE-485B-9F34-38254B7F77C2}.Profile(StaticCRT)|Win32.Build.0 = Profile(StaticCRT)|Win32
		{02FE35AB-FECE-485B-9F34-38254B7F77C2}.Profile|Win32.ActiveCfg = Profile|Win32
		{02FE35AB-FECE-485B-9F34-38254B7F77C2}.Profile|Win32.Build.0 = Profile|Win32
		{02FE35AB-FECE-485B-9F34-38254B7F77C2}.Release(StaticCRT)|Win32.ActiveCfg = Release(StaticCRT)|Win32
		{02FE35AB-FECE-485B-9F34-38254B7F77C2}.Release(StaticCRT)|Win32.Build.0 = Release(StaticCRT)|Win32
		{02FE35AB-FECE-485B-9F34-38254B7F77C2}.Release|Win32.ActiveCfg = Release|Win32
		{02FE35AB-FECE-485B-9F34-38254B7F77C2}.Release|Win32.Build.0 = Release|Win32
		{3997142F-BE20-4FEE-A05D-30BDCD20D4CB}.Debug(StaticCRT)|Win32.ActiveCfg = Debug(StaticCRT)|Win32
		{3997142F-BE20-4FEE-A05D-30BDCD20D4CB}.Debug(StaticCRT)|Win32.Build.0 = Debug(StaticCRT)|Win32
		{3997142F-BE20-4FEE-A05D-30BDCD20D4CB}.Debug|Win32.ActiveCfg = Debug|Win32
		{3997142F-BE20-4FEE-A05D-30BDCD20D4CB}.Debug|Win32.Build.0 = Debug|Win32
		{3997142F-BE20-4FEE-A05D-30BDCD20D4CB}.Profile(StaticCRT)|Win32.ActiveCfg = Profile(StaticCRT)|Win32
		{3997142F-BE20-4FEE-A05D-30BDCD20D4CB}.Profile(StaticCRT)|Win32.Build.0 = Profile(StaticCRT)|Win32
		{3997142F-BE20-4FEE-A05D-30BDCD20D4CB}.Profile|Win32.ActiveCfg = Profile|Win32
		{3997142F-BE20-4FEE-A05D-30BDCD20D4CB}.Profile|Win32.Build.0 = Profile|Win32
		{3997142F-BE20-4FEE-A05D-30BDCD20D4CB}.Release(StaticCRT)|Win32.ActiveCfg = Release(StaticCRT)|Win32
		{3997142F-BE20-4FEE-A05D-30BDCD20D4CB}.Release(StaticCRT)|Win32.Build.0 = Release(StaticCRT)|Win32
		{3997142F-BE20-4FEE-A05D-30BDCD20D4CB}.Release|Win32.ActiveCfg = Release|Win32
		{3997142F-BE20-4FEE-A05D-30BDCD20D4CB}.Release|Win32.Build.0 = Release|Win32
		{8D54A55B-1894-4A9F-A44A-49C507015AF9}.Debug(StaticCRT)|Win32.ActiveCfg = Debug(StaticCRT)|Win32
		{8D54A55B-1894-4A9F-A44A-49C507015AF9}.Debug(StaticCRT)|Win32.Build.0 = Debug(StaticCRT)|Win32
		{8D54A55B-1894-4A9F-A44A-49C507015AF9}.Debug|Win32.ActiveCfg = Debug|Win32
		{8D54A55B-1894-4A9F-A44A-49C507015AF9}.Debug|Win32.Build.0 = Debug|Win32
		{8D54A55B-1894-4A9F-A44A-49C507015AF9}.Profile(StaticCRT)|Win32.ActiveCfg = Profile(StaticCRT)|Win32
		{8D54A55B-1894-4A9F-A44A-49C507015AF9}.Profile(StaticCRT)|Win32.Build.0 = Profile(StaticCRT)|Win32
		{8D54A55B-1894-4A9F-A44A-49C507015AF9}.Profile|Win32.ActiveCfg = Profile|Win32
		{8D54A55B-1894-4A9F-A44A-49C507015AF9}.Profile|Win32.Build.0 = Profile|Win32
		{8D54A55B-1894-4A9F-A44A-49C507015AF9}.Release(StaticCRT)|Win32.ActiveCfg = Release(StaticCRT)|Win32
		{8D54A55B-1894-4A9F-A44A-49C507015AF9}.Release(StaticCRT)|Win32.Build.0 = Release(StaticCRT)|Win32
		{8D54A55B-1894-4A9F-A44A-49C507015AF9}.Release|Win32.ActiveCfg = Release|Win32
		{8D54A55B-1894-4A9F-A44A-49C507015AF9}.Release|Win32.Build.0 = Release|Win32
	EndGlobalSection
	GlobalSection(SolutionProperties) = preSolution
		HideSolutionNode = FALSE
	EndGlobalSection
	GlobalSection(NestedProjects) = preSolution
		{CF61FD2E-B041-4D43-922B-AE84A9C04F53} = {8961F4D3-FFF9-4F37-B428-CF48C73CC1F1}
		{74DDE821-95C8-4E07-BC21-0229807683A7} = {8961F4D3-FFF9-4F37-B428-CF48C73CC1F1}
		{6297911B-155D-475F-8171-61CF231280EF} = {8961F4D3-FFF9-4F37-B428-CF48C73CC1F1}
		{5312AE19-7BCD-489B-B9F4-D58014D2A9EB} = {712EECB1-D8C3-46CC-AD34-4D262BA9E4F1}
		{EE9956D7-EDB7-486C-B961-9788F94439E0} = {712EECB1-D8C3-46CC-AD34-4D262BA9E4F1}
		{0D79F598-DBB7-43F1-BBEF-974CC0591737} = {712EECB1-D8C3-46CC-AD34-4D262BA9E4F1}
		{920D4812-66E5-4491-8646-5E1E0EC65F61} = {5312AE19-7BCD-489B-B9F4-D58014D2A9EB}
		{2926B3F0-128E-4B7C-AC5B-78EE20995BEF} = {5312AE19-7BCD-489B-B9F4-D58014D2A9EB}
		{D24846C4-409B-4247-BD7B-E7857CB0FD63} = {5312AE19-7BCD-489B-B9F4-D58014D2A9EB}
		{A1F7A902-6BE2-4DEF-9CB7-B745497575A9} = {5312AE19-7BCD-489B-B9F4-D58014D2A9EB}
		{FF09572E-1856-4A2A-B5FA-9FBB22CD4859} = {5312AE19-7BCD-489B-B9F4-D58014D2A9EB}
		{53C42920-99E0-4095-A3EA-16F1BFF03089} = {5312AE19-7BCD-489B-B9F4-D58014D2A9EB}
		{6FB51480-715D-49F7-BF4F-0E5F9C034C90} = {5312AE19-7BCD-489B-B9F4-D58014D2A9EB}
		{8D54A55B-1894-4A9F-A44A-49C507015AF9} = {5312AE19-7BCD-489B-B9F4-D58014D2A9EB}
		{B893D1B3-C0E2-42FA-BAF9-39ACA03EE512} = {EE9956D7-EDB7-486C-B961-9788F94439E0}
		{0DD5D7C7-1DC5-4529-8815-6F56F6A873C5} = {EE9956D7-EDB7-486C-B961-9788F94439E0}
		{05444333-2D97-4DC2-A03B-1BEECE1B9016} = {B893D1B3-C0E2-42FA-BAF9-39ACA03EE512}
		{FBA7C430-8D25-4FE6-B5C5-40D32960A831} = {B893D1B3-C0E2-42FA-BAF9-39ACA03EE512}
		{47188D31-4620-46DF-8822-2907F8B269F1} = {0DD5D7C7-1DC5-4529-8815-6F56F6A873C5}
		{4A5B3C27-2E1E-48E1-AE35-D348DD3A8A29} = {0DD5D7C7-1DC5-4529-8815-6F56F6A873C5}
		{00F94BA5-6F89-4C40-BD77-9FD73D78C02E} = {79F0A2E3-8740-483E-A43E-EAA096CB82D4}
		{F975A743-4D73-4AAE-873A-0F2348D503DE} = {00F94BA5-6F89-4C40-BD77-9FD73D78C02E}
		{143CBC72-907F-4837-970A-159FB734ACCA} = {0D79F598-DBB7-43F1-BBEF-974CC0591737}
		{52F3EB39-40A6-4B91-9B74-DBDA6AB7BBEB} = {0D79F598-DBB7-43F1-BBEF-974CC0591737}
		{02FE35AB-FECE-485B-9F34-38254B7F77C2} = {0D79F598-DBB7-43F1-BBEF-974CC0591737}
		{3997142F-BE20-4FEE-A05D-30BDCD20D4CB} = {0D79F598-DBB7-43F1-BBEF-974CC0591737}
	EndGlobalSection
EndGlobal
