
Microsoft Visual Studio Solution File, Format Version 9.00
# Visual Studio 2005
Project("{FAE04EC0-301F-11D3-BF4B-00C04F79EFBC}") = "AkFilePackager", "AkFilePackager.csproj", "{A35FB735-820C-4521-AFEE-55C2CC194400}"
EndProject
Global
	GlobalSection(SolutionConfigurationPlatforms) = preSolution
		Debug|Any CPU = Debug|Any CPU
		Release|Any CPU = Release|Any CPU
	EndGlobalSection
	GlobalSection(ProjectConfigurationPlatforms) = postSolution
		{A35FB735-820C-4521-AFEE-55C2CC194400}.Debug|Any CPU.ActiveCfg = Debug|Any CPU
		{A35FB735-820C-4521-AFEE-55C2CC194400}.Debug|Any CPU.Build.0 = Debug|Any CPU
		{A35FB735-820C-4521-AFEE-55C2CC194400}.Release|Any CPU.ActiveCfg = Release|Any CPU
		{A35FB735-820C-4521-AFEE-55C2CC194400}.Release|Any CPU.Build.0 = Release|Any CPU
	EndGlobalSection
	GlobalSection(SolutionProperties) = preSolution
		HideSolutionNode = FALSE
	EndGlobalSection
EndGlobal
