Microsoft Visual Studio Solution File, Format Version 9.00
# Visual Studio 2005
Project("{8BC9CEB8-8B4A-11D0-8D11-00A0C91BC942}") = "Static_Linking_PathEngine_on_Xbox360", "Static_Linking_PathEngine_on_Xbox360.vcproj", "{9011A4CD-D0B6-4B96-A81E-6EF5375D152F}"
EndProject
Global
	GlobalSection(SolutionConfigurationPlatforms) = preSolution
		Debug|Xbox 360 = Debug|Xbox 360
		Profile_FastCap|Xbox 360 = Profile_FastCap|Xbox 360
		Profile|Xbox 360 = Profile|Xbox 360
		Release_LTCG|Xbox 360 = Release_LTCG|Xbox 360
		Release|Xbox 360 = Release|Xbox 360
	EndGlobalSection
	GlobalSection(ProjectConfigurationPlatforms) = postSolution
		{9011A4CD-D0B6-4B96-A81E-6EF5375D152F}.Debug|Xbox 360.ActiveCfg = Debug|Xbox 360
		{9011A4CD-D0B6-4B96-A81E-6EF5375D152F}.Debug|Xbox 360.Build.0 = Debug|Xbox 360
		{9011A4CD-D0B6-4B96-A81E-6EF5375D152F}.Profile_FastCap|Xbox 360.ActiveCfg = Profile_FastCap|Xbox 360
		{9011A4CD-D0B6-4B96-A81E-6EF5375D152F}.Profile_FastCap|Xbox 360.Build.0 = Profile_FastCap|Xbox 360
		{9011A4CD-D0B6-4B96-A81E-6EF5375D152F}.Profile|Xbox 360.ActiveCfg = Profile|Xbox 360
		{9011A4CD-D0B6-4B96-A81E-6EF5375D152F}.Profile|Xbox 360.Build.0 = Profile|Xbox 360
		{9011A4CD-D0B6-4B96-A81E-6EF5375D152F}.Release_LTCG|Xbox 360.ActiveCfg = Release_LTCG|Xbox 360
		{9011A4CD-D0B6-4B96-A81E-6EF5375D152F}.Release_LTCG|Xbox 360.Build.0 = Release_LTCG|Xbox 360
		{9011A4CD-D0B6-4B96-A81E-6EF5375D152F}.Release|Xbox 360.ActiveCfg = Release|Xbox 360
		{9011A4CD-D0B6-4B96-A81E-6EF5375D152F}.Release|Xbox 360.Build.0 = Release|Xbox 360
	EndGlobalSection
	GlobalSection(SolutionProperties) = preSolution
		HideSolutionNode = FALSE
	EndGlobalSection
EndGlobal
