
Microsoft Visual Studio Solution File, Format Version 9.00
# Visual Studio 2005
Project("{54435603-DBB4-11D2-8724-00A0C9A8B90C}") = "PhoenixEditor_CRT_Files", "PhoenixEditor_CRT_Files\PhoenixEditor_CRT_Files.vdproj", "{F98981F1-7F98-4C83-966B-01BA8EC23AD4}"
EndProject
Global
	GlobalSection(SolutionConfigurationPlatforms) = preSolution
		Debug|Default = Debug|Default
		Release|Default = Release|Default
	EndGlobalSection
	GlobalSection(ProjectConfigurationPlatforms) = postSolution
		{F98981F1-7F98-4C83-966B-01BA8EC23AD4}.Debug|Default.ActiveCfg = Debug
		{F98981F1-7F98-4C83-966B-01BA8EC23AD4}.Debug|Default.Build.0 = Debug
		{F98981F1-7F98-4C83-966B-01BA8EC23AD4}.Release|Default.ActiveCfg = Release
		{F98981F1-7F98-4C83-966B-01BA8EC23AD4}.Release|Default.Build.0 = Release
	EndGlobalSection
	GlobalSection(SolutionProperties) = preSolution
		HideSolutionNode = FALSE
	EndGlobalSection
EndGlobal
