
Microsoft Visual Studio Solution File, Format Version 9.00
# Visual Studio 2005
Project("{8BC9CEB8-8B4A-11D0-8D11-00A0C91BC942}") = "hwZip", "hwZip.vcproj", "{613AFD5D-3393-436A-8671-A0A2DF7943B1}"
	ProjectSection(ProjectDependencies) = postProject
		{1E6CB453-DFFD-4E64-B95F-63641B7D8971} = {1E6CB453-DFFD-4E64-B95F-63641B7D8971}
		{D35114E9-75CE-4DCA-8667-55FFE8887306} = {D35114E9-75CE-4DCA-8667-55FFE8887306}
		{FC19316B-CBC6-4396-8B57-7651E617A369} = {FC19316B-CBC6-4396-8B57-7651E617A369}
	EndProjectSection
EndProject
Project("{8BC9CEB8-8B4A-11D0-8D11-00A0C91BC942}") = "xcore", "..\..\xcore\xcore.vcproj", "{FC19316B-CBC6-4396-8B57-7651E617A369}"
EndProject
Project("{8BC9CEB8-8B4A-11D0-8D11-00A0C91BC942}") = "compression", "..\..\compression\compression.vcproj", "{1E6CB453-DFFD-4E64-B95F-63641B7D8971}"
EndProject
Project("{8BC9CEB8-8B4A-11D0-8D11-00A0C91BC942}") = "ximage", "..\..\ximage\ximage.vcproj", "{D35114E9-75CE-4DCA-8667-55FFE8887306}"
EndProject
Global
	GlobalSection(SourceCodeControl) = preSolution
		SccNumberOfProjects = 5
		SccProjectUniqueName0 = ..\\..\\xcore\\xcore.vcproj
		SccLocalPath0 = ..\\..
		SccProjectFilePathRelativizedFromConnection0 = xcore\\
		SccProjectUniqueName1 = ..\\..\\compression\\compression.vcproj
		SccLocalPath1 = ..\\..
		SccProjectFilePathRelativizedFromConnection1 = compression\\
		SccProjectUniqueName2 = ..\\..\\ximage\\ximage.vcproj
		SccLocalPath2 = ..\\..
		SccProjectFilePathRelativizedFromConnection2 = ximage\\
		SccLocalPath3 = .
		SccProjectUniqueName4 = hwZip.vcproj
		SccLocalPath4 = .
	EndGlobalSection
	GlobalSection(SolutionConfigurationPlatforms) = preSolution
		Debug|Win32 = Debug|Win32
		Debug|Xbox 360 = Debug|Xbox 360
		Final|Win32 = Final|Win32
		Final|Xbox 360 = Final|Xbox 360
	EndGlobalSection
	GlobalSection(ProjectConfigurationPlatforms) = postSolution
		{613AFD5D-3393-436A-8671-A0A2DF7943B1}.Debug|Win32.ActiveCfg = Debug|Win32
		{613AFD5D-3393-436A-8671-A0A2DF7943B1}.Debug|Win32.Build.0 = Debug|Win32
		{613AFD5D-3393-436A-8671-A0A2DF7943B1}.Debug|Xbox 360.ActiveCfg = Debug|Win32
		{613AFD5D-3393-436A-8671-A0A2DF7943B1}.Final|Win32.ActiveCfg = Final|Win32
		{613AFD5D-3393-436A-8671-A0A2DF7943B1}.Final|Win32.Build.0 = Final|Win32
		{613AFD5D-3393-436A-8671-A0A2DF7943B1}.Final|Xbox 360.ActiveCfg = Final|Win32
		{FC19316B-CBC6-4396-8B57-7651E617A369}.Debug|Win32.ActiveCfg = Debug|Win32
		{FC19316B-CBC6-4396-8B57-7651E617A369}.Debug|Win32.Build.0 = Debug|Win32
		{FC19316B-CBC6-4396-8B57-7651E617A369}.Debug|Xbox 360.ActiveCfg = Debug|Xbox 360
		{FC19316B-CBC6-4396-8B57-7651E617A369}.Debug|Xbox 360.Build.0 = Debug|Xbox 360
		{FC19316B-CBC6-4396-8B57-7651E617A369}.Final|Win32.ActiveCfg = Final|Win32
		{FC19316B-CBC6-4396-8B57-7651E617A369}.Final|Win32.Build.0 = Final|Win32
		{FC19316B-CBC6-4396-8B57-7651E617A369}.Final|Xbox 360.ActiveCfg = Final|Xbox 360
		{FC19316B-CBC6-4396-8B57-7651E617A369}.Final|Xbox 360.Build.0 = Final|Xbox 360
		{1E6CB453-DFFD-4E64-B95F-63641B7D8971}.Debug|Win32.ActiveCfg = Debug|Win32
		{1E6CB453-DFFD-4E64-B95F-63641B7D8971}.Debug|Win32.Build.0 = Debug|Win32
		{1E6CB453-DFFD-4E64-B95F-63641B7D8971}.Debug|Xbox 360.ActiveCfg = Debug|Xbox 360
		{1E6CB453-DFFD-4E64-B95F-63641B7D8971}.Debug|Xbox 360.Build.0 = Debug|Xbox 360
		{1E6CB453-DFFD-4E64-B95F-63641B7D8971}.Final|Win32.ActiveCfg = Final|Win32
		{1E6CB453-DFFD-4E64-B95F-63641B7D8971}.Final|Win32.Build.0 = Final|Win32
		{1E6CB453-DFFD-4E64-B95F-63641B7D8971}.Final|Xbox 360.ActiveCfg = Final|Xbox 360
		{1E6CB453-DFFD-4E64-B95F-63641B7D8971}.Final|Xbox 360.Build.0 = Final|Xbox 360
		{D35114E9-75CE-4DCA-8667-55FFE8887306}.Debug|Win32.ActiveCfg = Debug|Win32
		{D35114E9-75CE-4DCA-8667-55FFE8887306}.Debug|Win32.Build.0 = Debug|Win32
		{D35114E9-75CE-4DCA-8667-55FFE8887306}.Debug|Xbox 360.ActiveCfg = Debug|Xbox 360
		{D35114E9-75CE-4DCA-8667-55FFE8887306}.Debug|Xbox 360.Build.0 = Debug|Xbox 360
		{D35114E9-75CE-4DCA-8667-55FFE8887306}.Final|Win32.ActiveCfg = Final|Win32
		{D35114E9-75CE-4DCA-8667-55FFE8887306}.Final|Win32.Build.0 = Final|Win32
		{D35114E9-75CE-4DCA-8667-55FFE8887306}.Final|Xbox 360.ActiveCfg = Final|Xbox 360
		{D35114E9-75CE-4DCA-8667-55FFE8887306}.Final|Xbox 360.Build.0 = Final|Xbox 360
	EndGlobalSection
	GlobalSection(SolutionProperties) = preSolution
		HideSolutionNode = FALSE
	EndGlobalSection
EndGlobal
