Microsoft Visual Studio Solution File, Format Version 9.00
# Visual Studio 2005
Project("{8BC9CEB8-8B4A-11D0-8D11-00A0C91BC942}") = "xgame", "xgame.vcproj", "{A9F76231-E9AB-4414-8B8A-2D247669B7CA}"
	ProjectSection(ProjectDependencies) = postProject
		{16121742-CA57-41F0-9FA7-1A518A5DBBEF} = {16121742-CA57-41F0-9FA7-1A518A5DBBEF}
		{5170BC4F-CC1D-4BBC-AF0A-4489B87891E9} = {5170BC4F-CC1D-4BBC-AF0A-4489B87891E9}
		{47117851-E570-47A2-9E2C-4B0F0E91AC13} = {47117851-E570-47A2-9E2C-4B0F0E91AC13}
		{1E6CB453-DFFD-4E64-B95F-63641B7D8971} = {1E6CB453-DFFD-4E64-B95F-63641B7D8971}
		{3B96AA5E-E639-4251-B8CC-59D79DFA14CB} = {3B96AA5E-E639-4251-B8CC-59D79DFA14CB}
		{6D065C60-FB33-4657-9C09-E26C8DC9F695} = {6D065C60-FB33-4657-9C09-E26C8DC9F695}
		{EE08B261-74CD-44A9-BC15-B26689FCD9A0} = {EE08B261-74CD-44A9-BC15-B26689FCD9A0}
		{FC19316B-CBC6-4396-8B57-7651E617A369} = {FC19316B-CBC6-4396-8B57-7651E617A369}
		{CC1BB2A0-F8FD-4A35-90DF-D34DD605B9DE} = {CC1BB2A0-F8FD-4A35-90DF-D34DD605B9DE}
		{EE5C20A7-B3F6-4E2C-9667-0CD5C033C39A} = {EE5C20A7-B3F6-4E2C-9667-0CD5C033C39A}
		{010B79A9-A4DE-454D-8C66-B6CC4D0539A2} = {010B79A9-A4DE-454D-8C66-B6CC4D0539A2}
		{8E249CAD-9EDD-42D9-9FE4-B97D11E751B9} = {8E249CAD-9EDD-42D9-9FE4-B97D11E751B9}
		{33F038AF-FAFE-4FF6-B185-C6E4E215D8B9} = {33F038AF-FAFE-4FF6-B185-C6E4E215D8B9}
		{779984B3-5179-40F5-BCFA-5BFC9465F9F3} = {779984B3-5179-40F5-BCFA-5BFC9465F9F3}
		{18B091CA-B6B8-453C-A2BA-30F348753FD1} = {18B091CA-B6B8-453C-A2BA-30F348753FD1}
		{E6C1C2CF-79D7-46E3-9A34-431B6C35D6FB} = {E6C1C2CF-79D7-46E3-9A34-431B6C35D6FB}
		{1DB1EFE1-66B7-4276-B383-43CFA121E5A2} = {1DB1EFE1-66B7-4276-B383-43CFA121E5A2}
		{D35114E9-75CE-4DCA-8667-55FFE8887306} = {D35114E9-75CE-4DCA-8667-55FFE8887306}
	EndProjectSection
EndProject
Project("{8BC9CEB8-8B4A-11D0-8D11-00A0C91BC942}") = "XScript", "..\xscript\XSCRIPT.vcproj", "{EE5C20A7-B3F6-4E2C-9667-0CD5C033C39A}"
EndProject
Project("{8BC9CEB8-8B4A-11D0-8D11-00A0C91BC942}") = "xinputsystem", "..\xinputsystem\xinputsystem.vcproj", "{3B96AA5E-E639-4251-B8CC-59D79DFA14CB}"
EndProject
Project("{8BC9CEB8-8B4A-11D0-8D11-00A0C91BC942}") = "xrender", "..\xrender\xrender.vcproj", "{33F038AF-FAFE-4FF6-B185-C6E4E215D8B9}"
EndProject
Project("{8BC9CEB8-8B4A-11D0-8D11-00A0C91BC942}") = "xgameRender", "..\xgamerender\xgameRender.vcproj", "{CC1BB2A0-F8FD-4A35-90DF-D34DD605B9DE}"
EndProject
Project("{8BC9CEB8-8B4A-11D0-8D11-00A0C91BC942}") = "xcore", "..\xcore\xcore.vcproj", "{FC19316B-CBC6-4396-8B57-7651E617A369}"
EndProject
Project("{8BC9CEB8-8B4A-11D0-8D11-00A0C91BC942}") = "xsystem", "..\xsystem\xsystem.vcproj", "{5170BC4F-CC1D-4BBC-AF0A-4489B87891E9}"
EndProject
Project("{8BC9CEB8-8B4A-11D0-8D11-00A0C91BC942}") = "ddx", "..\ddx\ddx.vcproj", "{EE08B261-74CD-44A9-BC15-B26689FCD9A0}"
EndProject
Project("{8BC9CEB8-8B4A-11D0-8D11-00A0C91BC942}") = "compression", "..\compression\compression.vcproj", "{1E6CB453-DFFD-4E64-B95F-63641B7D8971}"
EndProject
Project("{8BC9CEB8-8B4A-11D0-8D11-00A0C91BC942}") = "ximage", "..\ximage\ximage.vcproj", "{D35114E9-75CE-4DCA-8667-55FFE8887306}"
EndProject
Project("{8BC9CEB8-8B4A-11D0-8D11-00A0C91BC942}") = "xgeom", "..\xgeom\xgeom.vcproj", "{1DB1EFE1-66B7-4276-B383-43CFA121E5A2}"
EndProject
Project("{8BC9CEB8-8B4A-11D0-8D11-00A0C91BC942}") = "xnetwork", "..\xnetwork\xnetwork.vcproj", "{E6C1C2CF-79D7-46E3-9A34-431B6C35D6FB}"
EndProject
Project("{8BC9CEB8-8B4A-11D0-8D11-00A0C91BC942}") = "terrain", "..\terrain\terrain.vcproj", "{47117851-E570-47A2-9E2C-4B0F0E91AC13}"
EndProject
Project("{8BC9CEB8-8B4A-11D0-8D11-00A0C91BC942}") = "xsound", "..\xsound\xsound.vcproj", "{779984B3-5179-40F5-BCFA-5BFC9465F9F3}"
EndProject
Project("{8BC9CEB8-8B4A-11D0-8D11-00A0C91BC942}") = "xvisual", "..\xvisual\xvisual.vcproj", "{010B79A9-A4DE-454D-8C66-B6CC4D0539A2}"
EndProject
Project("{8BC9CEB8-8B4A-11D0-8D11-00A0C91BC942}") = "xgranny", "..\xgranny\xgranny.vcproj", "{6D065C60-FB33-4657-9C09-E26C8DC9F695}"
EndProject
Project("{8BC9CEB8-8B4A-11D0-8D11-00A0C91BC942}") = "xphysics", "..\xphysics\physics.vcproj", "{16121742-CA57-41F0-9FA7-1A518A5DBBEF}"
EndProject
Project("{8BC9CEB8-8B4A-11D0-8D11-00A0C91BC942}") = "xparticles", "..\xparticles\xparticles.vcproj", "{18B091CA-B6B8-453C-A2BA-30F348753FD1}"
EndProject
Project("{8BC9CEB8-8B4A-11D0-8D11-00A0C91BC942}") = "shaders", "..\shaders\shaders.vcproj", "{A43A8D18-EC64-4BEC-9849-E09875982798}"
EndProject
Project("{8BC9CEB8-8B4A-11D0-8D11-00A0C91BC942}") = "xvince", "..\xvince\xvince.vcproj", "{8E249CAD-9EDD-42D9-9FE4-B97D11E751B9}"
EndProject
Global
	GlobalSection(SourceCodeControl) = preSolution
		SccNumberOfProjects = 21
		SccProjectUniqueName0 = ..\\xcore\\xcore.vcproj
		SccLocalPath0 = ..
		SccProjectFilePathRelativizedFromConnection0 = xcore\\
		SccProjectUniqueName1 = ..\\ddx\\ddx.vcproj
		SccLocalPath1 = ..
		SccProjectFilePathRelativizedFromConnection1 = ddx\\
		SccProjectUniqueName2 = ..\\compression\\compression.vcproj
		SccLocalPath2 = ..
		SccProjectFilePathRelativizedFromConnection2 = compression\\
		SccProjectUniqueName3 = ..\\ximage\\ximage.vcproj
		SccLocalPath3 = ..
		SccProjectFilePathRelativizedFromConnection3 = ximage\\
		SccProjectUniqueName4 = ..\\xgeom\\xgeom.vcproj
		SccLocalPath4 = ..
		SccProjectFilePathRelativizedFromConnection4 = xgeom\\
		SccProjectUniqueName5 = ..\\xvince\\xvince.vcproj
		SccLocalPath5 = ..
		SccProjectFilePathRelativizedFromConnection5 = xvince\\
		SccProjectName6 = Perforce\u0020Project
		SccLocalPath6 = ..
		SccProvider6 = MSSCCI:Perforce\u0020SCM
		SccProjectFilePathRelativizedFromConnection6 = xgame\\
		SccProjectUniqueName7 = ..\\terrain\\terrain.vcproj
		SccLocalPath7 = ..
		SccProjectFilePathRelativizedFromConnection7 = terrain\\
		SccProjectUniqueName8 = ..\\xgamerender\\xgameRender.vcproj
		SccLocalPath8 = ..
		SccProjectFilePathRelativizedFromConnection8 = xgamerender\\
		SccProjectUniqueName9 = ..\\xsound\\xsound.vcproj
		SccLocalPath9 = ..
		SccProjectFilePathRelativizedFromConnection9 = xsound\\
		SccProjectUniqueName10 = ..\\xrender\\xrender.vcproj
		SccLocalPath10 = ..
		SccProjectFilePathRelativizedFromConnection10 = xrender\\
		SccProjectUniqueName11 = ..\\xvisual\\xvisual.vcproj
		SccLocalPath11 = ..
		SccProjectFilePathRelativizedFromConnection11 = xvisual\\
		SccProjectUniqueName12 = ..\\xscript\\XSCRIPT.vcproj
		SccLocalPath12 = ..
		SccProjectFilePathRelativizedFromConnection12 = xscript\\
		SccProjectUniqueName13 = ..\\xgranny\\xgranny.vcproj
		SccLocalPath13 = ..
		SccProjectFilePathRelativizedFromConnection13 = xgranny\\
		SccProjectUniqueName14 = ..\\xinputsystem\\xinputsystem.vcproj
		SccLocalPath14 = ..
		SccProjectFilePathRelativizedFromConnection14 = xinputsystem\\
		SccProjectUniqueName15 = xgame.vcproj
		SccLocalPath15 = ..
		SccProjectFilePathRelativizedFromConnection15 = xgame\\
		SccProjectUniqueName16 = ..\\xsystem\\xsystem.vcproj
		SccLocalPath16 = ..
		SccProjectFilePathRelativizedFromConnection16 = xsystem\\
		SccProjectUniqueName17 = ..\\xphysics\\physics.vcproj
		SccLocalPath17 = ..
		SccProjectFilePathRelativizedFromConnection17 = xphysics\\
		SccProjectUniqueName18 = ..\\xparticles\\xparticles.vcproj
		SccLocalPath18 = ..
		SccProjectFilePathRelativizedFromConnection18 = xparticles\\
		SccProjectUniqueName19 = ..\\shaders\\shaders.vcproj
		SccLocalPath19 = ..
		SccProjectFilePathRelativizedFromConnection19 = shaders\\
		SccProjectUniqueName20 = ..\\xnetwork\\xnetwork.vcproj
		SccLocalPath20 = ..
		SccProjectFilePathRelativizedFromConnection20 = xnetwork\\
	EndGlobalSection
	GlobalSection(SolutionConfigurationPlatforms) = preSolution
		Checked|Xbox 360 = Checked|Xbox 360
		Debug|Xbox 360 = Debug|Xbox 360
		Final_LTCG|Xbox 360 = Final_LTCG|Xbox 360
		Final|Xbox 360 = Final|Xbox 360
		Playtest|Xbox 360 = Playtest|Xbox 360
		Profile|Xbox 360 = Profile|Xbox 360
		ProfileCallCap|Xbox 360 = ProfileCallCap|Xbox 360
		ProfileFastCap|Xbox 360 = ProfileFastCap|Xbox 360
	EndGlobalSection
	GlobalSection(ProjectConfigurationPlatforms) = postSolution
		{A9F76231-E9AB-4414-8B8A-2D247669B7CA}.Checked|Xbox 360.ActiveCfg = Checked|Xbox 360
		{A9F76231-E9AB-4414-8B8A-2D247669B7CA}.Checked|Xbox 360.Build.0 = Checked|Xbox 360
		{A9F76231-E9AB-4414-8B8A-2D247669B7CA}.Debug|Xbox 360.ActiveCfg = Debug|Xbox 360
		{A9F76231-E9AB-4414-8B8A-2D247669B7CA}.Debug|Xbox 360.Build.0 = Debug|Xbox 360
		{A9F76231-E9AB-4414-8B8A-2D247669B7CA}.Final_LTCG|Xbox 360.ActiveCfg = Final_LTCG|Xbox 360
		{A9F76231-E9AB-4414-8B8A-2D247669B7CA}.Final_LTCG|Xbox 360.Build.0 = Final_LTCG|Xbox 360
		{A9F76231-E9AB-4414-8B8A-2D247669B7CA}.Final|Xbox 360.ActiveCfg = Final|Xbox 360
		{A9F76231-E9AB-4414-8B8A-2D247669B7CA}.Final|Xbox 360.Build.0 = Final|Xbox 360
		{A9F76231-E9AB-4414-8B8A-2D247669B7CA}.Playtest|Xbox 360.ActiveCfg = Playtest|Xbox 360
		{A9F76231-E9AB-4414-8B8A-2D247669B7CA}.Playtest|Xbox 360.Build.0 = Playtest|Xbox 360
		{A9F76231-E9AB-4414-8B8A-2D247669B7CA}.Profile|Xbox 360.ActiveCfg = Profile|Xbox 360
		{A9F76231-E9AB-4414-8B8A-2D247669B7CA}.Profile|Xbox 360.Build.0 = Profile|Xbox 360
		{A9F76231-E9AB-4414-8B8A-2D247669B7CA}.ProfileCallCap|Xbox 360.ActiveCfg = ProfileCallCap|Xbox 360
		{A9F76231-E9AB-4414-8B8A-2D247669B7CA}.ProfileCallCap|Xbox 360.Build.0 = ProfileCallCap|Xbox 360
		{A9F76231-E9AB-4414-8B8A-2D247669B7CA}.ProfileFastCap|Xbox 360.ActiveCfg = ProfileFastCap|Xbox 360
		{A9F76231-E9AB-4414-8B8A-2D247669B7CA}.ProfileFastCap|Xbox 360.Build.0 = ProfileFastCap|Xbox 360
		{EE5C20A7-B3F6-4E2C-9667-0CD5C033C39A}.Checked|Xbox 360.ActiveCfg = Checked|Xbox 360
		{EE5C20A7-B3F6-4E2C-9667-0CD5C033C39A}.Checked|Xbox 360.Build.0 = Checked|Xbox 360
		{EE5C20A7-B3F6-4E2C-9667-0CD5C033C39A}.Debug|Xbox 360.ActiveCfg = Debug|Xbox 360
		{EE5C20A7-B3F6-4E2C-9667-0CD5C033C39A}.Debug|Xbox 360.Build.0 = Debug|Xbox 360
		{EE5C20A7-B3F6-4E2C-9667-0CD5C033C39A}.Final_LTCG|Xbox 360.ActiveCfg = Final_LTCG|Xbox 360
		{EE5C20A7-B3F6-4E2C-9667-0CD5C033C39A}.Final_LTCG|Xbox 360.Build.0 = Final_LTCG|Xbox 360
		{EE5C20A7-B3F6-4E2C-9667-0CD5C033C39A}.Final|Xbox 360.ActiveCfg = Final|Xbox 360
		{EE5C20A7-B3F6-4E2C-9667-0CD5C033C39A}.Final|Xbox 360.Build.0 = Final|Xbox 360
		{EE5C20A7-B3F6-4E2C-9667-0CD5C033C39A}.Playtest|Xbox 360.ActiveCfg = Playtest|Xbox 360
		{EE5C20A7-B3F6-4E2C-9667-0CD5C033C39A}.Playtest|Xbox 360.Build.0 = Playtest|Xbox 360
		{EE5C20A7-B3F6-4E2C-9667-0CD5C033C39A}.Profile|Xbox 360.ActiveCfg = Profile|Xbox 360
		{EE5C20A7-B3F6-4E2C-9667-0CD5C033C39A}.Profile|Xbox 360.Build.0 = Profile|Xbox 360
		{EE5C20A7-B3F6-4E2C-9667-0CD5C033C39A}.ProfileCallCap|Xbox 360.ActiveCfg = ProfileCallCap|Xbox 360
		{EE5C20A7-B3F6-4E2C-9667-0CD5C033C39A}.ProfileCallCap|Xbox 360.Build.0 = ProfileCallCap|Xbox 360
		{EE5C20A7-B3F6-4E2C-9667-0CD5C033C39A}.ProfileFastCap|Xbox 360.ActiveCfg = ProfileFastCap|Xbox 360
		{EE5C20A7-B3F6-4E2C-9667-0CD5C033C39A}.ProfileFastCap|Xbox 360.Build.0 = ProfileFastCap|Xbox 360
		{3B96AA5E-E639-4251-B8CC-59D79DFA14CB}.Checked|Xbox 360.ActiveCfg = Checked|Xbox 360
		{3B96AA5E-E639-4251-B8CC-59D79DFA14CB}.Checked|Xbox 360.Build.0 = Checked|Xbox 360
		{3B96AA5E-E639-4251-B8CC-59D79DFA14CB}.Debug|Xbox 360.ActiveCfg = Debug|Xbox 360
		{3B96AA5E-E639-4251-B8CC-59D79DFA14CB}.Debug|Xbox 360.Build.0 = Debug|Xbox 360
		{3B96AA5E-E639-4251-B8CC-59D79DFA14CB}.Final_LTCG|Xbox 360.ActiveCfg = Final_LTCG|Xbox 360
		{3B96AA5E-E639-4251-B8CC-59D79DFA14CB}.Final_LTCG|Xbox 360.Build.0 = Final_LTCG|Xbox 360
		{3B96AA5E-E639-4251-B8CC-59D79DFA14CB}.Final|Xbox 360.ActiveCfg = Final|Xbox 360
		{3B96AA5E-E639-4251-B8CC-59D79DFA14CB}.Final|Xbox 360.Build.0 = Final|Xbox 360
		{3B96AA5E-E639-4251-B8CC-59D79DFA14CB}.Playtest|Xbox 360.ActiveCfg = Playtest|Xbox 360
		{3B96AA5E-E639-4251-B8CC-59D79DFA14CB}.Playtest|Xbox 360.Build.0 = Playtest|Xbox 360
		{3B96AA5E-E639-4251-B8CC-59D79DFA14CB}.Profile|Xbox 360.ActiveCfg = Profile|Xbox 360
		{3B96AA5E-E639-4251-B8CC-59D79DFA14CB}.Profile|Xbox 360.Build.0 = Profile|Xbox 360
		{3B96AA5E-E639-4251-B8CC-59D79DFA14CB}.ProfileCallCap|Xbox 360.ActiveCfg = ProfileCallCap|Xbox 360
		{3B96AA5E-E639-4251-B8CC-59D79DFA14CB}.ProfileCallCap|Xbox 360.Build.0 = ProfileCallCap|Xbox 360
		{3B96AA5E-E639-4251-B8CC-59D79DFA14CB}.ProfileFastCap|Xbox 360.ActiveCfg = ProfileFastCap|Xbox 360
		{3B96AA5E-E639-4251-B8CC-59D79DFA14CB}.ProfileFastCap|Xbox 360.Build.0 = ProfileFastCap|Xbox 360
		{33F038AF-FAFE-4FF6-B185-C6E4E215D8B9}.Checked|Xbox 360.ActiveCfg = Checked|Xbox 360
		{33F038AF-FAFE-4FF6-B185-C6E4E215D8B9}.Checked|Xbox 360.Build.0 = Checked|Xbox 360
		{33F038AF-FAFE-4FF6-B185-C6E4E215D8B9}.Debug|Xbox 360.ActiveCfg = Debug|Xbox 360
		{33F038AF-FAFE-4FF6-B185-C6E4E215D8B9}.Debug|Xbox 360.Build.0 = Debug|Xbox 360
		{33F038AF-FAFE-4FF6-B185-C6E4E215D8B9}.Final_LTCG|Xbox 360.ActiveCfg = Final_LTCG|Xbox 360
		{33F038AF-FAFE-4FF6-B185-C6E4E215D8B9}.Final_LTCG|Xbox 360.Build.0 = Final_LTCG|Xbox 360
		{33F038AF-FAFE-4FF6-B185-C6E4E215D8B9}.Final|Xbox 360.ActiveCfg = Final|Xbox 360
		{33F038AF-FAFE-4FF6-B185-C6E4E215D8B9}.Final|Xbox 360.Build.0 = Final|Xbox 360
		{33F038AF-FAFE-4FF6-B185-C6E4E215D8B9}.Playtest|Xbox 360.ActiveCfg = Playtest|Xbox 360
		{33F038AF-FAFE-4FF6-B185-C6E4E215D8B9}.Playtest|Xbox 360.Build.0 = Playtest|Xbox 360
		{33F038AF-FAFE-4FF6-B185-C6E4E215D8B9}.Profile|Xbox 360.ActiveCfg = Profile|Xbox 360
		{33F038AF-FAFE-4FF6-B185-C6E4E215D8B9}.Profile|Xbox 360.Build.0 = Profile|Xbox 360
		{33F038AF-FAFE-4FF6-B185-C6E4E215D8B9}.ProfileCallCap|Xbox 360.ActiveCfg = ProfileCallCap|Xbox 360
		{33F038AF-FAFE-4FF6-B185-C6E4E215D8B9}.ProfileCallCap|Xbox 360.Build.0 = ProfileCallCap|Xbox 360
		{33F038AF-FAFE-4FF6-B185-C6E4E215D8B9}.ProfileFastCap|Xbox 360.ActiveCfg = ProfileFastCap|Xbox 360
		{33F038AF-FAFE-4FF6-B185-C6E4E215D8B9}.ProfileFastCap|Xbox 360.Build.0 = ProfileFastCap|Xbox 360
		{CC1BB2A0-F8FD-4A35-90DF-D34DD605B9DE}.Checked|Xbox 360.ActiveCfg = Checked|Xbox 360
		{CC1BB2A0-F8FD-4A35-90DF-D34DD605B9DE}.Checked|Xbox 360.Build.0 = Checked|Xbox 360
		{CC1BB2A0-F8FD-4A35-90DF-D34DD605B9DE}.Debug|Xbox 360.ActiveCfg = Debug|Xbox 360
		{CC1BB2A0-F8FD-4A35-90DF-D34DD605B9DE}.Debug|Xbox 360.Build.0 = Debug|Xbox 360
		{CC1BB2A0-F8FD-4A35-90DF-D34DD605B9DE}.Final_LTCG|Xbox 360.ActiveCfg = Final_LTCG|Xbox 360
		{CC1BB2A0-F8FD-4A35-90DF-D34DD605B9DE}.Final_LTCG|Xbox 360.Build.0 = Final_LTCG|Xbox 360
		{CC1BB2A0-F8FD-4A35-90DF-D34DD605B9DE}.Final|Xbox 360.ActiveCfg = Final|Xbox 360
		{CC1BB2A0-F8FD-4A35-90DF-D34DD605B9DE}.Final|Xbox 360.Build.0 = Final|Xbox 360
		{CC1BB2A0-F8FD-4A35-90DF-D34DD605B9DE}.Playtest|Xbox 360.ActiveCfg = Playtest|Xbox 360
		{CC1BB2A0-F8FD-4A35-90DF-D34DD605B9DE}.Playtest|Xbox 360.Build.0 = Playtest|Xbox 360
		{CC1BB2A0-F8FD-4A35-90DF-D34DD605B9DE}.Profile|Xbox 360.ActiveCfg = Profile|Xbox 360
		{CC1BB2A0-F8FD-4A35-90DF-D34DD605B9DE}.Profile|Xbox 360.Build.0 = Profile|Xbox 360
		{CC1BB2A0-F8FD-4A35-90DF-D34DD605B9DE}.ProfileCallCap|Xbox 360.ActiveCfg = ProfileCallCap|Xbox 360
		{CC1BB2A0-F8FD-4A35-90DF-D34DD605B9DE}.ProfileCallCap|Xbox 360.Build.0 = ProfileCallCap|Xbox 360
		{CC1BB2A0-F8FD-4A35-90DF-D34DD605B9DE}.ProfileFastCap|Xbox 360.ActiveCfg = ProfileFastCap|Xbox 360
		{CC1BB2A0-F8FD-4A35-90DF-D34DD605B9DE}.ProfileFastCap|Xbox 360.Build.0 = ProfileFastCap|Xbox 360
		{FC19316B-CBC6-4396-8B57-7651E617A369}.Checked|Xbox 360.ActiveCfg = Checked|Xbox 360
		{FC19316B-CBC6-4396-8B57-7651E617A369}.Checked|Xbox 360.Build.0 = Checked|Xbox 360
		{FC19316B-CBC6-4396-8B57-7651E617A369}.Debug|Xbox 360.ActiveCfg = Debug|Xbox 360
		{FC19316B-CBC6-4396-8B57-7651E617A369}.Debug|Xbox 360.Build.0 = Debug|Xbox 360
		{FC19316B-CBC6-4396-8B57-7651E617A369}.Final_LTCG|Xbox 360.ActiveCfg = Final_LTCG|Xbox 360
		{FC19316B-CBC6-4396-8B57-7651E617A369}.Final_LTCG|Xbox 360.Build.0 = Final_LTCG|Xbox 360
		{FC19316B-CBC6-4396-8B57-7651E617A369}.Final|Xbox 360.ActiveCfg = Final|Xbox 360
		{FC19316B-CBC6-4396-8B57-7651E617A369}.Final|Xbox 360.Build.0 = Final|Xbox 360
		{FC19316B-CBC6-4396-8B57-7651E617A369}.Playtest|Xbox 360.ActiveCfg = Playtest|Xbox 360
		{FC19316B-CBC6-4396-8B57-7651E617A369}.Playtest|Xbox 360.Build.0 = Playtest|Xbox 360
		{FC19316B-CBC6-4396-8B57-7651E617A369}.Profile|Xbox 360.ActiveCfg = Profile|Xbox 360
		{FC19316B-CBC6-4396-8B57-7651E617A369}.Profile|Xbox 360.Build.0 = Profile|Xbox 360
		{FC19316B-CBC6-4396-8B57-7651E617A369}.ProfileCallCap|Xbox 360.ActiveCfg = ProfileCallCap|Xbox 360
		{FC19316B-CBC6-4396-8B57-7651E617A369}.ProfileCallCap|Xbox 360.Build.0 = ProfileCallCap|Xbox 360
		{FC19316B-CBC6-4396-8B57-7651E617A369}.ProfileFastCap|Xbox 360.ActiveCfg = ProfileFastCap|Xbox 360
		{FC19316B-CBC6-4396-8B57-7651E617A369}.ProfileFastCap|Xbox 360.Build.0 = ProfileFastCap|Xbox 360
		{5170BC4F-CC1D-4BBC-AF0A-4489B87891E9}.Checked|Xbox 360.ActiveCfg = Checked|Xbox 360
		{5170BC4F-CC1D-4BBC-AF0A-4489B87891E9}.Checked|Xbox 360.Build.0 = Checked|Xbox 360
		{5170BC4F-CC1D-4BBC-AF0A-4489B87891E9}.Debug|Xbox 360.ActiveCfg = Debug|Xbox 360
		{5170BC4F-CC1D-4BBC-AF0A-4489B87891E9}.Debug|Xbox 360.Build.0 = Debug|Xbox 360
		{5170BC4F-CC1D-4BBC-AF0A-4489B87891E9}.Final_LTCG|Xbox 360.ActiveCfg = Final_LTCG|Xbox 360
		{5170BC4F-CC1D-4BBC-AF0A-4489B87891E9}.Final_LTCG|Xbox 360.Build.0 = Final_LTCG|Xbox 360
		{5170BC4F-CC1D-4BBC-AF0A-4489B87891E9}.Final|Xbox 360.ActiveCfg = Final|Xbox 360
		{5170BC4F-CC1D-4BBC-AF0A-4489B87891E9}.Final|Xbox 360.Build.0 = Final|Xbox 360
		{5170BC4F-CC1D-4BBC-AF0A-4489B87891E9}.Playtest|Xbox 360.ActiveCfg = Playtest|Xbox 360
		{5170BC4F-CC1D-4BBC-AF0A-4489B87891E9}.Playtest|Xbox 360.Build.0 = Playtest|Xbox 360
		{5170BC4F-CC1D-4BBC-AF0A-4489B87891E9}.Profile|Xbox 360.ActiveCfg = Profile|Xbox 360
		{5170BC4F-CC1D-4BBC-AF0A-4489B87891E9}.Profile|Xbox 360.Build.0 = Profile|Xbox 360
		{5170BC4F-CC1D-4BBC-AF0A-4489B87891E9}.ProfileCallCap|Xbox 360.ActiveCfg = ProfileCallCap|Xbox 360
		{5170BC4F-CC1D-4BBC-AF0A-4489B87891E9}.ProfileCallCap|Xbox 360.Build.0 = ProfileCallCap|Xbox 360
		{5170BC4F-CC1D-4BBC-AF0A-4489B87891E9}.ProfileFastCap|Xbox 360.ActiveCfg = ProfileFastCap|Xbox 360
		{5170BC4F-CC1D-4BBC-AF0A-4489B87891E9}.ProfileFastCap|Xbox 360.Build.0 = ProfileFastCap|Xbox 360
		{EE08B261-74CD-44A9-BC15-B26689FCD9A0}.Checked|Xbox 360.ActiveCfg = Checked|Xbox 360
		{EE08B261-74CD-44A9-BC15-B26689FCD9A0}.Checked|Xbox 360.Build.0 = Checked|Xbox 360
		{EE08B261-74CD-44A9-BC15-B26689FCD9A0}.Debug|Xbox 360.ActiveCfg = Debug|Xbox 360
		{EE08B261-74CD-44A9-BC15-B26689FCD9A0}.Debug|Xbox 360.Build.0 = Debug|Xbox 360
		{EE08B261-74CD-44A9-BC15-B26689FCD9A0}.Final_LTCG|Xbox 360.ActiveCfg = Final_LTCG|Xbox 360
		{EE08B261-74CD-44A9-BC15-B26689FCD9A0}.Final_LTCG|Xbox 360.Build.0 = Final_LTCG|Xbox 360
		{EE08B261-74CD-44A9-BC15-B26689FCD9A0}.Final|Xbox 360.ActiveCfg = Final|Xbox 360
		{EE08B261-74CD-44A9-BC15-B26689FCD9A0}.Final|Xbox 360.Build.0 = Final|Xbox 360
		{EE08B261-74CD-44A9-BC15-B26689FCD9A0}.Playtest|Xbox 360.ActiveCfg = Playtest|Xbox 360
		{EE08B261-74CD-44A9-BC15-B26689FCD9A0}.Playtest|Xbox 360.Build.0 = Playtest|Xbox 360
		{EE08B261-74CD-44A9-BC15-B26689FCD9A0}.Profile|Xbox 360.ActiveCfg = Profile|Xbox 360
		{EE08B261-74CD-44A9-BC15-B26689FCD9A0}.Profile|Xbox 360.Build.0 = Profile|Xbox 360
		{EE08B261-74CD-44A9-BC15-B26689FCD9A0}.ProfileCallCap|Xbox 360.ActiveCfg = ProfileCallCap|Xbox 360
		{EE08B261-74CD-44A9-BC15-B26689FCD9A0}.ProfileCallCap|Xbox 360.Build.0 = ProfileCallCap|Xbox 360
		{EE08B261-74CD-44A9-BC15-B26689FCD9A0}.ProfileFastCap|Xbox 360.ActiveCfg = ProfileFastCap|Xbox 360
		{EE08B261-74CD-44A9-BC15-B26689FCD9A0}.ProfileFastCap|Xbox 360.Build.0 = ProfileFastCap|Xbox 360
		{1E6CB453-DFFD-4E64-B95F-63641B7D8971}.Checked|Xbox 360.ActiveCfg = Checked|Xbox 360
		{1E6CB453-DFFD-4E64-B95F-63641B7D8971}.Checked|Xbox 360.Build.0 = Checked|Xbox 360
		{1E6CB453-DFFD-4E64-B95F-63641B7D8971}.Debug|Xbox 360.ActiveCfg = Debug|Xbox 360
		{1E6CB453-DFFD-4E64-B95F-63641B7D8971}.Debug|Xbox 360.Build.0 = Debug|Xbox 360
		{1E6CB453-DFFD-4E64-B95F-63641B7D8971}.Final_LTCG|Xbox 360.ActiveCfg = Final_LTCG|Xbox 360
		{1E6CB453-DFFD-4E64-B95F-63641B7D8971}.Final_LTCG|Xbox 360.Build.0 = Final_LTCG|Xbox 360
		{1E6CB453-DFFD-4E64-B95F-63641B7D8971}.Final|Xbox 360.ActiveCfg = Final|Xbox 360
		{1E6CB453-DFFD-4E64-B95F-63641B7D8971}.Final|Xbox 360.Build.0 = Final|Xbox 360
		{1E6CB453-DFFD-4E64-B95F-63641B7D8971}.Playtest|Xbox 360.ActiveCfg = Playtest|Xbox 360
		{1E6CB453-DFFD-4E64-B95F-63641B7D8971}.Playtest|Xbox 360.Build.0 = Playtest|Xbox 360
		{1E6CB453-DFFD-4E64-B95F-63641B7D8971}.Profile|Xbox 360.ActiveCfg = Profile|Xbox 360
		{1E6CB453-DFFD-4E64-B95F-63641B7D8971}.Profile|Xbox 360.Build.0 = Profile|Xbox 360
		{1E6CB453-DFFD-4E64-B95F-63641B7D8971}.ProfileCallCap|Xbox 360.ActiveCfg = ProfileCallCap|Xbox 360
		{1E6CB453-DFFD-4E64-B95F-63641B7D8971}.ProfileCallCap|Xbox 360.Build.0 = ProfileCallCap|Xbox 360
		{1E6CB453-DFFD-4E64-B95F-63641B7D8971}.ProfileFastCap|Xbox 360.ActiveCfg = ProfileFastCap|Xbox 360
		{1E6CB453-DFFD-4E64-B95F-63641B7D8971}.ProfileFastCap|Xbox 360.Build.0 = ProfileFastCap|Xbox 360
		{D35114E9-75CE-4DCA-8667-55FFE8887306}.Checked|Xbox 360.ActiveCfg = Checked|Xbox 360
		{D35114E9-75CE-4DCA-8667-55FFE8887306}.Checked|Xbox 360.Build.0 = Checked|Xbox 360
		{D35114E9-75CE-4DCA-8667-55FFE8887306}.Debug|Xbox 360.ActiveCfg = Debug|Xbox 360
		{D35114E9-75CE-4DCA-8667-55FFE8887306}.Debug|Xbox 360.Build.0 = Debug|Xbox 360
		{D35114E9-75CE-4DCA-8667-55FFE8887306}.Final_LTCG|Xbox 360.ActiveCfg = Final_LTCG|Xbox 360
		{D35114E9-75CE-4DCA-8667-55FFE8887306}.Final_LTCG|Xbox 360.Build.0 = Final_LTCG|Xbox 360
		{D35114E9-75CE-4DCA-8667-55FFE8887306}.Final|Xbox 360.ActiveCfg = Final|Xbox 360
		{D35114E9-75CE-4DCA-8667-55FFE8887306}.Final|Xbox 360.Build.0 = Final|Xbox 360
		{D35114E9-75CE-4DCA-8667-55FFE8887306}.Playtest|Xbox 360.ActiveCfg = Playtest|Xbox 360
		{D35114E9-75CE-4DCA-8667-55FFE8887306}.Playtest|Xbox 360.Build.0 = Playtest|Xbox 360
		{D35114E9-75CE-4DCA-8667-55FFE8887306}.Profile|Xbox 360.ActiveCfg = Profile|Xbox 360
		{D35114E9-75CE-4DCA-8667-55FFE8887306}.Profile|Xbox 360.Build.0 = Profile|Xbox 360
		{D35114E9-75CE-4DCA-8667-55FFE8887306}.ProfileCallCap|Xbox 360.ActiveCfg = ProfileCallCap|Xbox 360
		{D35114E9-75CE-4DCA-8667-55FFE8887306}.ProfileCallCap|Xbox 360.Build.0 = ProfileCallCap|Xbox 360
		{D35114E9-75CE-4DCA-8667-55FFE8887306}.ProfileFastCap|Xbox 360.ActiveCfg = ProfileFastCap|Xbox 360
		{D35114E9-75CE-4DCA-8667-55FFE8887306}.ProfileFastCap|Xbox 360.Build.0 = ProfileFastCap|Xbox 360
		{1DB1EFE1-66B7-4276-B383-43CFA121E5A2}.Checked|Xbox 360.ActiveCfg = Checked|Xbox 360
		{1DB1EFE1-66B7-4276-B383-43CFA121E5A2}.Checked|Xbox 360.Build.0 = Checked|Xbox 360
		{1DB1EFE1-66B7-4276-B383-43CFA121E5A2}.Debug|Xbox 360.ActiveCfg = Debug|Xbox 360
		{1DB1EFE1-66B7-4276-B383-43CFA121E5A2}.Debug|Xbox 360.Build.0 = Debug|Xbox 360
		{1DB1EFE1-66B7-4276-B383-43CFA121E5A2}.Final_LTCG|Xbox 360.ActiveCfg = Final_LTCG|Xbox 360
		{1DB1EFE1-66B7-4276-B383-43CFA121E5A2}.Final_LTCG|Xbox 360.Build.0 = Final_LTCG|Xbox 360
		{1DB1EFE1-66B7-4276-B383-43CFA121E5A2}.Final|Xbox 360.ActiveCfg = Final|Xbox 360
		{1DB1EFE1-66B7-4276-B383-43CFA121E5A2}.Final|Xbox 360.Build.0 = Final|Xbox 360
		{1DB1EFE1-66B7-4276-B383-43CFA121E5A2}.Playtest|Xbox 360.ActiveCfg = Playtest|Xbox 360
		{1DB1EFE1-66B7-4276-B383-43CFA121E5A2}.Playtest|Xbox 360.Build.0 = Playtest|Xbox 360
		{1DB1EFE1-66B7-4276-B383-43CFA121E5A2}.Profile|Xbox 360.ActiveCfg = Profile|Xbox 360
		{1DB1EFE1-66B7-4276-B383-43CFA121E5A2}.Profile|Xbox 360.Build.0 = Profile|Xbox 360
		{1DB1EFE1-66B7-4276-B383-43CFA121E5A2}.ProfileCallCap|Xbox 360.ActiveCfg = ProfileCallCap|Xbox 360
		{1DB1EFE1-66B7-4276-B383-43CFA121E5A2}.ProfileCallCap|Xbox 360.Build.0 = ProfileCallCap|Xbox 360
		{1DB1EFE1-66B7-4276-B383-43CFA121E5A2}.ProfileFastCap|Xbox 360.ActiveCfg = ProfileFastCap|Xbox 360
		{1DB1EFE1-66B7-4276-B383-43CFA121E5A2}.ProfileFastCap|Xbox 360.Build.0 = ProfileFastCap|Xbox 360
		{E6C1C2CF-79D7-46E3-9A34-431B6C35D6FB}.Checked|Xbox 360.ActiveCfg = Checked|Xbox 360
		{E6C1C2CF-79D7-46E3-9A34-431B6C35D6FB}.Checked|Xbox 360.Build.0 = Checked|Xbox 360
		{E6C1C2CF-79D7-46E3-9A34-431B6C35D6FB}.Debug|Xbox 360.ActiveCfg = Debug|Xbox 360
		{E6C1C2CF-79D7-46E3-9A34-431B6C35D6FB}.Debug|Xbox 360.Build.0 = Debug|Xbox 360
		{E6C1C2CF-79D7-46E3-9A34-431B6C35D6FB}.Final_LTCG|Xbox 360.ActiveCfg = Final_LTCG|Xbox 360
		{E6C1C2CF-79D7-46E3-9A34-431B6C35D6FB}.Final_LTCG|Xbox 360.Build.0 = Final_LTCG|Xbox 360
		{E6C1C2CF-79D7-46E3-9A34-431B6C35D6FB}.Final|Xbox 360.ActiveCfg = Final|Xbox 360
		{E6C1C2CF-79D7-46E3-9A34-431B6C35D6FB}.Final|Xbox 360.Build.0 = Final|Xbox 360
		{E6C1C2CF-79D7-46E3-9A34-431B6C35D6FB}.Playtest|Xbox 360.ActiveCfg = Playtest|Xbox 360
		{E6C1C2CF-79D7-46E3-9A34-431B6C35D6FB}.Playtest|Xbox 360.Build.0 = Playtest|Xbox 360
		{E6C1C2CF-79D7-46E3-9A34-431B6C35D6FB}.Profile|Xbox 360.ActiveCfg = Profile|Xbox 360
		{E6C1C2CF-79D7-46E3-9A34-431B6C35D6FB}.Profile|Xbox 360.Build.0 = Profile|Xbox 360
		{E6C1C2CF-79D7-46E3-9A34-431B6C35D6FB}.ProfileCallCap|Xbox 360.ActiveCfg = ProfileCallCap|Xbox 360
		{E6C1C2CF-79D7-46E3-9A34-431B6C35D6FB}.ProfileCallCap|Xbox 360.Build.0 = ProfileCallCap|Xbox 360
		{E6C1C2CF-79D7-46E3-9A34-431B6C35D6FB}.ProfileFastCap|Xbox 360.ActiveCfg = ProfileFastCap|Xbox 360
		{E6C1C2CF-79D7-46E3-9A34-431B6C35D6FB}.ProfileFastCap|Xbox 360.Build.0 = ProfileFastCap|Xbox 360
		{47117851-E570-47A2-9E2C-4B0F0E91AC13}.Checked|Xbox 360.ActiveCfg = Checked|Xbox 360
		{47117851-E570-47A2-9E2C-4B0F0E91AC13}.Checked|Xbox 360.Build.0 = Checked|Xbox 360
		{47117851-E570-47A2-9E2C-4B0F0E91AC13}.Debug|Xbox 360.ActiveCfg = Debug|Xbox 360
		{47117851-E570-47A2-9E2C-4B0F0E91AC13}.Debug|Xbox 360.Build.0 = Debug|Xbox 360
		{47117851-E570-47A2-9E2C-4B0F0E91AC13}.Final_LTCG|Xbox 360.ActiveCfg = Final_LTCG|Xbox 360
		{47117851-E570-47A2-9E2C-4B0F0E91AC13}.Final_LTCG|Xbox 360.Build.0 = Final_LTCG|Xbox 360
		{47117851-E570-47A2-9E2C-4B0F0E91AC13}.Final|Xbox 360.ActiveCfg = Final|Xbox 360
		{47117851-E570-47A2-9E2C-4B0F0E91AC13}.Final|Xbox 360.Build.0 = Final|Xbox 360
		{47117851-E570-47A2-9E2C-4B0F0E91AC13}.Playtest|Xbox 360.ActiveCfg = Playtest|Xbox 360
		{47117851-E570-47A2-9E2C-4B0F0E91AC13}.Playtest|Xbox 360.Build.0 = Playtest|Xbox 360
		{47117851-E570-47A2-9E2C-4B0F0E91AC13}.Profile|Xbox 360.ActiveCfg = Profile|Xbox 360
		{47117851-E570-47A2-9E2C-4B0F0E91AC13}.Profile|Xbox 360.Build.0 = Profile|Xbox 360
		{47117851-E570-47A2-9E2C-4B0F0E91AC13}.ProfileCallCap|Xbox 360.ActiveCfg = ProfileCallCap|Xbox 360
		{47117851-E570-47A2-9E2C-4B0F0E91AC13}.ProfileCallCap|Xbox 360.Build.0 = ProfileCallCap|Xbox 360
		{47117851-E570-47A2-9E2C-4B0F0E91AC13}.ProfileFastCap|Xbox 360.ActiveCfg = ProfileFastCap|Xbox 360
		{47117851-E570-47A2-9E2C-4B0F0E91AC13}.ProfileFastCap|Xbox 360.Build.0 = ProfileFastCap|Xbox 360
		{779984B3-5179-40F5-BCFA-5BFC9465F9F3}.Checked|Xbox 360.ActiveCfg = Checked|Xbox 360
		{779984B3-5179-40F5-BCFA-5BFC9465F9F3}.Checked|Xbox 360.Build.0 = Checked|Xbox 360
		{779984B3-5179-40F5-BCFA-5BFC9465F9F3}.Debug|Xbox 360.ActiveCfg = Debug|Xbox 360
		{779984B3-5179-40F5-BCFA-5BFC9465F9F3}.Debug|Xbox 360.Build.0 = Debug|Xbox 360
		{779984B3-5179-40F5-BCFA-5BFC9465F9F3}.Final_LTCG|Xbox 360.ActiveCfg = Final_LTCG|Xbox 360
		{779984B3-5179-40F5-BCFA-5BFC9465F9F3}.Final_LTCG|Xbox 360.Build.0 = Final_LTCG|Xbox 360
		{779984B3-5179-40F5-BCFA-5BFC9465F9F3}.Final|Xbox 360.ActiveCfg = Final|Xbox 360
		{779984B3-5179-40F5-BCFA-5BFC9465F9F3}.Final|Xbox 360.Build.0 = Final|Xbox 360
		{779984B3-5179-40F5-BCFA-5BFC9465F9F3}.Playtest|Xbox 360.ActiveCfg = Playtest|Xbox 360
		{779984B3-5179-40F5-BCFA-5BFC9465F9F3}.Playtest|Xbox 360.Build.0 = Playtest|Xbox 360
		{779984B3-5179-40F5-BCFA-5BFC9465F9F3}.Profile|Xbox 360.ActiveCfg = Profile|Xbox 360
		{779984B3-5179-40F5-BCFA-5BFC9465F9F3}.Profile|Xbox 360.Build.0 = Profile|Xbox 360
		{779984B3-5179-40F5-BCFA-5BFC9465F9F3}.ProfileCallCap|Xbox 360.ActiveCfg = ProfileCallCap|Xbox 360
		{779984B3-5179-40F5-BCFA-5BFC9465F9F3}.ProfileCallCap|Xbox 360.Build.0 = ProfileCallCap|Xbox 360
		{779984B3-5179-40F5-BCFA-5BFC9465F9F3}.ProfileFastCap|Xbox 360.ActiveCfg = ProfileFastCap|Xbox 360
		{779984B3-5179-40F5-BCFA-5BFC9465F9F3}.ProfileFastCap|Xbox 360.Build.0 = ProfileFastCap|Xbox 360
		{010B79A9-A4DE-454D-8C66-B6CC4D0539A2}.Checked|Xbox 360.ActiveCfg = Checked|Xbox 360
		{010B79A9-A4DE-454D-8C66-B6CC4D0539A2}.Checked|Xbox 360.Build.0 = Checked|Xbox 360
		{010B79A9-A4DE-454D-8C66-B6CC4D0539A2}.Debug|Xbox 360.ActiveCfg = Debug|Xbox 360
		{010B79A9-A4DE-454D-8C66-B6CC4D0539A2}.Debug|Xbox 360.Build.0 = Debug|Xbox 360
		{010B79A9-A4DE-454D-8C66-B6CC4D0539A2}.Final_LTCG|Xbox 360.ActiveCfg = Final_LTCG|Xbox 360
		{010B79A9-A4DE-454D-8C66-B6CC4D0539A2}.Final_LTCG|Xbox 360.Build.0 = Final_LTCG|Xbox 360
		{010B79A9-A4DE-454D-8C66-B6CC4D0539A2}.Final|Xbox 360.ActiveCfg = Final|Xbox 360
		{010B79A9-A4DE-454D-8C66-B6CC4D0539A2}.Final|Xbox 360.Build.0 = Final|Xbox 360
		{010B79A9-A4DE-454D-8C66-B6CC4D0539A2}.Playtest|Xbox 360.ActiveCfg = Playtest|Xbox 360
		{010B79A9-A4DE-454D-8C66-B6CC4D0539A2}.Playtest|Xbox 360.Build.0 = Playtest|Xbox 360
		{010B79A9-A4DE-454D-8C66-B6CC4D0539A2}.Profile|Xbox 360.ActiveCfg = Profile|Xbox 360
		{010B79A9-A4DE-454D-8C66-B6CC4D0539A2}.Profile|Xbox 360.Build.0 = Profile|Xbox 360
		{010B79A9-A4DE-454D-8C66-B6CC4D0539A2}.ProfileCallCap|Xbox 360.ActiveCfg = ProfileCallCap|Xbox 360
		{010B79A9-A4DE-454D-8C66-B6CC4D0539A2}.ProfileCallCap|Xbox 360.Build.0 = ProfileCallCap|Xbox 360
		{010B79A9-A4DE-454D-8C66-B6CC4D0539A2}.ProfileFastCap|Xbox 360.ActiveCfg = ProfileFastCap|Xbox 360
		{010B79A9-A4DE-454D-8C66-B6CC4D0539A2}.ProfileFastCap|Xbox 360.Build.0 = ProfileFastCap|Xbox 360
		{6D065C60-FB33-4657-9C09-E26C8DC9F695}.Checked|Xbox 360.ActiveCfg = Checked|Xbox 360
		{6D065C60-FB33-4657-9C09-E26C8DC9F695}.Checked|Xbox 360.Build.0 = Checked|Xbox 360
		{6D065C60-FB33-4657-9C09-E26C8DC9F695}.Debug|Xbox 360.ActiveCfg = Debug|Xbox 360
		{6D065C60-FB33-4657-9C09-E26C8DC9F695}.Debug|Xbox 360.Build.0 = Debug|Xbox 360
		{6D065C60-FB33-4657-9C09-E26C8DC9F695}.Final_LTCG|Xbox 360.ActiveCfg = Final_LTCG|Xbox 360
		{6D065C60-FB33-4657-9C09-E26C8DC9F695}.Final_LTCG|Xbox 360.Build.0 = Final_LTCG|Xbox 360
		{6D065C60-FB33-4657-9C09-E26C8DC9F695}.Final|Xbox 360.ActiveCfg = Final|Xbox 360
		{6D065C60-FB33-4657-9C09-E26C8DC9F695}.Final|Xbox 360.Build.0 = Final|Xbox 360
		{6D065C60-FB33-4657-9C09-E26C8DC9F695}.Playtest|Xbox 360.ActiveCfg = Playtest|Xbox 360
		{6D065C60-FB33-4657-9C09-E26C8DC9F695}.Playtest|Xbox 360.Build.0 = Playtest|Xbox 360
		{6D065C60-FB33-4657-9C09-E26C8DC9F695}.Profile|Xbox 360.ActiveCfg = Profile|Xbox 360
		{6D065C60-FB33-4657-9C09-E26C8DC9F695}.Profile|Xbox 360.Build.0 = Profile|Xbox 360
		{6D065C60-FB33-4657-9C09-E26C8DC9F695}.ProfileCallCap|Xbox 360.ActiveCfg = ProfileCallCap|Xbox 360
		{6D065C60-FB33-4657-9C09-E26C8DC9F695}.ProfileCallCap|Xbox 360.Build.0 = ProfileCallCap|Xbox 360
		{6D065C60-FB33-4657-9C09-E26C8DC9F695}.ProfileFastCap|Xbox 360.ActiveCfg = ProfileFastCap|Xbox 360
		{6D065C60-FB33-4657-9C09-E26C8DC9F695}.ProfileFastCap|Xbox 360.Build.0 = ProfileFastCap|Xbox 360
		{16121742-CA57-41F0-9FA7-1A518A5DBBEF}.Checked|Xbox 360.ActiveCfg = Checked|Xbox 360
		{16121742-CA57-41F0-9FA7-1A518A5DBBEF}.Checked|Xbox 360.Build.0 = Checked|Xbox 360
		{16121742-CA57-41F0-9FA7-1A518A5DBBEF}.Debug|Xbox 360.ActiveCfg = Debug|Xbox 360
		{16121742-CA57-41F0-9FA7-1A518A5DBBEF}.Debug|Xbox 360.Build.0 = Debug|Xbox 360
		{16121742-CA57-41F0-9FA7-1A518A5DBBEF}.Final_LTCG|Xbox 360.ActiveCfg = Final_LTCG|Xbox 360
		{16121742-CA57-41F0-9FA7-1A518A5DBBEF}.Final_LTCG|Xbox 360.Build.0 = Final_LTCG|Xbox 360
		{16121742-CA57-41F0-9FA7-1A518A5DBBEF}.Final|Xbox 360.ActiveCfg = Final|Xbox 360
		{16121742-CA57-41F0-9FA7-1A518A5DBBEF}.Final|Xbox 360.Build.0 = Final|Xbox 360
		{16121742-CA57-41F0-9FA7-1A518A5DBBEF}.Playtest|Xbox 360.ActiveCfg = Playtest|Xbox 360
		{16121742-CA57-41F0-9FA7-1A518A5DBBEF}.Playtest|Xbox 360.Build.0 = Playtest|Xbox 360
		{16121742-CA57-41F0-9FA7-1A518A5DBBEF}.Profile|Xbox 360.ActiveCfg = Profile|Xbox 360
		{16121742-CA57-41F0-9FA7-1A518A5DBBEF}.Profile|Xbox 360.Build.0 = Profile|Xbox 360
		{16121742-CA57-41F0-9FA7-1A518A5DBBEF}.ProfileCallCap|Xbox 360.ActiveCfg = ProfileCallCap|Xbox 360
		{16121742-CA57-41F0-9FA7-1A518A5DBBEF}.ProfileCallCap|Xbox 360.Build.0 = ProfileCallCap|Xbox 360
		{16121742-CA57-41F0-9FA7-1A518A5DBBEF}.ProfileFastCap|Xbox 360.ActiveCfg = ProfileFastCap|Xbox 360
		{16121742-CA57-41F0-9FA7-1A518A5DBBEF}.ProfileFastCap|Xbox 360.Build.0 = ProfileFastCap|Xbox 360
		{18B091CA-B6B8-453C-A2BA-30F348753FD1}.Checked|Xbox 360.ActiveCfg = Checked|Xbox 360
		{18B091CA-B6B8-453C-A2BA-30F348753FD1}.Checked|Xbox 360.Build.0 = Checked|Xbox 360
		{18B091CA-B6B8-453C-A2BA-30F348753FD1}.Debug|Xbox 360.ActiveCfg = Debug|Xbox 360
		{18B091CA-B6B8-453C-A2BA-30F348753FD1}.Debug|Xbox 360.Build.0 = Debug|Xbox 360
		{18B091CA-B6B8-453C-A2BA-30F348753FD1}.Final_LTCG|Xbox 360.ActiveCfg = Final_LTCG|Xbox 360
		{18B091CA-B6B8-453C-A2BA-30F348753FD1}.Final_LTCG|Xbox 360.Build.0 = Final_LTCG|Xbox 360
		{18B091CA-B6B8-453C-A2BA-30F348753FD1}.Final|Xbox 360.ActiveCfg = Final|Xbox 360
		{18B091CA-B6B8-453C-A2BA-30F348753FD1}.Final|Xbox 360.Build.0 = Final|Xbox 360
		{18B091CA-B6B8-453C-A2BA-30F348753FD1}.Playtest|Xbox 360.ActiveCfg = Playtest|Xbox 360
		{18B091CA-B6B8-453C-A2BA-30F348753FD1}.Playtest|Xbox 360.Build.0 = Playtest|Xbox 360
		{18B091CA-B6B8-453C-A2BA-30F348753FD1}.Profile|Xbox 360.ActiveCfg = Profile|Xbox 360
		{18B091CA-B6B8-453C-A2BA-30F348753FD1}.Profile|Xbox 360.Build.0 = Profile|Xbox 360
		{18B091CA-B6B8-453C-A2BA-30F348753FD1}.ProfileCallCap|Xbox 360.ActiveCfg = ProfileCallCap|Xbox 360
		{18B091CA-B6B8-453C-A2BA-30F348753FD1}.ProfileCallCap|Xbox 360.Build.0 = ProfileCallCap|Xbox 360
		{18B091CA-B6B8-453C-A2BA-30F348753FD1}.ProfileFastCap|Xbox 360.ActiveCfg = ProfileFastCap|Xbox 360
		{18B091CA-B6B8-453C-A2BA-30F348753FD1}.ProfileFastCap|Xbox 360.Build.0 = ProfileFastCap|Xbox 360
		{A43A8D18-EC64-4BEC-9849-E09875982798}.Checked|Xbox 360.ActiveCfg = Final|Xbox 360
		{A43A8D18-EC64-4BEC-9849-E09875982798}.Debug|Xbox 360.ActiveCfg = Final|Xbox 360
		{A43A8D18-EC64-4BEC-9849-E09875982798}.Final_LTCG|Xbox 360.ActiveCfg = Final|Xbox 360
		{A43A8D18-EC64-4BEC-9849-E09875982798}.Final|Xbox 360.ActiveCfg = Final|Xbox 360
		{A43A8D18-EC64-4BEC-9849-E09875982798}.Playtest|Xbox 360.ActiveCfg = Final|Xbox 360
		{A43A8D18-EC64-4BEC-9849-E09875982798}.Profile|Xbox 360.ActiveCfg = Final|Xbox 360
		{A43A8D18-EC64-4BEC-9849-E09875982798}.ProfileCallCap|Xbox 360.ActiveCfg = Final|Xbox 360
		{A43A8D18-EC64-4BEC-9849-E09875982798}.ProfileFastCap|Xbox 360.ActiveCfg = Final|Xbox 360
		{8E249CAD-9EDD-42D9-9FE4-B97D11E751B9}.Checked|Xbox 360.ActiveCfg = Checked|Xbox 360
		{8E249CAD-9EDD-42D9-9FE4-B97D11E751B9}.Checked|Xbox 360.Build.0 = Checked|Xbox 360
		{8E249CAD-9EDD-42D9-9FE4-B97D11E751B9}.Debug|Xbox 360.ActiveCfg = Debug|Xbox 360
		{8E249CAD-9EDD-42D9-9FE4-B97D11E751B9}.Debug|Xbox 360.Build.0 = Debug|Xbox 360
		{8E249CAD-9EDD-42D9-9FE4-B97D11E751B9}.Final_LTCG|Xbox 360.ActiveCfg = Final_LTCG|Xbox 360
		{8E249CAD-9EDD-42D9-9FE4-B97D11E751B9}.Final_LTCG|Xbox 360.Build.0 = Final_LTCG|Xbox 360
		{8E249CAD-9EDD-42D9-9FE4-B97D11E751B9}.Final|Xbox 360.ActiveCfg = Final|Xbox 360
		{8E249CAD-9EDD-42D9-9FE4-B97D11E751B9}.Final|Xbox 360.Build.0 = Final|Xbox 360
		{8E249CAD-9EDD-42D9-9FE4-B97D11E751B9}.Playtest|Xbox 360.ActiveCfg = Playtest|Xbox 360
		{8E249CAD-9EDD-42D9-9FE4-B97D11E751B9}.Playtest|Xbox 360.Build.0 = Playtest|Xbox 360
		{8E249CAD-9EDD-42D9-9FE4-B97D11E751B9}.Profile|Xbox 360.ActiveCfg = Profile|Xbox 360
		{8E249CAD-9EDD-42D9-9FE4-B97D11E751B9}.Profile|Xbox 360.Build.0 = Profile|Xbox 360
		{8E249CAD-9EDD-42D9-9FE4-B97D11E751B9}.ProfileCallCap|Xbox 360.ActiveCfg = Profile|Xbox 360
		{8E249CAD-9EDD-42D9-9FE4-B97D11E751B9}.ProfileCallCap|Xbox 360.Build.0 = Profile|Xbox 360
		{8E249CAD-9EDD-42D9-9FE4-B97D11E751B9}.ProfileFastCap|Xbox 360.ActiveCfg = ProfileFastCap|Xbox 360
		{8E249CAD-9EDD-42D9-9FE4-B97D11E751B9}.ProfileFastCap|Xbox 360.Build.0 = ProfileFastCap|Xbox 360
	EndGlobalSection
	GlobalSection(SolutionProperties) = preSolution
		HideSolutionNode = FALSE
	EndGlobalSection
EndGlobal
